{
  "format_version": "0.2",
  "terraform_version": "1.0.10",
  "planned_values": {
    "root_module": {
      "resources": [
        {
          "address": "google_compute_network.redis-network",
          "mode": "managed",
          "type": "google_compute_network",
          "name": "redis-network",
          "provider_name": "registry.terraform.io/hashicorp/google",
          "schema_version": 0,
          "values": {
            "auto_create_subnetworks": true,
            "delete_default_routes_on_create": false,
            "description": null,
            "name": "redis-test-network",
            "timeouts": null
          },
          "sensitive_values": {}
        },
        {
          "address": "google_redis_instance.cache",
          "mode": "managed",
          "type": "google_redis_instance",
          "name": "cache",
          "provider_name": "registry.terraform.io/hashicorp/google",
          "schema_version": 0,
          "values": {
            "alternative_location_id": "us-central1-f",
            "auth_enabled": false,
            "connect_mode": "DIRECT_PEERING",
            "display_name": "Terraform Test Instance",
            "labels": {
              "my_key": "my_val",
              "other_key": "other_val"
            },
            "location_id": "us-central1-a",
            "memory_size_gb": 1,
            "name": "ha-memory-cache",
            "redis_configs": null,
            "redis_version": "REDIS_4_0",
            "region": "us-central1",
            "reserved_ip_range": "192.168.0.0/29",
            "tier": "STANDARD_HA",
            "timeouts": null,
            "transit_encryption_mode": "DISABLED"
          },
          "sensitive_values": {
            "labels": {},
            "server_ca_certs": []
          }
        }
      ]
    }
  },
  "resource_changes": [
    {
      "address": "google_compute_network.redis-network",
      "mode": "managed",
      "type": "google_compute_network",
      "name": "redis-network",
      "provider_name": "registry.terraform.io/hashicorp/google",
      "change": {
        "actions": [
          "create"
        ],
        "before": null,
        "after": {
          "auto_create_subnetworks": true,
          "delete_default_routes_on_create": false,
          "description": null,
          "name": "redis-test-network",
          "timeouts": null
        },
        "after_unknown": {
          "gateway_ipv4": true,
          "id": true,
          "mtu": true,
          "project": true,
          "routing_mode": true,
          "self_link": true
        },
        "before_sensitive": false,
        "after_sensitive": {}
      }
    },
    {
      "address": "google_redis_instance.cache",
      "mode": "managed",
      "type": "google_redis_instance",
      "name": "cache",
      "provider_name": "registry.terraform.io/hashicorp/google",
      "change": {
        "actions": [
          "create"
        ],
        "before": null,
        "after": {
          "alternative_location_id": "us-central1-f",
          "auth_enabled": false,
          "connect_mode": "DIRECT_PEERING",
          "display_name": "Terraform Test Instance",
          "labels": {
            "my_key": "my_val",
            "other_key": "other_val"
          },
          "location_id": "us-central1-a",
          "memory_size_gb": 1,
          "name": "ha-memory-cache",
          "redis_configs": null,
          "redis_version": "REDIS_4_0",
          "region": "us-central1",
          "reserved_ip_range": "192.168.0.0/29",
          "tier": "STANDARD_HA",
          "timeouts": null,
          "transit_encryption_mode": "DISABLED"
        },
        "after_unknown": {
          "auth_string": true,
          "authorized_network": true,
          "create_time": true,
          "current_location_id": true,
          "host": true,
          "id": true,
          "labels": {},
          "persistence_iam_identity": true,
          "port": true,
          "project": true,
          "server_ca_certs": true
        },
        "before_sensitive": false,
        "after_sensitive": {
          "auth_string": true,
          "labels": {},
          "server_ca_certs": []
        }
      }
    }
  ],
  "configuration": {
    "provider_config": {
      "google": {
        "name": "google",
        "expressions": {
          "project": {
            "constant_value": "{{.Provider.project}}"
          }
        }
      }
    },
    "root_module": {
      "resources": [
        {
          "address": "google_compute_network.redis-network",
          "mode": "managed",
          "type": "google_compute_network",
          "name": "redis-network",
          "provider_config_key": "google",
          "expressions": {
            "name": {
              "constant_value": "redis-test-network"
            }
          },
          "schema_version": 0
        },
        {
          "address": "google_redis_instance.cache",
          "mode": "managed",
          "type": "google_redis_instance",
          "name": "cache",
          "provider_config_key": "google",
          "expressions": {
            "alternative_location_id": {
              "constant_value": "us-central1-f"
            },
            "authorized_network": {
              "references": [
                "google_compute_network.redis-network.id",
                "google_compute_network.redis-network"
              ]
            },
            "display_name": {
              "constant_value": "Terraform Test Instance"
            },
            "labels": {
              "constant_value": {
                "my_key": "my_val",
                "other_key": "other_val"
              }
            },
            "location_id": {
              "constant_value": "us-central1-a"
            },
            "memory_size_gb": {
              "constant_value": 1
            },
            "name": {
              "constant_value": "ha-memory-cache"
            },
            "redis_version": {
              "constant_value": "REDIS_4_0"
            },
            "region": {
              "constant_value": "us-central1"
            },
            "reserved_ip_range": {
              "constant_value": "192.168.0.0/29"
            },
            "tier": {
              "constant_value": "STANDARD_HA"
            }
          },
          "schema_version": 0
        }
      ]
    }
  }
}
