{
  "format_version": "0.2",
  "terraform_version": "1.0.10",
  "planned_values": {
    "root_module": {
      "resources": [
        {
          "address": "data.google_iam_policy.owner",
          "mode": "data",
          "type": "google_iam_policy",
          "name": "owner",
          "provider_name": "registry.terraform.io/hashicorp/google",
          "schema_version": 0,
          "values": {
            "audit_config": [],
            "binding": [
              {
                "condition": [],
                "members": [],
                "role": "roles/bigquery.dataOwner"
              }
            ]
          },
          "sensitive_values": {
            "audit_config": [],
            "binding": [
              {
                "condition": [],
                "members": [
                  false
                ]
              }
            ]
          }
        },
        {
          "address": "google_bigquery_dataset.dataset",
          "mode": "managed",
          "type": "google_bigquery_dataset",
          "name": "dataset",
          "provider_name": "registry.terraform.io/hashicorp/google",
          "schema_version": 0,
          "values": {
            "dataset_id": "example_dataset",
            "default_encryption_configuration": [],
            "default_partition_expiration_ms": null,
            "default_table_expiration_ms": null,
            "delete_contents_on_destroy": false,
            "description": null,
            "friendly_name": null,
            "labels": null,
            "location": "US",
            "timeouts": null
          },
          "sensitive_values": {
            "access": [],
            "default_encryption_configuration": []
          }
        },
        {
          "address": "google_bigquery_dataset_iam_policy.dataset",
          "mode": "managed",
          "type": "google_bigquery_dataset_iam_policy",
          "name": "dataset",
          "provider_name": "registry.terraform.io/hashicorp/google",
          "schema_version": 0,
          "values": {
            "dataset_id": "example_dataset"
          },
          "sensitive_values": {}
        },
        {
          "address": "random_string.suffix",
          "mode": "managed",
          "type": "random_string",
          "name": "suffix",
          "provider_name": "registry.terraform.io/hashicorp/random",
          "schema_version": 1,
          "values": {
            "keepers": null,
            "length": 4,
            "lower": true,
            "min_lower": 0,
            "min_numeric": 0,
            "min_special": 0,
            "min_upper": 0,
            "number": true,
            "override_special": null,
            "special": false,
            "upper": false
          },
          "sensitive_values": {}
        }
      ]
    }
  },
  "resource_changes": [
    {
      "address": "data.google_iam_policy.owner",
      "mode": "data",
      "type": "google_iam_policy",
      "name": "owner",
      "provider_name": "registry.terraform.io/hashicorp/google",
      "change": {
        "actions": [
          "read"
        ],
        "before": null,
        "after": {
          "audit_config": [],
          "binding": [
            {
              "condition": [],
              "members": [],
              "role": "roles/bigquery.dataOwner"
            }
          ]
        },
        "after_unknown": {
          "audit_config": [],
          "binding": [
            {
              "condition": [],
              "members": [
                true
              ]
            }
          ],
          "id": true,
          "policy_data": true
        },
        "before_sensitive": false,
        "after_sensitive": {
          "audit_config": [],
          "binding": [
            {
              "condition": [],
              "members": [
                false
              ]
            }
          ]
        }
      }
    },
    {
      "address": "google_bigquery_dataset.dataset",
      "mode": "managed",
      "type": "google_bigquery_dataset",
      "name": "dataset",
      "provider_name": "registry.terraform.io/hashicorp/google",
      "change": {
        "actions": [
          "create"
        ],
        "before": null,
        "after": {
          "dataset_id": "example_dataset",
          "default_encryption_configuration": [],
          "default_partition_expiration_ms": null,
          "default_table_expiration_ms": null,
          "delete_contents_on_destroy": false,
          "description": null,
          "friendly_name": null,
          "labels": null,
          "location": "US",
          "timeouts": null
        },
        "after_unknown": {
          "access": true,
          "creation_time": true,
          "default_encryption_configuration": [],
          "etag": true,
          "id": true,
          "last_modified_time": true,
          "project": true,
          "self_link": true
        },
        "before_sensitive": false,
        "after_sensitive": {
          "access": [],
          "default_encryption_configuration": []
        }
      }
    },
    {
      "address": "google_bigquery_dataset_iam_policy.dataset",
      "mode": "managed",
      "type": "google_bigquery_dataset_iam_policy",
      "name": "dataset",
      "provider_name": "registry.terraform.io/hashicorp/google",
      "change": {
        "actions": [
          "create"
        ],
        "before": null,
        "after": {
          "dataset_id": "example_dataset"
        },
        "after_unknown": {
          "etag": true,
          "id": true,
          "policy_data": true,
          "project": true
        },
        "before_sensitive": false,
        "after_sensitive": {}
      }
    },
    {
      "address": "random_string.suffix",
      "mode": "managed",
      "type": "random_string",
      "name": "suffix",
      "provider_name": "registry.terraform.io/hashicorp/random",
      "change": {
        "actions": [
          "create"
        ],
        "before": null,
        "after": {
          "keepers": null,
          "length": 4,
          "lower": true,
          "min_lower": 0,
          "min_numeric": 0,
          "min_special": 0,
          "min_upper": 0,
          "number": true,
          "override_special": null,
          "special": false,
          "upper": false
        },
        "after_unknown": {
          "id": true,
          "result": true
        },
        "before_sensitive": false,
        "after_sensitive": {}
      }
    }
  ],
  "configuration": {
    "root_module": {
      "resources": [
        {
          "address": "google_bigquery_dataset.dataset",
          "mode": "managed",
          "type": "google_bigquery_dataset",
          "name": "dataset",
          "provider_config_key": "google",
          "expressions": {
            "dataset_id": {
              "constant_value": "example_dataset"
            }
          },
          "schema_version": 0
        },
        {
          "address": "google_bigquery_dataset_iam_policy.dataset",
          "mode": "managed",
          "type": "google_bigquery_dataset_iam_policy",
          "name": "dataset",
          "provider_config_key": "google",
          "expressions": {
            "dataset_id": {
              "references": [
                "google_bigquery_dataset.dataset.dataset_id",
                "google_bigquery_dataset.dataset"
              ]
            },
            "policy_data": {
              "references": [
                "data.google_iam_policy.owner.policy_data",
                "data.google_iam_policy.owner"
              ]
            }
          },
          "schema_version": 0
        },
        {
          "address": "random_string.suffix",
          "mode": "managed",
          "type": "random_string",
          "name": "suffix",
          "provider_config_key": "random",
          "expressions": {
            "length": {
              "constant_value": 4
            },
            "special": {
              "constant_value": false
            },
            "upper": {
              "constant_value": false
            }
          },
          "schema_version": 1
        },
        {
          "address": "data.google_iam_policy.owner",
          "mode": "data",
          "type": "google_iam_policy",
          "name": "owner",
          "provider_config_key": "google",
          "expressions": {
            "binding": [
              {
                "members": {
                  "references": [
                    "random_string.suffix.result",
                    "random_string.suffix"
                  ]
                },
                "role": {
                  "constant_value": "roles/bigquery.dataOwner"
                }
              }
            ]
          },
          "schema_version": 0
        }
      ]
    }
  }
}
