{
  "format_version": "0.1",
  "terraform_version": "0.12.10",
  "planned_values": {
    "root_module": {
      "resources": [
        {
          "address": "google_storage_bucket.image-store",
          "mode": "managed",
          "type": "google_storage_bucket",
          "name": "image-store",
          "provider_name": "google",
          "schema_version": 0,
          "values": {
            "cors": [],
            "encryption": [],
            "force_destroy": false,
            "labels": null,
            "lifecycle_rule": [],
            "location": "EU",
            "logging": [],
            "name": "image-store-bucket",
            "predefined_acl": null,
            "requester_pays": null,
            "retention_policy": [],
            "storage_class": "STANDARD",
            "versioning": [],
            "website": [
              {
                "main_page_suffix": "index.html",
                "not_found_page": "404.html"
              }
            ]
          }
        }
      ]
    }
  },
  "resource_changes": [
    {
      "address": "google_storage_bucket.image-store",
      "mode": "managed",
      "type": "google_storage_bucket",
      "name": "image-store",
      "provider_name": "google",
      "change": {
        "actions": [
          "create"
        ],
        "before": null,
        "after": {
          "cors": [],
          "encryption": [],
          "force_destroy": false,
          "labels": null,
          "lifecycle_rule": [],
          "location": "EU",
          "logging": [],
          "name": "image-store-bucket",
          "predefined_acl": null,
          "requester_pays": null,
          "retention_policy": [],
          "storage_class": "STANDARD",
          "versioning": [],
          "website": [
            {
              "main_page_suffix": "index.html",
              "not_found_page": "404.html"
            }
          ]
        },
        "after_unknown": {
          "uniform_bucket_level_access": true,
          "cors": [],
          "encryption": [],
          "id": true,
          "lifecycle_rule": [],
          "logging": [],
          "project": true,
          "retention_policy": [],
          "self_link": true,
          "url": true,
          "versioning": [],
          "website": [
            {}
          ]
        }
      }
    }
  ],
  "configuration": {
    "provider_config": {
      "google": {
        "name": "google",
        "expressions": {
          "project": {
            "constant_value": "{{.Provider.project}}"
          }
        }
      }
    },
    "root_module": {
      "resources": [
        {
          "address": "google_storage_bucket.image-store",
          "mode": "managed",
          "type": "google_storage_bucket",
          "name": "image-store",
          "provider_config_key": "google",
          "expressions": {
            "location": {
              "constant_value": "EU"
            },
            "name": {
              "constant_value": "image-store-bucket"
            },
            "website": [
              {
                "main_page_suffix": {
                  "constant_value": "index.html"
                },
                "not_found_page": {
                  "constant_value": "404.html"
                }
              }
            ]
          },
          "schema_version": 0
        }
      ]
    }
  }
}
