{
  "format_version": "0.1",
  "terraform_version": "0.13.5",
  "planned_values": {
    "root_module": {
      "resources": [
        {
          "address": "google_bigtable_instance.test",
          "mode": "managed",
          "type": "google_bigtable_instance",
          "name": "test",
          "provider_name": "registry.terraform.io/hashicorp/google",
          "schema_version": 1,
          "values": {
            "cluster": [
              {
                "cluster_id": "tf-instance-cluster",
                "num_nodes": 1,
                "storage_type": "HDD",
                "zone": "australia-southeast1-a"
              }
            ],
            "deletion_protection": true,
            "instance_type": "PRODUCTION",
            "labels": {
              "test-name": "test-value"
            },
            "name": "tf-instance"
          }
        }
      ]
    }
  },
  "resource_changes": [
    {
      "address": "google_bigtable_instance.test",
      "mode": "managed",
      "type": "google_bigtable_instance",
      "name": "test",
      "provider_name": "registry.terraform.io/hashicorp/google",
      "change": {
        "actions": [
          "create"
        ],
        "before": null,
        "after": {
          "cluster": [
            {
              "cluster_id": "tf-instance-cluster",
              "num_nodes": 1,
              "storage_type": "HDD",
              "zone": "australia-southeast1-a"
            }
          ],
          "deletion_protection": true,
          "instance_type": "PRODUCTION",
          "labels": {
            "test-name": "test-value"
          },
          "name": "tf-instance"
        },
        "after_unknown": {
          "cluster": [
            {}
          ],
          "display_name": true,
          "id": true,
          "labels": {},
          "project": true
        }
      }
    }
  ],
  "configuration": {
    "provider_config": {
      "google": {
        "name": "google",
        "expressions": {
          "project": {
            "constant_value": "{{.Provider.project}}"
          }
        }
      }
    },
    "root_module": {
      "resources": [
        {
          "address": "google_bigtable_instance.test",
          "mode": "managed",
          "type": "google_bigtable_instance",
          "name": "test",
          "provider_config_key": "google",
          "expressions": {
            "cluster": [
              {
                "cluster_id": {
                  "constant_value": "tf-instance-cluster"
                },
                "num_nodes": {
                  "constant_value": 1
                },
                "storage_type": {
                  "constant_value": "HDD"
                },
                "zone": {
                  "constant_value": "australia-southeast1-a"
                }
              }
            ],
            "labels": {
              "constant_value": {
                "test-name": "test-value"
              }
            },
            "name": {
              "constant_value": "tf-instance"
            }
          },
          "schema_version": 1
        }
      ]
    }
  }
}