{
  "format_version": "0.2",
  "terraform_version": "1.0.10",
  "planned_values": {
    "root_module": {
      "resources": [
        {
          "address": "google_compute_instance.default",
          "mode": "managed",
          "type": "google_compute_instance",
          "name": "default",
          "provider_name": "registry.terraform.io/hashicorp/google",
          "schema_version": 6,
          "values": {
            "advanced_machine_features": [],
            "allow_stopping_for_update": null,
            "attached_disk": [],
            "boot_disk": [
              {
                "auto_delete": true,
                "disk_encryption_key_raw": null,
                "initialize_params": [
                  {
                    "image": "projects/debian-cloud/global/images/debian-11"
                  }
                ],
                "mode": "READ_WRITE"
              }
            ],
            "can_ip_forward": false,
            "deletion_protection": false,
            "description": null,
            "desired_status": null,
            "enable_display": null,
            "hostname": null,
            "labels": null,
            "machine_type": "n1-standard-1",
            "metadata": {
              "foo": "bar"
            },
            "metadata_startup_script": null,
            "name": "test",
            "network_interface": [
              {
                "access_config": [
                  {
                    "public_ptr_domain_name": null
                  }
                ],
                "alias_ip_range": [],
                "ipv6_access_config": [],
                "network": "default",
                "nic_type": null,
                "queue_count": null
              }
            ],
            "resource_policies": null,
            "scratch_disk": [
              {
                "interface": "SCSI"
              }
            ],
            "service_account": [],
            "shielded_instance_config": [],
            "tags": [
              "bar",
              "foo"
            ],
            "timeouts": null,
            "zone": "us-central1-a"
          },
          "sensitive_values": {
            "advanced_machine_features": [],
            "attached_disk": [],
            "boot_disk": [
              {
                "initialize_params": [
                  {
                    "labels": {}
                  }
                ]
              }
            ],
            "confidential_instance_config": [],
            "guest_accelerator": [],
            "metadata": {},
            "network_interface": [
              {
                "access_config": [
                  {}
                ],
                "alias_ip_range": [],
                "ipv6_access_config": []
              }
            ],
            "reservation_affinity": [],
            "scheduling": [],
            "scratch_disk": [
              {}
            ],
            "service_account": [],
            "shielded_instance_config": [],
            "tags": [
              false,
              false
            ]
          }
        },
        {
          "address": "google_compute_instance_iam_policy.policy",
          "mode": "managed",
          "type": "google_compute_instance_iam_policy",
          "name": "policy",
          "provider_name": "registry.terraform.io/hashicorp/google",
          "schema_version": 0,
          "values": {
            "instance_name": "test",
            "policy_data": "{\"bindings\":[{\"members\":[\"user:jane@example.com\"],\"role\":\"roles/compute.osLogin\"}]}",
            "zone": "us-central1-a"
          },
          "sensitive_values": {}
        }
      ]
    }
  },
  "resource_changes": [
    {
      "address": "google_compute_instance.default",
      "mode": "managed",
      "type": "google_compute_instance",
      "name": "default",
      "provider_name": "registry.terraform.io/hashicorp/google",
      "change": {
        "actions": [
          "create"
        ],
        "before": null,
        "after": {
          "advanced_machine_features": [],
          "allow_stopping_for_update": null,
          "attached_disk": [],
          "boot_disk": [
            {
              "auto_delete": true,
              "disk_encryption_key_raw": null,
              "initialize_params": [
                {
                  "image": "projects/debian-cloud/global/images/debian-11"
                }
              ],
              "mode": "READ_WRITE"
            }
          ],
          "can_ip_forward": false,
          "deletion_protection": false,
          "description": null,
          "desired_status": null,
          "enable_display": null,
          "hostname": null,
          "labels": null,
          "machine_type": "n1-standard-1",
          "metadata": {
            "foo": "bar"
          },
          "metadata_startup_script": null,
          "name": "test",
          "network_interface": [
            {
              "access_config": [
                {
                  "public_ptr_domain_name": null
                }
              ],
              "alias_ip_range": [],
              "ipv6_access_config": [],
              "network": "default",
              "nic_type": null,
              "queue_count": null
            }
          ],
          "resource_policies": null,
          "scratch_disk": [
            {
              "interface": "SCSI"
            }
          ],
          "service_account": [],
          "shielded_instance_config": [],
          "tags": [
            "bar",
            "foo"
          ],
          "timeouts": null,
          "zone": "us-central1-a"
        },
        "after_unknown": {
          "advanced_machine_features": [],
          "attached_disk": [],
          "boot_disk": [
            {
              "device_name": true,
              "disk_encryption_key_sha256": true,
              "initialize_params": [
                {
                  "labels": true,
                  "size": true,
                  "type": true
                }
              ],
              "kms_key_self_link": true,
              "source": true
            }
          ],
          "confidential_instance_config": true,
          "cpu_platform": true,
          "current_status": true,
          "guest_accelerator": true,
          "id": true,
          "instance_id": true,
          "label_fingerprint": true,
          "metadata": {},
          "metadata_fingerprint": true,
          "min_cpu_platform": true,
          "network_interface": [
            {
              "access_config": [
                {
                  "nat_ip": true,
                  "network_tier": true
                }
              ],
              "alias_ip_range": [],
              "ipv6_access_config": [],
              "ipv6_access_type": true,
              "name": true,
              "network_ip": true,
              "stack_type": true,
              "subnetwork": true,
              "subnetwork_project": true
            }
          ],
          "project": true,
          "reservation_affinity": true,
          "scheduling": true,
          "scratch_disk": [
            {}
          ],
          "self_link": true,
          "service_account": [],
          "shielded_instance_config": [],
          "tags": [
            false,
            false
          ],
          "tags_fingerprint": true
        },
        "before_sensitive": false,
        "after_sensitive": {
          "advanced_machine_features": [],
          "attached_disk": [],
          "boot_disk": [
            {
              "disk_encryption_key_raw": true,
              "initialize_params": [
                {
                  "labels": {}
                }
              ]
            }
          ],
          "confidential_instance_config": [],
          "guest_accelerator": [],
          "metadata": {},
          "network_interface": [
            {
              "access_config": [
                {}
              ],
              "alias_ip_range": [],
              "ipv6_access_config": []
            }
          ],
          "reservation_affinity": [],
          "scheduling": [],
          "scratch_disk": [
            {}
          ],
          "service_account": [],
          "shielded_instance_config": [],
          "tags": [
            false,
            false
          ]
        }
      }
    },
    {
      "address": "google_compute_instance_iam_policy.policy",
      "mode": "managed",
      "type": "google_compute_instance_iam_policy",
      "name": "policy",
      "provider_name": "registry.terraform.io/hashicorp/google",
      "change": {
        "actions": [
          "create"
        ],
        "before": null,
        "after": {
          "instance_name": "test",
          "policy_data": "{\"bindings\":[{\"members\":[\"user:jane@example.com\"],\"role\":\"roles/compute.osLogin\"}]}",
          "zone": "us-central1-a"
        },
        "after_unknown": {
          "etag": true,
          "id": true,
          "project": true
        },
        "before_sensitive": false,
        "after_sensitive": {}
      }
    }
  ],
  "configuration": {
    "root_module": {
      "resources": [
        {
          "address": "google_compute_instance.default",
          "mode": "managed",
          "type": "google_compute_instance",
          "name": "default",
          "provider_config_key": "google",
          "expressions": {
            "boot_disk": [
              {
                "initialize_params": [
                  {
                    "image": {
                      "constant_value": "projects/debian-cloud/global/images/debian-11"
                    }
                  }
                ]
              }
            ],
            "machine_type": {
              "constant_value": "n1-standard-1"
            },
            "metadata": {
              "constant_value": {
                "foo": "bar"
              }
            },
            "name": {
              "constant_value": "test"
            },
            "network_interface": [
              {
                "access_config": [
                  {}
                ],
                "network": {
                  "constant_value": "default"
                }
              }
            ],
            "scratch_disk": [
              {
                "interface": {
                  "constant_value": "SCSI"
                }
              }
            ],
            "tags": {
              "constant_value": [
                "foo",
                "bar"
              ]
            },
            "zone": {
              "constant_value": "us-central1-a"
            }
          },
          "schema_version": 6
        },
        {
          "address": "google_compute_instance_iam_policy.policy",
          "mode": "managed",
          "type": "google_compute_instance_iam_policy",
          "name": "policy",
          "provider_config_key": "google",
          "expressions": {
            "instance_name": {
              "references": [
                "google_compute_instance.default.name",
                "google_compute_instance.default"
              ]
            },
            "policy_data": {},
            "project": {
              "references": [
                "google_compute_instance.default.project",
                "google_compute_instance.default"
              ]
            },
            "zone": {
              "references": [
                "google_compute_instance.default.zone",
                "google_compute_instance.default"
              ]
            }
          },
          "schema_version": 0
        }
      ]
    }
  }
}
