{
  "format_version": "0.1",
  "terraform_version": "0.13.5",
  "planned_values": {
    "root_module": {
      "resources": [
        {
          "address": "google_bigquery_table.table",
          "mode": "managed",
          "type": "google_bigquery_table",
          "name": "table",
          "provider_name": "registry.terraform.io/hashicorp/google",
          "schema_version": 0,
          "values": {
            "clustering": null,
            "dataset_id": "dataset",
            "deletion_protection": true,
            "description": null,
            "encryption_configuration": [],
            "external_data_configuration": [],
            "friendly_name": "friendly table",
            "labels": null,
            "materialized_view": [],
            "project": "{{.Provider.project}}",
            "range_partitioning": [],
            "schema": "[{\"mode\":\"NULLABLE\",\"name\":\"Card_Number\",\"type\":\"STRING\"},{\"mode\":\"NULLABLE\",\"name\":\"Card_Holders_Name\",\"type\":\"STRING\"}]",
            "table_id": "table",
            "time_partitioning": [],
            "view": []
          }
        }
      ]
    }
  },
  "resource_changes": [
    {
      "address": "google_bigquery_table.table",
      "mode": "managed",
      "type": "google_bigquery_table",
      "name": "table",
      "provider_name": "registry.terraform.io/hashicorp/google",
      "change": {
        "actions": [
          "create"
        ],
        "before": null,
        "after": {
          "clustering": null,
          "dataset_id": "dataset",
          "deletion_protection": true,
          "description": null,
          "encryption_configuration": [],
          "external_data_configuration": [],
          "friendly_name": "friendly table",
          "labels": null,
          "materialized_view": [],
          "project": "{{.Provider.project}}",
          "range_partitioning": [],
          "schema": "[{\"mode\":\"NULLABLE\",\"name\":\"Card_Number\",\"type\":\"STRING\"},{\"mode\":\"NULLABLE\",\"name\":\"Card_Holders_Name\",\"type\":\"STRING\"}]",
          "table_id": "table",
          "time_partitioning": [],
          "view": []
        },
        "after_unknown": {
          "creation_time": true,
          "encryption_configuration": [],
          "etag": true,
          "expiration_time": true,
          "external_data_configuration": [],
          "id": true,
          "last_modified_time": true,
          "location": true,
          "materialized_view": [],
          "num_bytes": true,
          "num_long_term_bytes": true,
          "num_rows": true,
          "range_partitioning": [],
          "self_link": true,
          "time_partitioning": [],
          "type": true,
          "view": []
        }
      }
    }
  ],
  "configuration": {
    "root_module": {
      "resources": [
        {
          "address": "google_bigquery_table.table",
          "mode": "managed",
          "type": "google_bigquery_table",
          "name": "table",
          "provider_config_key": "google",
          "expressions": {
            "dataset_id": {
              "constant_value": "dataset"
            },
            "friendly_name": {
              "constant_value": "friendly table"
            },
            "project": {
              "constant_value": "{{.Provider.project}}"
            },
            "schema": {
              "constant_value": "[\n  {\n    \"name\": \"Card_Number\",\n    \"mode\": \"NULLABLE\",\n    \"type\": \"STRING\"\n  },\n  {\n    \"name\": \"Card_Holders_Name\",\n    \"mode\": \"NULLABLE\",\n    \"type\": \"STRING\"\n  }\n]\n"
            },
            "table_id": {
              "constant_value": "table"
            }
          },
          "schema_version": 0
        }
      ]
    }
  }
}