{
	"format_version": "0.1",
	"terraform_version": "0.15.3",
	"planned_values": {
		"root_module": {
			"resources": [{
				"address": "google_dns_managed_zone.zone1",
				"mode": "managed",
				"type": "google_dns_managed_zone",
				"name": "zone1",
				"provider_name": "registry.terraform.io/hashicorp/google",
				"schema_version": 0,
				"values": {
					"description": "Managed by Terraform",
					"dns_name": "publiczone.gsecurity.net.",
					"dnssec_config": [{
						"default_key_specs": [{
							"algorithm": "rsasha1",
							"key_length": 1024,
							"key_type": "zoneSigning",
							"kind": "dns#dnsKeySpec"
						}],
						"kind": "dns#managedZoneDnsSecConfig",
						"non_existence": "nsec3",
						"state": "on"
					}],
					"force_destroy": true,
					"forwarding_config": [],
					"labels": null,
					"name": "publiczone",
					"peering_config": [],
					"private_visibility_config": [],
					"timeouts": null,
					"visibility": "public"
				}
			}]
		}
	},
	"resource_changes": [{
		"address": "google_dns_managed_zone.zone1",
		"mode": "managed",
		"type": "google_dns_managed_zone",
		"name": "zone1",
		"provider_name": "registry.terraform.io/hashicorp/google",
		"change": {
			"actions": ["create"],
			"before": null,
			"after": {
				"description": "Managed by Terraform",
				"dns_name": "publiczone.gsecurity.net.",
				"dnssec_config": [{
					"default_key_specs": [{
						"algorithm": "rsasha1",
						"key_length": 1024,
						"key_type": "zoneSigning",
						"kind": "dns#dnsKeySpec"
					}],
					"kind": "dns#managedZoneDnsSecConfig",
					"non_existence": "nsec3",
					"state": "on"
				}],
				"force_destroy": true,
				"forwarding_config": [],
				"labels": null,
				"name": "publiczone",
				"peering_config": [],
				"private_visibility_config": [],
				"timeouts": null,
				"visibility": "public"
			},
			"after_unknown": {
				"dnssec_config": [{
					"default_key_specs": [{}]
				}],
				"forwarding_config": [],
				"id": true,
				"name_servers": true,
				"peering_config": [],
				"private_visibility_config": [],
				"project": true
			},
			"before_sensitive": false,
			"after_sensitive": {
				"dnssec_config": [{
					"default_key_specs": [{}]
				}],
				"forwarding_config": [],
				"name_servers": [],
				"peering_config": [],
				"private_visibility_config": []
			}
		}
	}],
	"configuration": {
		"provider_config": {
			"google": {
				"name": "google",
				"version_constraint": "~\u003e 3.84.0",
				"expressions": {
					"project": {
						"constant_value": "{{.Provider.project}}"
					}
				}
			}
		},
		"root_module": {
			"resources": [{
				"address": "google_dns_managed_zone.zone1",
				"mode": "managed",
				"type": "google_dns_managed_zone",
				"name": "zone1",
				"provider_config_key": "google",
				"expressions": {
					"dns_name": {
						"constant_value": "publiczone.gsecurity.net."
					},
					"dnssec_config": [{
						"default_key_specs": [{
							"algorithm": {
								"constant_value": "rsasha1"
							},
							"key_length": {
								"constant_value": 1024
							},
							"key_type": {
								"constant_value": "zoneSigning"
							},
							"kind": {
								"constant_value": "dns#dnsKeySpec"
							}
						}],
						"kind": {
							"constant_value": "dns#managedZoneDnsSecConfig"
						},
						"non_existence": {
							"constant_value": "nsec3"
						},
						"state": {
							"constant_value": "on"
						}
					}],
					"force_destroy": {
						"constant_value": true
					},
					"name": {
						"constant_value": "publiczone"
					},
					"visibility": {
						"constant_value": "public"
					}
				},
				"schema_version": 0
			}]
		}
	}
}