{
  "format_version": "0.2",
  "terraform_version": "1.0.10",
  "planned_values": {
    "root_module": {
      "resources": [
        {
          "address": "google_kms_crypto_key.example_crypto_key",
          "mode": "managed",
          "type": "google_kms_crypto_key",
          "name": "example_crypto_key",
          "provider_name": "registry.terraform.io/hashicorp/google",
          "schema_version": 1,
          "values": {
            "key_ring": "projects/{{.Provider.project}}/locations/global/keyRings/keyring-example",
            "labels": null,
            "name": "crypto-key-example",
            "purpose": "ENCRYPT_DECRYPT",
            "rotation_period": null,
            "skip_initial_version_creation": null,
            "timeouts": null
          },
          "sensitive_values": {
            "version_template": []
          }
        },
        {
          "address": "google_kms_crypto_key_iam_member.crypto_key",
          "mode": "managed",
          "type": "google_kms_crypto_key_iam_member",
          "name": "crypto_key",
          "provider_name": "registry.terraform.io/hashicorp/google",
          "schema_version": 0,
          "values": {
            "condition": [],
            "crypto_key_id": "global/keyring-example/crypto-key-example",
            "member": "allAuthenticatedUsers",
            "role": "roles/cloudkms.admin"
          },
          "sensitive_values": {
            "condition": []
          }
        }
      ]
    }
  },
  "resource_changes": [
    {
      "address": "google_kms_crypto_key.example_crypto_key",
      "mode": "managed",
      "type": "google_kms_crypto_key",
      "name": "example_crypto_key",
      "provider_name": "registry.terraform.io/hashicorp/google",
      "change": {
        "actions": [
          "create"
        ],
        "before": null,
        "after": {
          "key_ring": "projects/{{.Provider.project}}/locations/global/keyRings/keyring-example",
          "labels": null,
          "name": "crypto-key-example",
          "purpose": "ENCRYPT_DECRYPT",
          "rotation_period": null,
          "skip_initial_version_creation": null,
          "timeouts": null
        },
        "after_unknown": {
          "destroy_scheduled_duration": true,
          "id": true,
          "import_only": true,
          "version_template": true
        },
        "before_sensitive": false,
        "after_sensitive": {
          "version_template": []
        }
      }
    },
    {
      "address": "google_kms_crypto_key_iam_member.crypto_key",
      "mode": "managed",
      "type": "google_kms_crypto_key_iam_member",
      "name": "crypto_key",
      "provider_name": "registry.terraform.io/hashicorp/google",
      "change": {
        "actions": [
          "create"
        ],
        "before": null,
        "after": {
          "condition": [],
          "crypto_key_id": "global/keyring-example/crypto-key-example",
          "member": "allAuthenticatedUsers",
          "role": "roles/cloudkms.admin"
        },
        "after_unknown": {
          "condition": [],
          "etag": true,
          "id": true
        },
        "before_sensitive": false,
        "after_sensitive": {
          "condition": []
        }
      }
    }
  ],
  "configuration": {
    "root_module": {
      "resources": [
        {
          "address": "google_kms_crypto_key.example_crypto_key",
          "mode": "managed",
          "type": "google_kms_crypto_key",
          "name": "example_crypto_key",
          "provider_config_key": "google",
          "expressions": {
            "key_ring": {
              "constant_value": "projects/{{.Provider.project}}/locations/global/keyRings/keyring-example"
            },
            "name": {
              "constant_value": "crypto-key-example"
            }
          },
          "schema_version": 1
        },
        {
          "address": "google_kms_crypto_key_iam_member.crypto_key",
          "mode": "managed",
          "type": "google_kms_crypto_key_iam_member",
          "name": "crypto_key",
          "provider_config_key": "google",
          "expressions": {
            "crypto_key_id": {
              "constant_value": "global/keyring-example/crypto-key-example"
            },
            "member": {
              "constant_value": "allAuthenticatedUsers"
            },
            "role": {
              "constant_value": "roles/cloudkms.admin"
            }
          },
          "schema_version": 0
        }
      ]
    }
  }
}
