{
  "format_version": "0.1",
  "terraform_version": "0.12.31",
  "planned_values": {
    "root_module": {
      "resources": [
        {
          "address": "google_filestore_instance.test",
          "mode": "managed",
          "type": "google_filestore_instance",
          "name": "test",
          "provider_name": "google",
          "schema_version": 1,
          "values": {
            "description": null,
            "file_shares": [
              {
                "capacity_gb": 2660,
                "name": "share1",
                "nfs_export_options": []
              }
            ],
            "kms_key_name": null,
            "labels": null,
            "location": "us-central1-b",
            "name": "test-instance",
            "networks": [
              {
                "connect_mode": "DIRECT_PEERING",
                "modes": [
                  "MODE_IPV4"
                ],
                "network": "default"
              }
            ],
            "tier": "BASIC_SSD",
            "timeouts": null
          }
        }
      ]
    }
  },
  "resource_changes": [
    {
      "address": "google_filestore_instance.test",
      "mode": "managed",
      "type": "google_filestore_instance",
      "name": "test",
      "provider_name": "google",
      "change": {
        "actions": [
          "create"
        ],
        "before": null,
        "after": {
          "description": null,
          "file_shares": [
            {
              "capacity_gb": 2660,
              "name": "share1",
              "nfs_export_options": []
            }
          ],
          "kms_key_name": null,
          "labels": null,
          "location": "us-central1-b",
          "name": "test-instance",
          "networks": [
            {
              "connect_mode": "DIRECT_PEERING",
              "modes": [
                "MODE_IPV4"
              ],
              "network": "default"
            }
          ],
          "tier": "BASIC_SSD",
          "timeouts": null
        },
        "after_unknown": {
          "create_time": true,
          "etag": true,
          "file_shares": [
            {
                "nfs_export_options": []
            }
        ],
          "id": true,
          "networks": [
            {
              "ip_addresses": true,
              "modes": [
                false
              ],
              "reserved_ip_range": true
            }
          ],
          "project": true,
          "zone": true
        }
      }
    }
  ],
  "configuration": {
    "provider_config": {
      "google": {
        "name": "google"
      }
    },
    "root_module": {
      "resources": [
        {
          "address": "google_filestore_instance.test",
          "mode": "managed",
          "type": "google_filestore_instance",
          "name": "test",
          "provider_config_key": "google",
          "expressions": {
            "file_shares": [
              {
                "capacity_gb": {
                  "constant_value": 2660
                },
                "name": {
                  "constant_value": "share1"
                }
              }
            ],
            "location": {
              "constant_value": "us-central1-b"
            },
            "name": {
              "constant_value": "test-instance"
            },
            "networks": [
              {
                "modes": {
                  "constant_value": [
                    "MODE_IPV4"
                  ]
                },
                "network": {
                  "constant_value": "default"
                }
              }
            ],
            "tier": {
              "constant_value": "BASIC_SSD"
            }
          },
          "schema_version": 1
        }
      ]
    }
  }
}