{
  "format_version": "0.2",
  "terraform_version": "1.0.10",
  "planned_values": {
    "root_module": {
      "resources": [
        {
          "address": "google_compute_global_address.default",
          "mode": "managed",
          "type": "google_compute_global_address",
          "name": "default",
          "provider_name": "registry.terraform.io/hashicorp/google",
          "schema_version": 0,
          "values": {
            "address_type": null,
            "description": null,
            "ip_version": null,
            "name": "global-appserver-ip",
            "network": null,
            "prefix_length": null,
            "purpose": null,
            "timeouts": null
          },
          "sensitive_values": {}
        }
      ]
    }
  },
  "resource_changes": [
    {
      "address": "google_compute_global_address.default",
      "mode": "managed",
      "type": "google_compute_global_address",
      "name": "default",
      "provider_name": "registry.terraform.io/hashicorp/google",
      "change": {
        "actions": [
          "create"
        ],
        "before": null,
        "after": {
          "address_type": null,
          "description": null,
          "ip_version": null,
          "name": "global-appserver-ip",
          "network": null,
          "prefix_length": null,
          "purpose": null,
          "timeouts": null
        },
        "after_unknown": {
          "address": true,
          "creation_timestamp": true,
          "id": true,
          "project": true,
          "self_link": true
        },
        "before_sensitive": false,
        "after_sensitive": {}
      }
    }
  ],
  "configuration": {
    "provider_config": {
      "google": {
        "name": "google",
        "expressions": {
          "project": {
            "constant_value": "{{.Provider.project}}"
          }
        }
      }
    },
    "root_module": {
      "resources": [
        {
          "address": "google_compute_global_address.default",
          "mode": "managed",
          "type": "google_compute_global_address",
          "name": "default",
          "provider_config_key": "google",
          "expressions": {
            "name": {
              "constant_value": "global-appserver-ip"
            }
          },
          "schema_version": 0
        }
      ]
    }
  }
}
