{
  "format_version": "0.2",
  "terraform_version": "1.0.10",
  "planned_values": {
    "root_module": {
      "resources": [
        {
          "address": "google_organization_policy.serial_port_policy",
          "mode": "managed",
          "type": "google_organization_policy",
          "name": "serial_port_policy",
          "provider_name": "registry.terraform.io/hashicorp/google",
          "schema_version": 0,
          "values": {
            "boolean_policy": [
              {
                "enforced": true
              }
            ],
            "constraint": "compute.disableSerialPortAccess",
            "list_policy": [],
            "org_id": "{{.OrgID}}",
            "restore_policy": [],
            "timeouts": null
          },
          "sensitive_values": {
            "boolean_policy": [
              {}
            ],
            "list_policy": [],
            "restore_policy": []
          }
        },
        {
          "address": "google_organization_policy.services_policy_a",
          "mode": "managed",
          "type": "google_organization_policy",
          "name": "services_policy_a",
          "provider_name": "registry.terraform.io/hashicorp/google",
          "schema_version": 0,
          "values": {
            "boolean_policy": [],
            "constraint": "serviceuser.services",
            "list_policy": [
              {
                "allow": [
                  {
                    "all": true,
                    "values": null
                  }
                ],
                "deny": [],
                "inherit_from_parent": null
              }
            ],
            "org_id": "{{.OrgID}}",
            "restore_policy": [],
            "timeouts": null
          },
          "sensitive_values": {
            "boolean_policy": [],
            "list_policy": [
              {
                "allow": [
                  {}
                ],
                "deny": []
              }
            ],
            "restore_policy": []
          }
        },
        {
          "address": "google_organization_policy.services_policy_b",
          "mode": "managed",
          "type": "google_organization_policy",
          "name": "services_policy_b",
          "provider_name": "registry.terraform.io/hashicorp/google",
          "schema_version": 0,
          "values": {
            "boolean_policy": [],
            "constraint": "serviceuser.services",
            "list_policy": [
              {
                "allow": [],
                "deny": [
                  {
                    "all": false,
                    "values": [
                      "cloudresourcemanager.googleapis.com"
                    ]
                  }
                ],
                "inherit_from_parent": null,
                "suggested_value": "compute.googleapis.com"
              }
            ],
            "org_id": "{{.OrgID}}",
            "restore_policy": [],
            "timeouts": null
          },
          "sensitive_values": {
            "boolean_policy": [],
            "list_policy": [
              {
                "allow": [],
                "deny": [
                  {
                    "values": [
                      false
                    ]
                  }
                ]
              }
            ],
            "restore_policy": []
          }
        },
        {
          "address": "google_organization_policy.services_policy_c",
          "mode": "managed",
          "type": "google_organization_policy",
          "name": "services_policy_c",
          "provider_name": "registry.terraform.io/hashicorp/google",
          "schema_version": 0,
          "values": {
            "boolean_policy": [],
            "constraint": "serviceuser.services",
            "list_policy": [],
            "org_id": "{{.OrgID}}",
            "restore_policy": [
              {
                "default": true
              }
            ],
            "timeouts": null
          },
          "sensitive_values": {
            "boolean_policy": [],
            "list_policy": [],
            "restore_policy": [
              {}
            ]
          }
        }
      ]
    }
  },
  "resource_changes": [
    {
      "address": "google_organization_policy.serial_port_policy",
      "mode": "managed",
      "type": "google_organization_policy",
      "name": "serial_port_policy",
      "provider_name": "registry.terraform.io/hashicorp/google",
      "change": {
        "actions": [
          "create"
        ],
        "before": null,
        "after": {
          "boolean_policy": [
            {
              "enforced": true
            }
          ],
          "constraint": "compute.disableSerialPortAccess",
          "list_policy": [],
          "org_id": "{{.OrgID}}",
          "restore_policy": [],
          "timeouts": null
        },
        "after_unknown": {
          "boolean_policy": [
            {}
          ],
          "etag": true,
          "id": true,
          "list_policy": [],
          "restore_policy": [],
          "update_time": true,
          "version": true
        },
        "before_sensitive": false,
        "after_sensitive": {
          "boolean_policy": [
            {}
          ],
          "list_policy": [],
          "restore_policy": []
        }
      }
    },
    {
      "address": "google_organization_policy.services_policy_a",
      "mode": "managed",
      "type": "google_organization_policy",
      "name": "services_policy_a",
      "provider_name": "registry.terraform.io/hashicorp/google",
      "change": {
        "actions": [
          "create"
        ],
        "before": null,
        "after": {
          "boolean_policy": [],
          "constraint": "serviceuser.services",
          "list_policy": [
            {
              "allow": [
                {
                  "all": true,
                  "values": null
                }
              ],
              "deny": [],
              "inherit_from_parent": null
            }
          ],
          "org_id": "{{.OrgID}}",
          "restore_policy": [],
          "timeouts": null
        },
        "after_unknown": {
          "boolean_policy": [],
          "etag": true,
          "id": true,
          "list_policy": [
            {
              "allow": [
                {}
              ],
              "deny": [],
              "suggested_value": true
            }
          ],
          "restore_policy": [],
          "update_time": true,
          "version": true
        },
        "before_sensitive": false,
        "after_sensitive": {
          "boolean_policy": [],
          "list_policy": [
            {
              "allow": [
                {}
              ],
              "deny": []
            }
          ],
          "restore_policy": []
        }
      }
    },
    {
      "address": "google_organization_policy.services_policy_b",
      "mode": "managed",
      "type": "google_organization_policy",
      "name": "services_policy_b",
      "provider_name": "registry.terraform.io/hashicorp/google",
      "change": {
        "actions": [
          "create"
        ],
        "before": null,
        "after": {
          "boolean_policy": [],
          "constraint": "serviceuser.services",
          "list_policy": [
            {
              "allow": [],
              "deny": [
                {
                  "all": false,
                  "values": [
                    "cloudresourcemanager.googleapis.com"
                  ]
                }
              ],
              "inherit_from_parent": null,
              "suggested_value": "compute.googleapis.com"
            }
          ],
          "org_id": "{{.OrgID}}",
          "restore_policy": [],
          "timeouts": null
        },
        "after_unknown": {
          "boolean_policy": [],
          "etag": true,
          "id": true,
          "list_policy": [
            {
              "allow": [],
              "deny": [
                {
                  "values": [
                    false
                  ]
                }
              ]
            }
          ],
          "restore_policy": [],
          "update_time": true,
          "version": true
        },
        "before_sensitive": false,
        "after_sensitive": {
          "boolean_policy": [],
          "list_policy": [
            {
              "allow": [],
              "deny": [
                {
                  "values": [
                    false
                  ]
                }
              ]
            }
          ],
          "restore_policy": []
        }
      }
    },
    {
      "address": "google_organization_policy.services_policy_c",
      "mode": "managed",
      "type": "google_organization_policy",
      "name": "services_policy_c",
      "provider_name": "registry.terraform.io/hashicorp/google",
      "change": {
        "actions": [
          "create"
        ],
        "before": null,
        "after": {
          "boolean_policy": [],
          "constraint": "serviceuser.services",
          "list_policy": [],
          "org_id": "{{.OrgID}}",
          "restore_policy": [
            {
              "default": true
            }
          ],
          "timeouts": null
        },
        "after_unknown": {
          "boolean_policy": [],
          "etag": true,
          "id": true,
          "list_policy": [],
          "restore_policy": [
            {}
          ],
          "update_time": true,
          "version": true
        },
        "before_sensitive": false,
        "after_sensitive": {
          "boolean_policy": [],
          "list_policy": [],
          "restore_policy": [
            {}
          ]
        }
      }
    }
  ],
  "configuration": {
    "root_module": {
      "resources": [
        {
          "address": "google_organization_policy.serial_port_policy",
          "mode": "managed",
          "type": "google_organization_policy",
          "name": "serial_port_policy",
          "provider_config_key": "google",
          "expressions": {
            "boolean_policy": [
              {
                "enforced": {
                  "constant_value": true
                }
              }
            ],
            "constraint": {
              "constant_value": "compute.disableSerialPortAccess"
            },
            "org_id": {
              "constant_value": "{{.OrgID}}"
            }
          },
          "schema_version": 0
        },
        {
          "address": "google_organization_policy.services_policy_a",
          "mode": "managed",
          "type": "google_organization_policy",
          "name": "services_policy_a",
          "provider_config_key": "google",
          "expressions": {
            "constraint": {
              "constant_value": "serviceuser.services"
            },
            "list_policy": [
              {
                "allow": [
                  {
                    "all": {
                      "constant_value": true
                    }
                  }
                ]
              }
            ],
            "org_id": {
              "constant_value": "{{.OrgID}}"
            }
          },
          "schema_version": 0
        },
        {
          "address": "google_organization_policy.services_policy_b",
          "mode": "managed",
          "type": "google_organization_policy",
          "name": "services_policy_b",
          "provider_config_key": "google",
          "expressions": {
            "constraint": {
              "constant_value": "serviceuser.services"
            },
            "list_policy": [
              {
                "deny": [
                  {
                    "values": {
                      "constant_value": [
                        "cloudresourcemanager.googleapis.com"
                      ]
                    }
                  }
                ],
                "suggested_value": {
                  "constant_value": "compute.googleapis.com"
                }
              }
            ],
            "org_id": {
              "constant_value": "{{.OrgID}}"
            }
          },
          "schema_version": 0
        },
        {
          "address": "google_organization_policy.services_policy_c",
          "mode": "managed",
          "type": "google_organization_policy",
          "name": "services_policy_c",
          "provider_config_key": "google",
          "expressions": {
            "constraint": {
              "constant_value": "serviceuser.services"
            },
            "org_id": {
              "constant_value": "{{.OrgID}}"
            },
            "restore_policy": [
              {
                "default": {
                  "constant_value": true
                }
              }
            ]
          },
          "schema_version": 0
        }
      ]
    }
  }
}
