{
  "format_version": "0.2",
  "terraform_version": "1.0.10",
  "planned_values": {
    "root_module": {
      "resources": [
        {
          "address": "google_compute_ssl_policy.custom-ssl-policy",
          "mode": "managed",
          "type": "google_compute_ssl_policy",
          "name": "custom-ssl-policy",
          "provider_name": "registry.terraform.io/hashicorp/google",
          "schema_version": 0,
          "values": {
            "custom_features": [
              "TLS_ECDHE_ECDSA_WITH_AES_256_GCM_SHA384",
              "TLS_ECDHE_RSA_WITH_AES_256_GCM_SHA384"
            ],
            "description": null,
            "min_tls_version": "TLS_1_2",
            "name": "custom-ssl-policy",
            "profile": "CUSTOM",
            "timeouts": null
          },
          "sensitive_values": {
            "custom_features": [
              false,
              false
            ],
            "enabled_features": []
          }
        }
      ]
    }
  },
  "resource_changes": [
    {
      "address": "google_compute_ssl_policy.custom-ssl-policy",
      "mode": "managed",
      "type": "google_compute_ssl_policy",
      "name": "custom-ssl-policy",
      "provider_name": "registry.terraform.io/hashicorp/google",
      "change": {
        "actions": [
          "create"
        ],
        "before": null,
        "after": {
          "custom_features": [
            "TLS_ECDHE_ECDSA_WITH_AES_256_GCM_SHA384",
            "TLS_ECDHE_RSA_WITH_AES_256_GCM_SHA384"
          ],
          "description": null,
          "min_tls_version": "TLS_1_2",
          "name": "custom-ssl-policy",
          "profile": "CUSTOM",
          "timeouts": null
        },
        "after_unknown": {
          "creation_timestamp": true,
          "custom_features": [
            false,
            false
          ],
          "enabled_features": true,
          "fingerprint": true,
          "id": true,
          "project": true,
          "self_link": true
        },
        "before_sensitive": false,
        "after_sensitive": {
          "custom_features": [
            false,
            false
          ],
          "enabled_features": []
        }
      }
    }
  ],
  "configuration": {
    "provider_config": {
      "google": {
        "name": "google",
        "expressions": {
          "project": {
            "constant_value": "{{.Provider.project}}"
          }
        }
      }
    },
    "root_module": {
      "resources": [
        {
          "address": "google_compute_ssl_policy.custom-ssl-policy",
          "mode": "managed",
          "type": "google_compute_ssl_policy",
          "name": "custom-ssl-policy",
          "provider_config_key": "google",
          "expressions": {
            "custom_features": {
              "constant_value": [
                "TLS_ECDHE_ECDSA_WITH_AES_256_GCM_SHA384",
                "TLS_ECDHE_RSA_WITH_AES_256_GCM_SHA384"
              ]
            },
            "min_tls_version": {
              "constant_value": "TLS_1_2"
            },
            "name": {
              "constant_value": "custom-ssl-policy"
            },
            "profile": {
              "constant_value": "CUSTOM"
            }
          },
          "schema_version": 0
        }
      ]
    }
  }
}
