{
  "format_version": "0.2",
  "terraform_version": "1.0.10",
  "planned_values": {
    "root_module": {
      "resources": [
        {
          "address": "google_cloudfunctions_function.function",
          "mode": "managed",
          "type": "google_cloudfunctions_function",
          "name": "function",
          "provider_name": "registry.terraform.io/hashicorp/google",
          "schema_version": 0,
          "values": {
            "available_memory_mb": 128,
            "build_environment_variables": null,
            "description": "My function",
            "entry_point": "helloGCS",
            "environment_variables": {
              "MY_ENV_VAR": "my-env-var-value"
            },
            "ingress_settings": "ALLOW_ALL",
            "labels": {
              "my-label": "my-label-value"
            },
            "max_instances": 0,
            "min_instances": null,
            "name": "function-test",
            "region": "australia-southeast1",
            "runtime": "nodejs14",
            "source_archive_bucket": "validator_bucket_local",
            "source_archive_object": "sample.zip",
            "source_repository": [],
            "timeout": 60,
            "timeouts": null,
            "trigger_http": true,
            "vpc_connector": null
          },
          "sensitive_values": {
            "environment_variables": {},
            "event_trigger": [],
            "labels": {},
            "source_repository": []
          }
        }
      ]
    }
  },
  "resource_changes": [
    {
      "address": "google_cloudfunctions_function.function",
      "mode": "managed",
      "type": "google_cloudfunctions_function",
      "name": "function",
      "provider_name": "registry.terraform.io/hashicorp/google",
      "change": {
        "actions": [
          "create"
        ],
        "before": null,
        "after": {
          "available_memory_mb": 128,
          "build_environment_variables": null,
          "description": "My function",
          "entry_point": "helloGCS",
          "environment_variables": {
            "MY_ENV_VAR": "my-env-var-value"
          },
          "ingress_settings": "ALLOW_ALL",
          "labels": {
            "my-label": "my-label-value"
          },
          "max_instances": 0,
          "min_instances": null,
          "name": "function-test",
          "region": "australia-southeast1",
          "runtime": "nodejs14",
          "source_archive_bucket": "validator_bucket_local",
          "source_archive_object": "sample.zip",
          "source_repository": [],
          "timeout": 60,
          "timeouts": null,
          "trigger_http": true,
          "vpc_connector": null
        },
        "after_unknown": {
          "environment_variables": {},
          "event_trigger": true,
          "https_trigger_url": true,
          "id": true,
          "labels": {},
          "project": true,
          "service_account_email": true,
          "source_repository": [],
          "vpc_connector_egress_settings": true
        },
        "before_sensitive": false,
        "after_sensitive": {
          "environment_variables": {},
          "event_trigger": [],
          "labels": {},
          "source_repository": []
        }
      }
    }
  ],
  "configuration": {
    "root_module": {
      "resources": [
        {
          "address": "google_cloudfunctions_function.function",
          "mode": "managed",
          "type": "google_cloudfunctions_function",
          "name": "function",
          "provider_config_key": "google",
          "expressions": {
            "available_memory_mb": {
              "constant_value": 128
            },
            "description": {
              "constant_value": "My function"
            },
            "entry_point": {
              "constant_value": "helloGCS"
            },
            "environment_variables": {
              "constant_value": {
                "MY_ENV_VAR": "my-env-var-value"
              }
            },
            "labels": {
              "constant_value": {
                "my-label": "my-label-value"
              }
            },
            "name": {
              "constant_value": "function-test"
            },
            "region": {
              "constant_value": "australia-southeast1"
            },
            "runtime": {
              "constant_value": "nodejs14"
            },
            "source_archive_bucket": {
              "constant_value": "validator_bucket_local"
            },
            "source_archive_object": {
              "constant_value": "sample.zip"
            },
            "timeout": {
              "constant_value": 60
            },
            "trigger_http": {
              "constant_value": true
            }
          },
          "schema_version": 0
        }
      ]
    }
  }
}
