{
  "format_version": "0.1",
  "terraform_version": "0.14.2",
  "planned_values": {
    "root_module": {
      "resources": [
        {
          "address": "google_container_cluster.primary",
          "mode": "managed",
          "type": "google_container_cluster",
          "name": "primary",
          "provider_name": "registry.terraform.io/hashicorp/google",
          "schema_version": 1,
          "values": {
            "description": null,
            "enable_binary_authorization": false,
            "enable_intranode_visibility": null,
            "enable_kubernetes_alpha": false,
            "enable_legacy_abac": false,
            "enable_shielded_nodes": false,
            "enable_tpu": null,
            "initial_node_count": 1,
            "ip_allocation_policy": [],
            "location": "us-central1",
            "maintenance_policy": [],
            "master_authorized_networks_config": [],
            "min_master_version": null,
            "name": "my-gke-cluster",
            "network": "default",
            "pod_security_policy_config": [],
            "private_cluster_config": [],
            "remove_default_node_pool": true,
            "resource_labels": null,
            "resource_usage_export_config": [],
            "timeouts": null,
            "vertical_pod_autoscaling": [],
            "workload_identity_config": []
          }
        },
        {
          "address": "google_container_node_pool.primary_preemptible_nodes",
          "mode": "managed",
          "type": "google_container_node_pool",
          "name": "primary_preemptible_nodes",
          "provider_name": "registry.terraform.io/hashicorp/google",
          "schema_version": 1,
          "values": {
            "autoscaling": [],
            "cluster": "my-gke-cluster",
            "location": "us-central1",
            "name": "my-node-pool",
            "node_config": [
              {
                "machine_type": "n1-standard-1",
                "metadata": {
                  "disable-legacy-endpoints": "true"
                },
                "min_cpu_platform": null,
                "oauth_scopes": [
                  "https://www.googleapis.com/auth/cloud-platform"
                ],
                "preemptible": true,
                "tags": null
              }
            ],
            "node_count": 1,
            "timeouts": null
          }
        },
        {
          "address": "google_service_account.default",
          "mode": "managed",
          "type": "google_service_account",
          "name": "default",
          "provider_name": "registry.terraform.io/hashicorp/google",
          "schema_version": 0,
          "values": {
            "account_id": "service-account-id",
            "description": null,
            "display_name": "Service Account",
            "timeouts": null
          }
        }
      ]
    }
  },
  "resource_changes": [
    {
      "address": "google_container_cluster.primary",
      "mode": "managed",
      "type": "google_container_cluster",
      "name": "primary",
      "provider_name": "registry.terraform.io/hashicorp/google",
      "change": {
        "actions": [
          "create"
        ],
        "before": null,
        "after": {
          "description": null,
          "enable_binary_authorization": false,
          "enable_intranode_visibility": null,
          "enable_kubernetes_alpha": false,
          "enable_legacy_abac": false,
          "enable_shielded_nodes": false,
          "enable_tpu": null,
          "initial_node_count": 1,
          "ip_allocation_policy": [],
          "location": "us-central1",
          "maintenance_policy": [],
          "master_authorized_networks_config": [],
          "min_master_version": null,
          "name": "my-gke-cluster",
          "network": "default",
          "pod_security_policy_config": [],
          "private_cluster_config": [],
          "remove_default_node_pool": true,
          "resource_labels": null,
          "resource_usage_export_config": [],
          "timeouts": null,
          "vertical_pod_autoscaling": [],
          "workload_identity_config": []
        },
        "after_unknown": {
          "addons_config": true,
          "authenticator_groups_config": true,
          "cluster_autoscaling": true,
          "cluster_ipv4_cidr": true,
          "database_encryption": true,
          "default_max_pods_per_node": true,
          "endpoint": true,
          "id": true,
          "instance_group_urls": true,
          "ip_allocation_policy": [],
          "label_fingerprint": true,
          "logging_service": true,
          "maintenance_policy": [],
          "master_auth": true,
          "master_authorized_networks_config": [],
          "master_version": true,
          "monitoring_service": true,
          "network_policy": true,
          "node_config": true,
          "node_locations": true,
          "node_pool": true,
          "node_version": true,
          "operation": true,
          "pod_security_policy_config": [],
          "private_cluster_config": [],
          "project": true,
          "release_channel": true,
          "resource_usage_export_config": [],
          "self_link": true,
          "services_ipv4_cidr": true,
          "subnetwork": true,
          "vertical_pod_autoscaling": [],
          "workload_identity_config": []
        }
      }
    },
    {
      "address": "google_container_node_pool.primary_preemptible_nodes",
      "mode": "managed",
      "type": "google_container_node_pool",
      "name": "primary_preemptible_nodes",
      "provider_name": "registry.terraform.io/hashicorp/google",
      "change": {
        "actions": [
          "create"
        ],
        "before": null,
        "after": {
          "autoscaling": [],
          "cluster": "my-gke-cluster",
          "location": "us-central1",
          "name": "my-node-pool",
          "node_config": [
            {
              "machine_type": "n1-standard-1",
              "metadata": {
                "disable-legacy-endpoints": "true"
              },
              "min_cpu_platform": null,
              "oauth_scopes": [
                "https://www.googleapis.com/auth/cloud-platform"
              ],
              "preemptible": true,
              "tags": null
            }
          ],
          "node_count": 1,
          "timeouts": null
        },
        "after_unknown": {
          "autoscaling": [],
          "id": true,
          "initial_node_count": true,
          "instance_group_urls": true,
          "management": true,
          "max_pods_per_node": true,
          "name_prefix": true,
          "node_config": [
            {
              "disk_size_gb": true,
              "disk_type": true,
              "guest_accelerator": true,
              "image_type": true,
              "labels": true,
              "local_ssd_count": true,
              "metadata": {},
              "oauth_scopes": [
                false
              ],
              "service_account": true,
              "shielded_instance_config": true,
              "taint": true,
              "workload_metadata_config": true
            }
          ],
          "node_locations": true,
          "project": true,
          "upgrade_settings": true,
          "version": true
        }
      }
    },
    {
      "address": "google_service_account.default",
      "mode": "managed",
      "type": "google_service_account",
      "name": "default",
      "provider_name": "registry.terraform.io/hashicorp/google",
      "change": {
        "actions": [
          "create"
        ],
        "before": null,
        "after": {
          "account_id": "service-account-id",
          "description": null,
          "display_name": "Service Account",
          "timeouts": null
        },
        "after_unknown": {
          "email": true,
          "id": true,
          "name": true,
          "project": true,
          "unique_id": true
        }
      }
    }
  ],
  "configuration": {
    "root_module": {
      "resources": [
        {
          "address": "google_container_cluster.primary",
          "mode": "managed",
          "type": "google_container_cluster",
          "name": "primary",
          "provider_config_key": "google",
          "expressions": {
            "initial_node_count": {
              "constant_value": 1
            },
            "location": {
              "constant_value": "us-central1"
            },
            "name": {
              "constant_value": "my-gke-cluster"
            },
            "remove_default_node_pool": {
              "constant_value": true
            }
          },
          "schema_version": 1
        },
        {
          "address": "google_container_node_pool.primary_preemptible_nodes",
          "mode": "managed",
          "type": "google_container_node_pool",
          "name": "primary_preemptible_nodes",
          "provider_config_key": "google",
          "expressions": {
            "cluster": {
              "references": [
                "google_container_cluster.primary"
              ]
            },
            "location": {
              "constant_value": "us-central1"
            },
            "name": {
              "constant_value": "my-node-pool"
            },
            "node_config": [
              {
                "machine_type": {
                  "constant_value": "n1-standard-1"
                },
                "metadata": {
                  "constant_value": {
                    "disable-legacy-endpoints": "true"
                  }
                },
                "oauth_scopes": {
                  "constant_value": [
                    "https://www.googleapis.com/auth/cloud-platform"
                  ]
                },
                "preemptible": {
                  "constant_value": true
                },
                "service_account": {
                  "references": [
                    "google_service_account.default"
                  ]
                }
              }
            ],
            "node_count": {
              "constant_value": 1
            }
          },
          "schema_version": 1
        },
        {
          "address": "google_service_account.default",
          "mode": "managed",
          "type": "google_service_account",
          "name": "default",
          "provider_config_key": "google",
          "expressions": {
            "account_id": {
              "constant_value": "service-account-id"
            },
            "display_name": {
              "constant_value": "Service Account"
            }
          },
          "schema_version": 0
        }
      ]
    }
  }
}
