{
  "format_version": "0.2",
  "terraform_version": "1.0.10",
  "planned_values": {
    "root_module": {
      "resources": [
        {
          "address": "google_spanner_instance_iam_binding.instance",
          "mode": "managed",
          "type": "google_spanner_instance_iam_binding",
          "name": "instance",
          "provider_name": "registry.terraform.io/hashicorp/google",
          "schema_version": 0,
          "values": {
            "condition": [],
            "instance": "my-instance",
            "members": [
              "user:jane@example.com"
            ],
            "role": "roles/compute.networkUser"
          },
          "sensitive_values": {
            "condition": [],
            "members": [
              false
            ]
          }
        }
      ]
    }
  },
  "resource_changes": [
    {
      "address": "google_spanner_instance_iam_binding.instance",
      "mode": "managed",
      "type": "google_spanner_instance_iam_binding",
      "name": "instance",
      "provider_name": "registry.terraform.io/hashicorp/google",
      "change": {
        "actions": [
          "create"
        ],
        "before": null,
        "after": {
          "condition": [],
          "instance": "my-instance",
          "members": [
            "user:jane@example.com"
          ],
          "role": "roles/compute.networkUser"
        },
        "after_unknown": {
          "condition": [],
          "etag": true,
          "id": true,
          "members": [
            false
          ],
          "project": true
        },
        "before_sensitive": false,
        "after_sensitive": {
          "condition": [],
          "members": [
            false
          ]
        }
      }
    }
  ],
  "configuration": {
    "provider_config": {
      "google": {
        "name": "google",
        "expressions": {
          "project": {
            "constant_value": "{{.Provider.project}}"
          }
        }
      }
    },
    "root_module": {
      "resources": [
        {
          "address": "google_spanner_instance_iam_binding.instance",
          "mode": "managed",
          "type": "google_spanner_instance_iam_binding",
          "name": "instance",
          "provider_config_key": "google",
          "expressions": {
            "instance": {
              "constant_value": "my-instance"
            },
            "members": {
              "constant_value": [
                "user:jane@example.com"
              ]
            },
            "role": {
              "constant_value": "roles/compute.networkUser"
            }
          },
          "schema_version": 0
        }
      ]
    }
  }
}
