{
  "format_version": "1.1",
  "terraform_version": "1.4.1",
  "planned_values": {
    "root_module": {
      "resources": [
        {
          "address": "google_org_policy_policy.folder_policy",
          "mode": "managed",
          "type": "google_org_policy_policy",
          "name": "folder_policy",
          "provider_name": "registry.terraform.io/hashicorp/google",
          "schema_version": 0,
          "values": {
            "name": "folders/{{.FolderID}}/policies/samplePolicy",
            "parent": "folders/{{.FolderID}}",
            "spec": [
              {
                "inherit_from_parent": true,
                "reset": null,
                "rules": [
                  {
                    "allow_all": null,
                    "condition": [],
                    "deny_all": "TRUE",
                    "enforce": null,
                    "values": []
                  }
                ]
              }
            ],
            "timeouts": null
          },
          "sensitive_values": {
            "spec": [
              {
                "rules": [
                  {
                    "condition": [],
                    "values": []
                  }
                ]
              }
            ]
          }
        },
        {
          "address": "google_org_policy_policy.organizationPolicy",
          "mode": "managed",
          "type": "google_org_policy_policy",
          "name": "organizationPolicy",
          "provider_name": "registry.terraform.io/hashicorp/google",
          "schema_version": 0,
          "values": {
            "name": "organizations/{{.OrgID}}/policies/gcp.detailedAuditLoggingMode",
            "parent": "organizations/{{.OrgID}}",
            "spec": [
              {
                "inherit_from_parent": null,
                "reset": true,
                "rules": []
              }
            ],
            "timeouts": null
          },
          "sensitive_values": {
            "spec": [
              {
                "rules": []
              }
            ]
          }
        },
        {
          "address": "google_org_policy_policy.project_policy",
          "mode": "managed",
          "type": "google_org_policy_policy",
          "name": "project_policy",
          "provider_name": "registry.terraform.io/hashicorp/google",
          "schema_version": 0,
          "values": {
            "name": "projects/{{.Provider.project}}/policies/gcp.resourceLocations",
            "parent": "projects/{{.Provider.project}}",
            "spec": [
              {
                "inherit_from_parent": true,
                "reset": null,
                "rules": [
                  {
                    "allow_all": null,
                    "condition": [
                      {
                        "description": "A sample condition for the policy",
                        "expression": "resource.matchLabels('labelKeys/123', 'labelValues/345')",
                        "location": "sample-location.log",
                        "title": "sample-condition"
                      }
                    ],
                    "deny_all": null,
                    "enforce": null,
                    "values": [
                      {
                        "allowed_values": [
                          "projects/allowed-project1",
                          "projects/allowed-project2"
                        ],
                        "denied_values": [
                          "projects/denied-project"
                        ]
                      }
                    ]
                  },
                  {
                    "allow_all": "TRUE",
                    "condition": [],
                    "deny_all": null,
                    "enforce": null,
                    "values": []
                  }
                ]
              }
            ],
            "timeouts": null
          },
          "sensitive_values": {
            "spec": [
              {
                "rules": [
                  {
                    "condition": [
                      {}
                    ],
                    "values": [
                      {
                        "allowed_values": [
                          false,
                          false
                        ],
                        "denied_values": [
                          false
                        ]
                      }
                    ]
                  },
                  {
                    "condition": [],
                    "values": []
                  }
                ]
              }
            ]
          }
        }
      ]
    }
  },
  "resource_changes": [
    {
      "address": "google_org_policy_policy.folder_policy",
      "mode": "managed",
      "type": "google_org_policy_policy",
      "name": "folder_policy",
      "provider_name": "registry.terraform.io/hashicorp/google",
      "change": {
        "actions": [
          "create"
        ],
        "before": null,
        "after": {
          "name": "folders/{{.FolderID}}/policies/samplePolicy",
          "parent": "folders/{{.FolderID}}",
          "spec": [
            {
              "inherit_from_parent": true,
              "reset": null,
              "rules": [
                {
                  "allow_all": null,
                  "condition": [],
                  "deny_all": "TRUE",
                  "enforce": null,
                  "values": []
                }
              ]
            }
          ],
          "timeouts": null
        },
        "after_unknown": {
          "id": true,
          "spec": [
            {
              "etag": true,
              "rules": [
                {
                  "condition": [],
                  "values": []
                }
              ],
              "update_time": true
            }
          ]
        },
        "before_sensitive": false,
        "after_sensitive": {
          "spec": [
            {
              "rules": [
                {
                  "condition": [],
                  "values": []
                }
              ]
            }
          ]
        }
      }
    },
    {
      "address": "google_org_policy_policy.organizationPolicy",
      "mode": "managed",
      "type": "google_org_policy_policy",
      "name": "organizationPolicy",
      "provider_name": "registry.terraform.io/hashicorp/google",
      "change": {
        "actions": [
          "create"
        ],
        "before": null,
        "after": {
          "name": "organizations/{{.OrgID}}/policies/gcp.detailedAuditLoggingMode",
          "parent": "organizations/{{.OrgID}}",
          "spec": [
            {
              "inherit_from_parent": null,
              "reset": true,
              "rules": []
            }
          ],
          "timeouts": null
        },
        "after_unknown": {
          "id": true,
          "spec": [
            {
              "etag": true,
              "rules": [],
              "update_time": true
            }
          ]
        },
        "before_sensitive": false,
        "after_sensitive": {
          "spec": [
            {
              "rules": []
            }
          ]
        }
      }
    },
    {
      "address": "google_org_policy_policy.project_policy",
      "mode": "managed",
      "type": "google_org_policy_policy",
      "name": "project_policy",
      "provider_name": "registry.terraform.io/hashicorp/google",
      "change": {
        "actions": [
          "create"
        ],
        "before": null,
        "after": {
          "name": "projects/{{.Provider.project}}/policies/gcp.resourceLocations",
          "parent": "projects/{{.Provider.project}}",
          "spec": [
            {
              "inherit_from_parent": true,
              "reset": null,
              "rules": [
                {
                  "allow_all": null,
                  "condition": [
                    {
                      "description": "A sample condition for the policy",
                      "expression": "resource.matchLabels('labelKeys/123', 'labelValues/345')",
                      "location": "sample-location.log",
                      "title": "sample-condition"
                    }
                  ],
                  "deny_all": null,
                  "enforce": null,
                  "values": [
                    {
                      "allowed_values": [
                        "projects/allowed-project1",
                        "projects/allowed-project2"
                      ],
                      "denied_values": [
                        "projects/denied-project"
                      ]
                    }
                  ]
                },
                {
                  "allow_all": "TRUE",
                  "condition": [],
                  "deny_all": null,
                  "enforce": null,
                  "values": []
                }
              ]
            }
          ],
          "timeouts": null
        },
        "after_unknown": {
          "id": true,
          "spec": [
            {
              "etag": true,
              "rules": [
                {
                  "condition": [
                    {}
                  ],
                  "values": [
                    {
                      "allowed_values": [
                        false,
                        false
                      ],
                      "denied_values": [
                        false
                      ]
                    }
                  ]
                },
                {
                  "condition": [],
                  "values": []
                }
              ],
              "update_time": true
            }
          ]
        },
        "before_sensitive": false,
        "after_sensitive": {
          "spec": [
            {
              "rules": [
                {
                  "condition": [
                    {}
                  ],
                  "values": [
                    {
                      "allowed_values": [
                        false,
                        false
                      ],
                      "denied_values": [
                        false
                      ]
                    }
                  ]
                },
                {
                  "condition": [],
                  "values": []
                }
              ]
            }
          ]
        }
      }
    }
  ],
  "configuration": {
    "provider_config": {
      "google": {
        "name": "google",
        "full_name": "registry.terraform.io/hashicorp/google"
      }
    },
    "root_module": {
      "resources": [
        {
          "address": "google_org_policy_policy.folder_policy",
          "mode": "managed",
          "type": "google_org_policy_policy",
          "name": "folder_policy",
          "provider_config_key": "google",
          "expressions": {
            "name": {
              "constant_value": "folders/{{.FolderID}}/policies/samplePolicy"
            },
            "parent": {
              "constant_value": "folders/{{.FolderID}}"
            },
            "spec": [
              {
                "inherit_from_parent": {
                  "constant_value": true
                },
                "rules": [
                  {
                    "deny_all": {
                      "constant_value": "TRUE"
                    }
                  }
                ]
              }
            ]
          },
          "schema_version": 0
        },
        {
          "address": "google_org_policy_policy.organizationPolicy",
          "mode": "managed",
          "type": "google_org_policy_policy",
          "name": "organizationPolicy",
          "provider_config_key": "google",
          "expressions": {
            "name": {
              "constant_value": "organizations/{{.OrgID}}/policies/gcp.detailedAuditLoggingMode"
            },
            "parent": {
              "constant_value": "organizations/{{.OrgID}}"
            },
            "spec": [
              {
                "reset": {
                  "constant_value": true
                }
              }
            ]
          },
          "schema_version": 0
        },
        {
          "address": "google_org_policy_policy.project_policy",
          "mode": "managed",
          "type": "google_org_policy_policy",
          "name": "project_policy",
          "provider_config_key": "google",
          "expressions": {
            "name": {
              "constant_value": "projects/{{.Provider.project}}/policies/gcp.resourceLocations"
            },
            "parent": {
              "constant_value": "projects/{{.Provider.project}}"
            },
            "spec": [
              {
                "inherit_from_parent": {
                  "constant_value": true
                },
                "rules": [
                  {
                    "condition": [
                      {
                        "description": {
                          "constant_value": "A sample condition for the policy"
                        },
                        "expression": {
                          "constant_value": "resource.matchLabels('labelKeys/123', 'labelValues/345')"
                        },
                        "location": {
                          "constant_value": "sample-location.log"
                        },
                        "title": {
                          "constant_value": "sample-condition"
                        }
                      }
                    ],
                    "values": [
                      {
                        "allowed_values": {
                          "constant_value": [
                            "projects/allowed-project1",
                            "projects/allowed-project2"
                          ]
                        },
                        "denied_values": {
                          "constant_value": [
                            "projects/denied-project"
                          ]
                        }
                      }
                    ]
                  },
                  {
                    "allow_all": {
                      "constant_value": "TRUE"
                    }
                  }
                ]
              }
            ]
          },
          "schema_version": 0
        }
      ]
    }
  }
}
