{
  "format_version": "0.2",
  "terraform_version": "1.0.10",
  "planned_values": {
    "root_module": {
      "resources": [
        {
          "address": "google_spanner_database_iam_policy.database",
          "mode": "managed",
          "type": "google_spanner_database_iam_policy",
          "name": "database",
          "provider_name": "registry.terraform.io/hashicorp/google",
          "schema_version": 0,
          "values": {
            "database": "my-database",
            "instance": "my-instance",
            "policy_data": "{\"bindings\":[{\"members\":[\"user:jane@example.com\"],\"role\":\"roles/editor\"}]}"
          },
          "sensitive_values": {}
        }
      ]
    }
  },
  "resource_changes": [
    {
      "address": "google_spanner_database_iam_policy.database",
      "mode": "managed",
      "type": "google_spanner_database_iam_policy",
      "name": "database",
      "provider_name": "registry.terraform.io/hashicorp/google",
      "change": {
        "actions": [
          "create"
        ],
        "before": null,
        "after": {
          "database": "my-database",
          "instance": "my-instance",
          "policy_data": "{\"bindings\":[{\"members\":[\"user:jane@example.com\"],\"role\":\"roles/editor\"}]}"
        },
        "after_unknown": {
          "etag": true,
          "id": true,
          "project": true
        },
        "before_sensitive": false,
        "after_sensitive": {}
      }
    }
  ],
  "prior_state": {
    "format_version": "0.2",
    "terraform_version": "1.0.10",
    "values": {
      "root_module": {
        "resources": [
          {
            "address": "data.google_iam_policy.admin",
            "mode": "data",
            "type": "google_iam_policy",
            "name": "admin",
            "provider_name": "registry.terraform.io/hashicorp/google",
            "schema_version": 0,
            "values": {
              "audit_config": null,
              "binding": [
                {
                  "condition": [],
                  "members": [
                    "user:jane@example.com"
                  ],
                  "role": "roles/editor"
                }
              ],
              "id": "1120114865",
              "policy_data": "{\"bindings\":[{\"members\":[\"user:jane@example.com\"],\"role\":\"roles/editor\"}]}"
            },
            "sensitive_values": {
              "binding": [
                {
                  "condition": [],
                  "members": [
                    false
                  ]
                }
              ]
            }
          }
        ]
      }
    }
  },
  "configuration": {
    "provider_config": {
      "google": {
        "name": "google",
        "expressions": {
          "project": {
            "constant_value": "{{.Provider.project}}"
          }
        }
      }
    },
    "root_module": {
      "resources": [
        {
          "address": "google_spanner_database_iam_policy.database",
          "mode": "managed",
          "type": "google_spanner_database_iam_policy",
          "name": "database",
          "provider_config_key": "google",
          "expressions": {
            "database": {
              "constant_value": "my-database"
            },
            "instance": {
              "constant_value": "my-instance"
            },
            "policy_data": {
              "references": [
                "data.google_iam_policy.admin.policy_data",
                "data.google_iam_policy.admin"
              ]
            }
          },
          "schema_version": 0
        },
        {
          "address": "data.google_iam_policy.admin",
          "mode": "data",
          "type": "google_iam_policy",
          "name": "admin",
          "provider_config_key": "google",
          "expressions": {
            "binding": [
              {
                "members": {
                  "constant_value": [
                    "user:jane@example.com"
                  ]
                },
                "role": {
                  "constant_value": "roles/editor"
                }
              }
            ]
          },
          "schema_version": 0
        }
      ]
    }
  }
}
