{
  "format_version": "0.2",
  "terraform_version": "1.0.10",
  "planned_values": {
    "root_module": {
      "resources": [
        {
          "address": "google_kms_crypto_key.example_crypto_key",
          "mode": "managed",
          "type": "google_kms_crypto_key",
          "name": "example_crypto_key",
          "provider_name": "registry.terraform.io/hashicorp/google",
          "schema_version": 1,
          "values": {
            "key_ring": "projects/{{.Provider.project}}/locations/global/keyRings/keyring-example",
            "labels": null,
            "name": "crypto-key-example",
            "purpose": "ENCRYPT_DECRYPT",
            "rotation_period": null,
            "skip_initial_version_creation": null,
            "timeouts": null
          },
          "sensitive_values": {
            "version_template": []
          }
        },
        {
          "address": "google_kms_crypto_key_iam_policy.crypto_key",
          "mode": "managed",
          "type": "google_kms_crypto_key_iam_policy",
          "name": "crypto_key",
          "provider_name": "registry.terraform.io/hashicorp/google",
          "schema_version": 0,
          "values": {
            "crypto_key_id": "global/keyring-example/crypto-key-example",
            "policy_data": "{\"bindings\":[{\"members\":[\"allAuthenticatedUsers\",\"serviceAccount:998476993360@cloudservices.gserviceaccount.com\"],\"role\":\"roles/cloudkms.admin\"}]}"
          },
          "sensitive_values": {}
        }
      ]
    }
  },
  "resource_changes": [
    {
      "address": "google_kms_crypto_key.example_crypto_key",
      "mode": "managed",
      "type": "google_kms_crypto_key",
      "name": "example_crypto_key",
      "provider_name": "registry.terraform.io/hashicorp/google",
      "change": {
        "actions": [
          "create"
        ],
        "before": null,
        "after": {
          "key_ring": "projects/{{.Provider.project}}/locations/global/keyRings/keyring-example",
          "labels": null,
          "name": "crypto-key-example",
          "purpose": "ENCRYPT_DECRYPT",
          "rotation_period": null,
          "skip_initial_version_creation": null,
          "timeouts": null
        },
        "after_unknown": {
          "destroy_scheduled_duration": true,
          "id": true,
          "import_only": true,
          "version_template": true
        },
        "before_sensitive": false,
        "after_sensitive": {
          "version_template": []
        }
      }
    },
    {
      "address": "google_kms_crypto_key_iam_policy.crypto_key",
      "mode": "managed",
      "type": "google_kms_crypto_key_iam_policy",
      "name": "crypto_key",
      "provider_name": "registry.terraform.io/hashicorp/google",
      "change": {
        "actions": [
          "create"
        ],
        "before": null,
        "after": {
          "crypto_key_id": "global/keyring-example/crypto-key-example",
          "policy_data": "{\"bindings\":[{\"members\":[\"allAuthenticatedUsers\",\"serviceAccount:998476993360@cloudservices.gserviceaccount.com\"],\"role\":\"roles/cloudkms.admin\"}]}"
        },
        "after_unknown": {
          "etag": true,
          "id": true
        },
        "before_sensitive": false,
        "after_sensitive": {}
      }
    }
  ],
  "configuration": {
    "root_module": {
      "resources": [
        {
          "address": "google_kms_crypto_key.example_crypto_key",
          "mode": "managed",
          "type": "google_kms_crypto_key",
          "name": "example_crypto_key",
          "provider_config_key": "google",
          "expressions": {
            "key_ring": {
              "constant_value": "projects/{{.Provider.project}}/locations/global/keyRings/keyring-example"
            },
            "name": {
              "constant_value": "crypto-key-example"
            }
          },
          "schema_version": 1
        },
        {
          "address": "google_kms_crypto_key_iam_policy.crypto_key",
          "mode": "managed",
          "type": "google_kms_crypto_key_iam_policy",
          "name": "crypto_key",
          "provider_config_key": "google",
          "expressions": {
            "crypto_key_id": {
              "constant_value": "global/keyring-example/crypto-key-example"
            },
            "policy_data": {}
          },
          "schema_version": 0
        }
      ]
    }
  }
}
