{
  "format_version": "0.2",
  "terraform_version": "1.0.10",
  "planned_values": {
    "root_module": {
      "resources": [
        {
          "address": "google_cloud_run_service.default",
          "mode": "managed",
          "type": "google_cloud_run_service",
          "name": "default",
          "provider_name": "registry.terraform.io/hashicorp/google",
          "schema_version": 1,
          "values": {
            "autogenerate_revision_name": false,
            "location": "us-central1",
            "name": "cloudrun-srv",
            "template": [
              {
                "spec": [
                  {
                    "containers": [
                      {
                        "args": null,
                        "command": null,
                        "env": [],
                        "env_from": [],
                        "image": "us-docker.pkg.dev/cloudrun/container/hello",
                        "volume_mounts": [],
                        "working_dir": null
                      }
                    ],
                    "service_account_name": null,
                    "volumes": []
                  }
                ]
              }
            ],
            "timeouts": null,
            "traffic": [
              {
                "latest_revision": true,
                "percent": 100,
                "revision_name": null
              }
            ]
          },
          "sensitive_values": {
            "metadata": [],
            "status": [],
            "template": [
              {
                "metadata": [],
                "spec": [
                  {
                    "containers": [
                      {
                        "env": [],
                        "env_from": [],
                        "ports": [],
                        "resources": [],
                        "volume_mounts": []
                      }
                    ],
                    "volumes": []
                  }
                ]
              }
            ],
            "traffic": [
              {}
            ]
          }
        },
        {
          "address": "google_cloud_run_service_iam_policy.policy",
          "mode": "managed",
          "type": "google_cloud_run_service_iam_policy",
          "name": "policy",
          "provider_name": "registry.terraform.io/hashicorp/google",
          "schema_version": 0,
          "values": {
            "location": "us-central1",
            "policy_data": "{\"bindings\":[{\"members\":[\"user:jane@example.com\"],\"role\":\"roles/editor\"}]}",
            "service": "cloudrun-srv"
          },
          "sensitive_values": {}
        }
      ]
    }
  },
  "resource_changes": [
    {
      "address": "google_cloud_run_service.default",
      "mode": "managed",
      "type": "google_cloud_run_service",
      "name": "default",
      "provider_name": "registry.terraform.io/hashicorp/google",
      "change": {
        "actions": [
          "create"
        ],
        "before": null,
        "after": {
          "autogenerate_revision_name": false,
          "location": "us-central1",
          "name": "cloudrun-srv",
          "template": [
            {
              "spec": [
                {
                  "containers": [
                    {
                      "args": null,
                      "command": null,
                      "env": [],
                      "env_from": [],
                      "image": "us-docker.pkg.dev/cloudrun/container/hello",
                      "volume_mounts": [],
                      "working_dir": null
                    }
                  ],
                  "service_account_name": null,
                  "volumes": []
                }
              ]
            }
          ],
          "timeouts": null,
          "traffic": [
            {
              "latest_revision": true,
              "percent": 100,
              "revision_name": null
            }
          ]
        },
        "after_unknown": {
          "id": true,
          "metadata": true,
          "project": true,
          "status": true,
          "template": [
            {
              "metadata": true,
              "spec": [
                {
                  "container_concurrency": true,
                  "containers": [
                    {
                      "env": [],
                      "env_from": [],
                      "ports": true,
                      "resources": true,
                      "volume_mounts": []
                    }
                  ],
                  "serving_state": true,
                  "timeout_seconds": true,
                  "volumes": []
                }
              ]
            }
          ],
          "traffic": [
            {}
          ]
        },
        "before_sensitive": false,
        "after_sensitive": {
          "metadata": [],
          "status": [],
          "template": [
            {
              "metadata": [],
              "spec": [
                {
                  "containers": [
                    {
                      "env": [],
                      "env_from": [],
                      "ports": [],
                      "resources": [],
                      "volume_mounts": []
                    }
                  ],
                  "volumes": []
                }
              ]
            }
          ],
          "traffic": [
            {}
          ]
        }
      }
    },
    {
      "address": "google_cloud_run_service_iam_policy.policy",
      "mode": "managed",
      "type": "google_cloud_run_service_iam_policy",
      "name": "policy",
      "provider_name": "registry.terraform.io/hashicorp/google",
      "change": {
        "actions": [
          "create"
        ],
        "before": null,
        "after": {
          "location": "us-central1",
          "policy_data": "{\"bindings\":[{\"members\":[\"user:jane@example.com\"],\"role\":\"roles/editor\"}]}",
          "service": "cloudrun-srv"
        },
        "after_unknown": {
          "etag": true,
          "id": true,
          "project": true
        },
        "before_sensitive": false,
        "after_sensitive": {}
      }
    }
  ],
  "configuration": {
    "root_module": {
      "resources": [
        {
          "address": "google_cloud_run_service.default",
          "mode": "managed",
          "type": "google_cloud_run_service",
          "name": "default",
          "provider_config_key": "google",
          "expressions": {
            "location": {
              "constant_value": "us-central1"
            },
            "name": {
              "constant_value": "cloudrun-srv"
            },
            "template": [
              {
                "spec": [
                  {
                    "containers": [
                      {
                        "image": {
                          "constant_value": "us-docker.pkg.dev/cloudrun/container/hello"
                        }
                      }
                    ]
                  }
                ]
              }
            ],
            "traffic": [
              {
                "latest_revision": {
                  "constant_value": true
                },
                "percent": {
                  "constant_value": 100
                }
              }
            ]
          },
          "schema_version": 1
        },
        {
          "address": "google_cloud_run_service_iam_policy.policy",
          "mode": "managed",
          "type": "google_cloud_run_service_iam_policy",
          "name": "policy",
          "provider_config_key": "google",
          "expressions": {
            "location": {
              "references": [
                "google_cloud_run_service.default.location",
                "google_cloud_run_service.default"
              ]
            },
            "policy_data": {},
            "project": {
              "references": [
                "google_cloud_run_service.default.project",
                "google_cloud_run_service.default"
              ]
            },
            "service": {
              "references": [
                "google_cloud_run_service.default.name",
                "google_cloud_run_service.default"
              ]
            }
          },
          "schema_version": 0
        }
      ]
    }
  }
}
