{
  "format_version": "0.1",
  "terraform_version": "0.12.10",
  "planned_values": {
    "root_module": {
      "resources": [
        {
          "address": "google_compute_disk.default",
          "mode": "managed",
          "type": "google_compute_disk",
          "name": "default",
          "provider_name": "google",
          "schema_version": 0,
          "values": {
            "description": null,
            "disk_encryption_key": [],
            "disk_encryption_key_raw": null,
            "image": "projects/debian-cloud/global/images/debian-8-jessie-v20170523",
            "labels": {
              "environment": "dev"
            },
            "name": "test-disk",
            "physical_block_size_bytes": 4096,
            "snapshot": null,
            "source_image_encryption_key": [],
            "source_snapshot_encryption_key": [],
            "timeouts": null,
            "type": "pd-ssd",
            "zone": "us-central1-a"
          }
        }
      ]
    }
  },
  "resource_changes": [
    {
      "address": "google_compute_disk.default",
      "mode": "managed",
      "type": "google_compute_disk",
      "name": "default",
      "provider_name": "google",
      "change": {
        "actions": [
          "create"
        ],
        "before": null,
        "after": {
          "description": null,
          "disk_encryption_key": [],
          "disk_encryption_key_raw": null,
          "image": "projects/debian-cloud/global/images/debian-8-jessie-v20170523",
          "labels": {
            "environment": "dev"
          },
          "name": "test-disk",
          "physical_block_size_bytes": 4096,
          "snapshot": null,
          "source_image_encryption_key": [],
          "source_snapshot_encryption_key": [],
          "timeouts": null,
          "type": "pd-ssd",
          "zone": "us-central1-a"
        },
        "after_unknown": {
          "creation_timestamp": true,
          "disk_encryption_key": [],
          "disk_encryption_key_sha256": true,
          "id": true,
          "label_fingerprint": true,
          "labels": {},
          "last_attach_timestamp": true,
          "last_detach_timestamp": true,
          "project": true,
          "self_link": true,
          "size": true,
          "source_image_encryption_key": [],
          "source_image_id": true,
          "source_snapshot_encryption_key": [],
          "source_snapshot_id": true,
          "users": true
        }
      }
    }
  ],
  "configuration": {
    "provider_config": {
      "google": {
        "name": "google",
        "expressions": {
          "project": {
            "constant_value": "{{.Provider.project}}"
          }
        }
      }
    },
    "root_module": {
      "resources": [
        {
          "address": "google_compute_disk.default",
          "mode": "managed",
          "type": "google_compute_disk",
          "name": "default",
          "provider_config_key": "google",
          "expressions": {
            "image": {
              "constant_value": "projects/debian-cloud/global/images/debian-8-jessie-v20170523"
            },
            "labels": {
              "constant_value": {
                "environment": "dev"
              }
            },
            "name": {
              "constant_value": "test-disk"
            },
            "physical_block_size_bytes": {
              "constant_value": 4096
            },
            "type": {
              "constant_value": "pd-ssd"
            },
            "zone": {
              "constant_value": "us-central1-a"
            }
          },
          "schema_version": 0
        }
      ]
    }
  }
}
