{
  "format_version": "0.1",
  "terraform_version": "0.12.29",
  "planned_values": {
    "root_module": {
      "resources": [
        {
          "address": "google_kms_key_ring.test",
          "mode": "managed",
          "type": "google_kms_key_ring",
          "name": "test",
          "provider_name": "google",
          "schema_version": 0,
          "values": {
            "location": "global",
            "name": "keyring-example",
            "timeouts": null
          }
        }
      ]
    }
  },
  "resource_changes": [
    {
      "address": "google_kms_key_ring.test",
      "mode": "managed",
      "type": "google_kms_key_ring",
      "name": "test",
      "provider_name": "google",
      "change": {
        "actions": [
          "create"
        ],
        "before": null,
        "after": {
          "location": "global",
          "name": "keyring-example",
          "timeouts": null
        },
        "after_unknown": {
          "id": true,
          "project": true,
          "self_link": true
        }
      }
    }
  ],
  "configuration": {
    "provider_config": {
      "google": {
        "name": "google",
        "expressions": {
          "project": {
            "constant_value": "{{.Provider.project}}"
          }
        }
      }
    },
    "root_module": {
      "resources": [
        {
          "address": "google_kms_key_ring.test",
          "mode": "managed",
          "type": "google_kms_key_ring",
          "name": "test",
          "provider_config_key": "google",
          "expressions": {
            "location": {
              "constant_value": "global"
            },
            "name": {
              "constant_value": "keyring-example"
            }
          },
          "schema_version": 0
        }
      ]
    }
  }
}