{
  "format_version": "0.1",
  "terraform_version": "0.13.5",
  "planned_values": {
    "root_module": {
      "resources": [
        {
          "address": "google_compute_global_forwarding_rule.test",
          "mode": "managed",
          "type": "google_compute_global_forwarding_rule",
          "name": "test",
          "provider_name": "registry.terraform.io/hashicorp/google",
          "schema_version": 0,
          "values": {
            "description": null,
            "ip_protocol": "TCP",
            "ip_version": "IPV4",
            "load_balancing_scheme": "INTERNAL_SELF_MANAGED",
            "metadata_filters": [],
            "name": "test-global-rule",
            "port_range": "80",
            "target": "target-id",
            "timeouts": null,
            "service_directory_registrations": {
              "service_directory_region": "us-central1a"
            }
          }
        }
      ]
    }
  },
  "resource_changes": [
    {
      "address": "google_compute_global_forwarding_rule.test",
      "mode": "managed",
      "type": "google_compute_global_forwarding_rule",
      "name": "test",
      "provider_name": "registry.terraform.io/hashicorp/google",
      "change": {
        "actions": [
          "create"
        ],
        "before": null,
        "after": {
          "description": null,
          "ip_protocol": "TCP",
          "ip_version": "IPV4",
          "load_balancing_scheme": "INTERNAL_SELF_MANAGED",
          "metadata_filters": [],
          "name": "test-global-rule",
          "port_range": "80",
          "target": "target-id",
          "timeouts": null
        },
        "after_unknown": {
          "id": true,
          "ip_address": true,
          "metadata_filters": [],
          "project": true,
          "self_link": true
        }
      }
    }
  ],
  "configuration": {
    "provider_config": {
      "google": {
        "name": "google",
        "expressions": {
          "project": {
            "constant_value": "{{.Provider.project}}"
          }
        }
      }
    },
    "root_module": {
      "resources": [
        {
          "address": "google_compute_global_forwarding_rule.test",
          "mode": "managed",
          "type": "google_compute_global_forwarding_rule",
          "name": "test",
          "provider_config_key": "google",
          "expressions": {
            "ip_protocol": {
              "constant_value": "TCP"
            },
            "ip_version": {
              "constant_value": "IPV4"
            },
            "load_balancing_scheme": {
              "constant_value": "INTERNAL_SELF_MANAGED"
            },
            "name": {
              "constant_value": "test-global-rule"
            },
            "port_range": {
              "constant_value": "80"
            },
            "target": {
              "constant_value": "target-id"
            },
            "service_directory_registrations": {
              "service_directory_region": "us-central1a",
              "namespace": "default"
            }
          },
          "schema_version": 0
        }
      ]
    }
  }
}
