{
  "format_version": "0.1",
  "terraform_version": "0.12.10",
  "planned_values": {
    "root_module": {
      "resources": [
        {
          "address": "google_project_iam_policy.project",
          "mode": "managed",
          "type": "google_project_iam_policy",
          "name": "project",
          "provider_name": "google",
          "schema_version": 0,
          "values": {
            "authoritative": null,
            "disable_project": null,
            "policy_data": "{\"bindings\":[{\"members\":[\"user:jane@example.com\"],\"role\":\"roles/editor\"}]}",
            "project": "{{.Provider.project}}"
          }
        }
      ]
    }
  },
  "resource_changes": [
    {
      "address": "google_project_iam_policy.project",
      "mode": "managed",
      "type": "google_project_iam_policy",
      "name": "project",
      "provider_name": "google",
      "change": {
        "actions": [
          "create"
        ],
        "before": null,
        "after": {
          "authoritative": null,
          "disable_project": null,
          "policy_data": "{\"bindings\":[{\"members\":[\"user:jane@example.com\"],\"role\":\"roles/editor\"}]}",
          "project": "{{.Provider.project}}"
        },
        "after_unknown": {
          "etag": true,
          "id": true,
          "restore_policy": true
        }
      }
    }
  ],
  "prior_state": {
    "format_version": "0.1",
    "terraform_version": "0.12.10",
    "values": {
      "root_module": {
        "resources": [
          {
            "address": "data.google_iam_policy.admin",
            "mode": "data",
            "type": "google_iam_policy",
            "name": "admin",
            "provider_name": "google",
            "schema_version": 0,
            "values": {
              "audit_config": null,
              "binding": [
                {
                  "members": [
                    "user:jane@example.com"
                  ],
                  "role": "roles/editor"
                }
              ],
              "id": "1120114865",
              "policy_data": "{\"bindings\":[{\"members\":[\"user:jane@example.com\"],\"role\":\"roles/editor\"}]}"
            }
          }
        ]
      }
    }
  },
  "configuration": {
    "provider_config": {
      "google": {
        "name": "google",
        "expressions": {
          "project": {
            "constant_value": "{{.Provider.project}}"
          }
        }
      }
    },
    "root_module": {
      "resources": [
        {
          "address": "google_project_iam_policy.project",
          "mode": "managed",
          "type": "google_project_iam_policy",
          "name": "project",
          "provider_config_key": "google",
          "expressions": {
            "policy_data": {
              "references": [
                "data.google_iam_policy.admin"
              ]
            },
            "project": {
              "constant_value": "{{.Provider.project}}"
            }
          },
          "schema_version": 0
        },
        {
          "address": "data.google_iam_policy.admin",
          "mode": "data",
          "type": "google_iam_policy",
          "name": "admin",
          "provider_config_key": "google",
          "expressions": {
            "binding": [
              {
                "members": {
                  "constant_value": [
                    "user:jane@example.com"
                  ]
                },
                "role": {
                  "constant_value": "roles/editor"
                }
              }
            ]
          },
          "schema_version": 0
        }
      ]
    }
  }
}
