{
  "format_version": "0.1",
  "terraform_version": "0.13.6",
  "planned_values": {
    "root_module": {
      "resources": [
        {
          "address": "google_project_organization_policy.serial_port_policy",
          "mode": "managed",
          "type": "google_project_organization_policy",
          "name": "serial_port_policy",
          "provider_name": "registry.terraform.io/hashicorp/google",
          "schema_version": 0,
          "values": {
            "boolean_policy": [
              {
                "enforced": true
              }
            ],
            "constraint": "compute.disableSerialPortAccess",
            "list_policy": [],
            "project": "{{.Provider.project}}",
            "restore_policy": [],
            "timeouts": null
          }
        },
        {
          "address": "google_project_organization_policy.service_account_policy",
          "mode": "managed",
          "type": "google_project_organization_policy",
          "name": "service_account_policy",
          "provider_name": "registry.terraform.io/hashicorp/google",
          "schema_version": 0,
          "values": {
            "boolean_policy": [],
            "constraint": "iam.disableServiceAccountCreation",
            "list_policy": [],
            "project": "{{.Provider.project}}",
            "restore_policy": [
              {
                "default": true
              }
            ],
            "timeouts": null
          }
        },
        {
          "address": "google_project_organization_policy.services_policy",
          "mode": "managed",
          "type": "google_project_organization_policy",
          "name": "services_policy",
          "provider_name": "registry.terraform.io/hashicorp/google",
          "schema_version": 0,
          "values": {
            "boolean_policy": [],
            "constraint": "serviceuser.services",
            "list_policy": [
              {
                "allow": [
                  {
                    "all": true,
                    "values": null
                  }
                ],
                "deny": [],
                "inherit_from_parent": null
              }
            ],
            "project": "{{.Provider.project}}",
            "restore_policy": [],
            "timeouts": null
          }
        }
      ]
    }
  },
  "resource_changes": [
    {
      "address": "google_project_organization_policy.serial_port_policy",
      "mode": "managed",
      "type": "google_project_organization_policy",
      "name": "serial_port_policy",
      "provider_name": "registry.terraform.io/hashicorp/google",
      "change": {
        "actions": [
          "create"
        ],
        "before": null,
        "after": {
          "boolean_policy": [
            {
              "enforced": true
            }
          ],
          "constraint": "compute.disableSerialPortAccess",
          "list_policy": [],
          "project": "{{.Provider.project}}",
          "restore_policy": [],
          "timeouts": null
        },
        "after_unknown": {
          "boolean_policy": [
            {}
          ],
          "etag": true,
          "id": true,
          "list_policy": [],
          "restore_policy": [],
          "update_time": true,
          "version": true
        }
      }
    },
    {
      "address": "google_project_organization_policy.service_account_policy",
      "mode": "managed",
      "type": "google_project_organization_policy",
      "name": "service_account_policy",
      "provider_name": "registry.terraform.io/hashicorp/google",
      "change": {
        "actions": [
          "create"
        ],
        "before": null,
        "after": {
          "boolean_policy": [],
          "constraint": "iam.disableServiceAccountCreation",
          "list_policy": [],
          "project": "{{.Provider.project}}",
          "restore_policy": [
            {
              "default": true
            }
          ],
          "timeouts": null
        },
        "after_unknown": {
          "boolean_policy": [],
          "etag": true,
          "id": true,
          "list_policy": [],
          "restore_policy": [
            {}
          ],
          "update_time": true,
          "version": true
        }
      }
    },
    {
      "address": "google_project_organization_policy.services_policy",
      "mode": "managed",
      "type": "google_project_organization_policy",
      "name": "services_policy",
      "provider_name": "registry.terraform.io/hashicorp/google",
      "change": {
        "actions": [
          "create"
        ],
        "before": null,
        "after": {
          "boolean_policy": [],
          "constraint": "serviceuser.services",
          "list_policy": [
            {
              "allow": [
                {
                  "all": true,
                  "values": null
                }
              ],
              "deny": [],
              "inherit_from_parent": null
            }
          ],
          "project": "{{.Provider.project}}",
          "restore_policy": [],
          "timeouts": null
        },
        "after_unknown": {
          "boolean_policy": [],
          "etag": true,
          "id": true,
          "list_policy": [
            {
              "allow": [
                {}
              ],
              "deny": [],
              "suggested_value": true
            }
          ],
          "restore_policy": [],
          "update_time": true,
          "version": true
        }
      }
    }
  ],
  "configuration": {
    "root_module": {
      "resources": [
        {
          "address": "google_project_organization_policy.serial_port_policy",
          "mode": "managed",
          "type": "google_project_organization_policy",
          "name": "serial_port_policy",
          "provider_config_key": "google",
          "expressions": {
            "boolean_policy": [
              {
                "enforced": {
                  "constant_value": true
                }
              }
            ],
            "constraint": {
              "constant_value": "compute.disableSerialPortAccess"
            },
            "project": {
              "constant_value": "{{.Provider.project}}"
            }
          },
          "schema_version": 0
        },
        {
          "address": "google_project_organization_policy.service_account_policy",
          "mode": "managed",
          "type": "google_project_organization_policy",
          "name": "service_account_policy",
          "provider_config_key": "google",
          "expressions": {
            "constraint": {
              "constant_value": "iam.disableServiceAccountCreation"
            },
            "project": {
              "constant_value": "{{.Provider.project}}"
            },
            "restore_policy": [
              {
                "default": {
                  "constant_value": true
                }
              }
            ]
          },
          "schema_version": 0
        },
        {
          "address": "google_project_organization_policy.services_policy",
          "mode": "managed",
          "type": "google_project_organization_policy",
          "name": "services_policy",
          "provider_config_key": "google",
          "expressions": {
            "constraint": {
              "constant_value": "serviceuser.services"
            },
            "list_policy": [
              {
                "allow": [
                  {
                    "all": {
                      "constant_value": true
                    }
                  }
                ]
              }
            ],
            "project": {
              "constant_value": "{{.Provider.project}}"
            }
          },
          "schema_version": 0
        }
      ]
    }
  }
}
