{
  "format_version": "0.1",
  "terraform_version": "0.13.5",
  "planned_values": {
    "root_module": {
      "resources": [
        {
          "address": "google_monitoring_notification_channel.monitoring_notification_channel",
          "mode": "managed",
          "type": "google_monitoring_notification_channel",
          "name": "monitoring_notification_channel",
          "provider_name": "registry.terraform.io/hashicorp/google",
          "schema_version": 0,
          "values": {
            "description": null,
            "display_name": "monitoring notification channel",
            "enabled": true,
            "labels": {
              "email_address": "foo@bar.com"
            },
            "project": "{{.Provider.project}}",
            "sensitive_labels": [],
            "timeouts": null,
            "type": "email",
            "user_labels": null
          }
        }
      ]
    }
  },
  "resource_changes": [
    {
      "address": "google_monitoring_notification_channel.monitoring_notification_channel",
      "mode": "managed",
      "type": "google_monitoring_notification_channel",
      "name": "monitoring_notification_channel",
      "provider_name": "registry.terraform.io/hashicorp/google",
      "change": {
        "actions": [
          "create"
        ],
        "before": null,
        "after": {
          "description": null,
          "display_name": "monitoring notification channel",
          "enabled": true,
          "labels": {
            "email_address": "foo@bar.com"
          },
          "project": "{{.Provider.project}}",
          "sensitive_labels": [],
          "timeouts": null,
          "type": "email",
          "user_labels": null
        },
        "after_unknown": {
          "id": true,
          "labels": {},
          "name": true,
          "sensitive_labels": [],
          "verification_status": true
        }
      }
    }
  ],
  "configuration": {
    "root_module": {
      "resources": [
        {
          "address": "google_monitoring_notification_channel.monitoring_notification_channel",
          "mode": "managed",
          "type": "google_monitoring_notification_channel",
          "name": "monitoring_notification_channel",
          "provider_config_key": "google",
          "expressions": {
            "display_name": {
              "constant_value": "monitoring notification channel"
            },
            "labels": {
              "constant_value": {
                "email_address": "foo@bar.com"
              }
            },
            "project": {
              "constant_value": "{{.Provider.project}}"
            },
            "type": {
              "constant_value": "email"
            }
          },
          "schema_version": 0
        }
      ]
    }
  }
}