{
  "format_version": "1.1",
  "terraform_version": "1.3.7",
  "planned_values": {
    "root_module": {
      "resources": [
        {
          "address": "google_org_policy_policy.primary11",
          "mode": "managed",
          "type": "google_org_policy_policy",
          "name": "primary11",
          "provider_name": "registry.terraform.io/hashicorp/google",
          "schema_version": 0,
          "values": {
            "name": "projects/name/policies/gcp.resourceLocations",
            "parent": "projects/name",
            "spec": [
              {
                "inherit_from_parent": null,
                "reset": null,
                "rules": [
                  {
                    "allow_all": null,
                    "condition": [
                      {
                        "description": "A sample condition for the policy",
                        "expression": "resource.matchLabels('labelKeys/123', 'labelValues/345')",
                        "location": "sample-location.log",
                        "title": "sample-condition"
                      }
                    ],
                    "deny_all": null,
                    "enforce": null,
                    "values": [
                      {
                        "allowed_values": [
                          "projects/allowed-project"
                        ],
                        "denied_values": [
                          "projects/denied-project"
                        ]
                      }
                    ]
                  },
                  {
                    "allow_all": "TRUE",
                    "condition": [],
                    "deny_all": null,
                    "enforce": null,
                    "values": []
                  }
                ]
              }
            ],
            "timeouts": null
          },
          "sensitive_values": {
            "spec": [
              {
                "rules": [
                  {
                    "condition": [
                      {}
                    ],
                    "values": [
                      {
                        "allowed_values": [
                          false
                        ],
                        "denied_values": [
                          false
                        ]
                      }
                    ]
                  },
                  {
                    "condition": [],
                    "values": []
                  }
                ]
              }
            ]
          }
        },
        {
          "address": "google_project.basic",
          "mode": "managed",
          "type": "google_project",
          "name": "basic",
          "provider_name": "registry.terraform.io/hashicorp/google",
          "schema_version": 1,
          "values": {
            "auto_create_network": true,
            "billing_account": null,
            "folder_id": null,
            "labels": null,
            "name": "name",
            "org_id": "123456789",
            "project_id": "project",
            "timeouts": null
          },
          "sensitive_values": {}
        }
      ]
    }
  },
  "resource_changes": [
    {
      "address": "google_org_policy_policy.primary11",
      "mode": "managed",
      "type": "google_org_policy_policy",
      "name": "primary11",
      "provider_name": "registry.terraform.io/hashicorp/google",
      "change": {
        "actions": [
          "create"
        ],
        "before": null,
        "after": {
          "name": "projects/name/policies/gcp.resourceLocations",
          "parent": "projects/name",
          "spec": [
            {
              "inherit_from_parent": null,
              "reset": null,
              "rules": [
                {
                  "allow_all": null,
                  "condition": [
                    {
                      "description": "A sample condition for the policy",
                      "expression": "resource.matchLabels('labelKeys/123', 'labelValues/345')",
                      "location": "sample-location.log",
                      "title": "sample-condition"
                    }
                  ],
                  "deny_all": null,
                  "enforce": null,
                  "values": [
                    {
                      "allowed_values": [
                        "projects/allowed-project"
                      ],
                      "denied_values": [
                        "projects/denied-project"
                      ]
                    }
                  ]
                },
                {
                  "allow_all": "TRUE",
                  "condition": [],
                  "deny_all": null,
                  "enforce": null,
                  "values": []
                }
              ]
            }
          ],
          "timeouts": null
        },
        "after_unknown": {
          "id": true,
          "spec": [
            {
              "etag": true,
              "rules": [
                {
                  "condition": [
                    {}
                  ],
                  "values": [
                    {
                      "allowed_values": [
                        false
                      ],
                      "denied_values": [
                        false
                      ]
                    }
                  ]
                },
                {
                  "condition": [],
                  "values": []
                }
              ],
              "update_time": true
            }
          ]
        },
        "before_sensitive": false,
        "after_sensitive": {
          "spec": [
            {
              "rules": [
                {
                  "condition": [
                    {}
                  ],
                  "values": [
                    {
                      "allowed_values": [
                        false
                      ],
                      "denied_values": [
                        false
                      ]
                    }
                  ]
                },
                {
                  "condition": [],
                  "values": []
                }
              ]
            }
          ]
        }
      }
    },
    {
      "address": "google_project.basic",
      "mode": "managed",
      "type": "google_project",
      "name": "basic",
      "provider_name": "registry.terraform.io/hashicorp/google",
      "change": {
        "actions": [
          "create"
        ],
        "before": null,
        "after": {
          "auto_create_network": true,
          "billing_account": null,
          "folder_id": null,
          "labels": null,
          "name": "name",
          "org_id": "123456789",
          "project_id": "project",
          "timeouts": null
        },
        "after_unknown": {
          "id": true,
          "number": true,
          "skip_delete": true
        },
        "before_sensitive": false,
        "after_sensitive": {}
      }
    }
  ],
  "configuration": {
    "provider_config": {
      "google": {
        "name": "google",
        "full_name": "registry.terraform.io/hashicorp/google"
      }
    },
    "root_module": {
      "resources": [
        {
          "address": "google_org_policy_policy.primary11",
          "mode": "managed",
          "type": "google_org_policy_policy",
          "name": "primary11",
          "provider_config_key": "google",
          "expressions": {
            "name": {
              "references": [
                "google_project.basic.name",
                "google_project.basic"
              ]
            },
            "parent": {
              "references": [
                "google_project.basic.name",
                "google_project.basic"
              ]
            },
            "spec": [
              {
                "rules": [
                  {
                    "condition": [
                      {
                        "description": {
                          "constant_value": "A sample condition for the policy"
                        },
                        "expression": {
                          "constant_value": "resource.matchLabels('labelKeys/123', 'labelValues/345')"
                        },
                        "location": {
                          "constant_value": "sample-location.log"
                        },
                        "title": {
                          "constant_value": "sample-condition"
                        }
                      }
                    ],
                    "values": [
                      {
                        "allowed_values": {
                          "constant_value": [
                            "projects/allowed-project"
                          ]
                        },
                        "denied_values": {
                          "constant_value": [
                            "projects/denied-project"
                          ]
                        }
                      }
                    ]
                  },
                  {
                    "allow_all": {
                      "constant_value": "TRUE"
                    }
                  }
                ]
              }
            ]
          },
          "schema_version": 0
        },
        {
          "address": "google_project.basic",
          "mode": "managed",
          "type": "google_project",
          "name": "basic",
          "provider_config_key": "google",
          "expressions": {
            "name": {
              "constant_value": "name"
            },
            "org_id": {
              "constant_value": "123456789"
            },
            "project_id": {
              "constant_value": "project"
            }
          },
          "schema_version": 1
        }
      ]
    }
  },
  "relevant_attributes": [
    {
      "resource": "google_project.basic",
      "attribute": [
        "name"
      ]
    }
  ]
}