{
  "format_version": "0.2",
  "terraform_version": "1.0.10",
  "planned_values": {
    "root_module": {
      "resources": [
        {
          "address": "google_folder_iam_member.editor",
          "mode": "managed",
          "type": "google_folder_iam_member",
          "name": "editor",
          "provider_name": "registry.terraform.io/hashicorp/google",
          "schema_version": 0,
          "values": {
            "condition": [],
            "member": "user:jane@example.com",
            "role": "roles/editor"
          },
          "sensitive_values": {
            "condition": []
          }
        },
        {
          "address": "random_string.suffix",
          "mode": "managed",
          "type": "random_string",
          "name": "suffix",
          "provider_name": "registry.terraform.io/hashicorp/random",
          "schema_version": 1,
          "values": {
            "keepers": null,
            "length": 4,
            "lower": true,
            "min_lower": 0,
            "min_numeric": 0,
            "min_special": 0,
            "min_upper": 0,
            "number": true,
            "override_special": null,
            "special": false,
            "upper": false
          },
          "sensitive_values": {}
        }
      ]
    }
  },
  "resource_changes": [
    {
      "address": "google_folder_iam_member.editor",
      "mode": "managed",
      "type": "google_folder_iam_member",
      "name": "editor",
      "provider_name": "registry.terraform.io/hashicorp/google",
      "change": {
        "actions": [
          "create"
        ],
        "before": null,
        "after": {
          "condition": [],
          "member": "user:jane@example.com",
          "role": "roles/editor"
        },
        "after_unknown": {
          "condition": [],
          "etag": true,
          "folder": true,
          "id": true
        },
        "before_sensitive": false,
        "after_sensitive": {
          "condition": []
        }
      }
    },
    {
      "address": "random_string.suffix",
      "mode": "managed",
      "type": "random_string",
      "name": "suffix",
      "provider_name": "registry.terraform.io/hashicorp/random",
      "change": {
        "actions": [
          "create"
        ],
        "before": null,
        "after": {
          "keepers": null,
          "length": 4,
          "lower": true,
          "min_lower": 0,
          "min_numeric": 0,
          "min_special": 0,
          "min_upper": 0,
          "number": true,
          "override_special": null,
          "special": false,
          "upper": false
        },
        "after_unknown": {
          "id": true,
          "result": true
        },
        "before_sensitive": false,
        "after_sensitive": {}
      }
    }
  ],
  "configuration": {
    "root_module": {
      "resources": [
        {
          "address": "google_folder_iam_member.editor",
          "mode": "managed",
          "type": "google_folder_iam_member",
          "name": "editor",
          "provider_config_key": "google",
          "expressions": {
            "folder": {
              "references": [
                "random_string.suffix.result",
                "random_string.suffix"
              ]
            },
            "member": {
              "constant_value": "user:jane@example.com"
            },
            "role": {
              "constant_value": "roles/editor"
            }
          },
          "schema_version": 0
        },
        {
          "address": "random_string.suffix",
          "mode": "managed",
          "type": "random_string",
          "name": "suffix",
          "provider_config_key": "random",
          "expressions": {
            "length": {
              "constant_value": 4
            },
            "special": {
              "constant_value": false
            },
            "upper": {
              "constant_value": false
            }
          },
          "schema_version": 1
        }
      ]
    }
  }
}
