{
  "format_version": "0.1",
  "terraform_version": "0.13.5",
  "planned_values": {
    "root_module": {
      "resources": [
        {
          "address": "google_project_iam_custom_role.my-custom-role",
          "mode": "managed",
          "type": "google_project_iam_custom_role",
          "name": "my-custom-role",
          "provider_name": "registry.terraform.io/hashicorp/google",
          "schema_version": 0,
          "values": {
            "description": "A description",
            "permissions": [
              "iam.roles.create",
              "iam.roles.delete",
              "iam.roles.list"
            ],
            "project": "{{.Provider.project}}",
            "role_id": "myCustomRole",
            "stage": "GA",
            "title": "My Custom Role"
          }
        }
      ]
    }
  },
  "resource_changes": [
    {
      "address": "google_project_iam_custom_role.my-custom-role",
      "mode": "managed",
      "type": "google_project_iam_custom_role",
      "name": "my-custom-role",
      "provider_name": "registry.terraform.io/hashicorp/google",
      "change": {
        "actions": [
          "create"
        ],
        "before": null,
        "after": {
          "description": "A description",
          "permissions": [
            "iam.roles.create",
            "iam.roles.delete",
            "iam.roles.list"
          ],
          "project": "{{.Provider.project}}",
          "role_id": "myCustomRole",
          "stage": "GA",
          "title": "My Custom Role"
        },
        "after_unknown": {
          "deleted": true,
          "id": true,
          "name": true,
          "permissions": [
            false,
            false,
            false
          ]
        }
      }
    }
  ],
  "configuration": {
    "root_module": {
      "resources": [
        {
          "address": "google_project_iam_custom_role.my-custom-role",
          "mode": "managed",
          "type": "google_project_iam_custom_role",
          "name": "my-custom-role",
          "provider_config_key": "google",
          "expressions": {
            "description": {
              "constant_value": "A description"
            },
            "permissions": {
              "constant_value": [
                "iam.roles.list",
                "iam.roles.create",
                "iam.roles.delete"
              ]
            },
            "project": {
              "constant_value": "{{.Provider.project}}"
            },
            "role_id": {
              "constant_value": "myCustomRole"
            },
            "title": {
              "constant_value": "My Custom Role"
            }
          },
          "schema_version": 0
        }
      ]
    }
  }
}