{
  "format_version": "0.1",
  "terraform_version": "0.12.10",
  "planned_values": {
    "root_module": {
      "resources": [
        {
          "address": "google_project.my_project",
          "mode": "managed",
          "type": "google_project",
          "name": "my_project",
          "provider_name": "google",
          "schema_version": 1,
          "values": {
            "auto_create_network": true,
            "billing_account": null,
            "labels": null,
            "name": "My Project",
            "project_id": "foobat",
            "folder_id": "{{.FolderID}}",
            "timeouts": null
          }
        }
      ]
    }
  },
  "resource_changes": [
    {
      "address": "google_project.my_project",
      "mode": "managed",
      "type": "google_project",
      "name": "my_project",
      "provider_name": "google",
      "change": {
        "actions": [
          "create"
        ],
        "before": null,
        "after": {
          "auto_create_network": true,
          "billing_account": null,
          "labels": null,
          "name": "My Project",
          "project_id": "foobat",
          "folder_id": "{{.FolderID}}",
          "timeouts": null
        },
        "after_unknown": {
          "app_engine": true,
          "folder_id": true,
          "id": true,
          "number": true,
          "org_id": true,
          "policy_data": true,
          "policy_etag": true,
          "skip_delete": true
        }
      }
    }
  ],
  "configuration": {
    "provider_config": {
      "google": {
        "name": "google",
        "expressions": {
          "project": {
            "constant_value": "{{.Provider.project}}"
          }
        }
      }
    },
    "root_module": {
      "resources": [
        {
          "address": "google_project.my_project",
          "mode": "managed",
          "type": "google_project",
          "name": "my_project",
          "provider_config_key": "google",
          "expressions": {
            "folder_id": {
                "constant_value": "{{.FolderID}}"
            },
            "name": {
              "constant_value": "My Project"
            },
            "project_id": {
              "constant_value": "foobat"
            }
          },
          "schema_version": 1
        }
      ]
    }
  }
}