{
  "format_version": "0.2",
  "terraform_version": "1.0.10",
  "planned_values": {
    "root_module": {
      "resources": [
        {
          "address": "google_pubsub_subscription.example",
          "mode": "managed",
          "type": "google_pubsub_subscription",
          "name": "example",
          "provider_name": "registry.terraform.io/hashicorp/google",
          "schema_version": 0,
          "values": {
            "ack_deadline_seconds": 20,
            "dead_letter_policy": [],
            "enable_message_ordering": null,
            "filter": null,
            "labels": {
              "test-label1": "test-value1"
            },
            "message_retention_duration": "604800s",
            "name": "example-subscription",
            "push_config": [
              {
                "attributes": null,
                "oidc_token": [],
                "push_endpoint": "https://example.com/push"
              }
            ],
            "retain_acked_messages": null,
            "retry_policy": [],
            "timeouts": null,
            "topic": "example-pubsub-topic"
          },
          "sensitive_values": {
            "dead_letter_policy": [],
            "expiration_policy": [],
            "labels": {},
            "push_config": [
              {
                "oidc_token": []
              }
            ],
            "retry_policy": []
          }
        },
        {
          "address": "google_pubsub_subscription_iam_member.editor",
          "mode": "managed",
          "type": "google_pubsub_subscription_iam_member",
          "name": "editor",
          "provider_name": "registry.terraform.io/hashicorp/google",
          "schema_version": 0,
          "values": {
            "condition": [],
            "member": "user:jane@example.com",
            "role": "roles/editor",
            "subscription": "example-subscription"
          },
          "sensitive_values": {
            "condition": []
          }
        }
      ]
    }
  },
  "resource_changes": [
    {
      "address": "google_pubsub_subscription.example",
      "mode": "managed",
      "type": "google_pubsub_subscription",
      "name": "example",
      "provider_name": "registry.terraform.io/hashicorp/google",
      "change": {
        "actions": [
          "create"
        ],
        "before": null,
        "after": {
          "ack_deadline_seconds": 20,
          "dead_letter_policy": [],
          "enable_message_ordering": null,
          "filter": null,
          "labels": {
            "test-label1": "test-value1"
          },
          "message_retention_duration": "604800s",
          "name": "example-subscription",
          "push_config": [
            {
              "attributes": null,
              "oidc_token": [],
              "push_endpoint": "https://example.com/push"
            }
          ],
          "retain_acked_messages": null,
          "retry_policy": [],
          "timeouts": null,
          "topic": "example-pubsub-topic"
        },
        "after_unknown": {
          "dead_letter_policy": [],
          "expiration_policy": true,
          "id": true,
          "labels": {},
          "project": true,
          "push_config": [
            {
              "oidc_token": []
            }
          ],
          "retry_policy": []
        },
        "before_sensitive": false,
        "after_sensitive": {
          "dead_letter_policy": [],
          "expiration_policy": [],
          "labels": {},
          "push_config": [
            {
              "oidc_token": []
            }
          ],
          "retry_policy": []
        }
      }
    },
    {
      "address": "google_pubsub_subscription_iam_member.editor",
      "mode": "managed",
      "type": "google_pubsub_subscription_iam_member",
      "name": "editor",
      "provider_name": "registry.terraform.io/hashicorp/google",
      "change": {
        "actions": [
          "create"
        ],
        "before": null,
        "after": {
          "condition": [],
          "member": "user:jane@example.com",
          "role": "roles/editor",
          "subscription": "example-subscription"
        },
        "after_unknown": {
          "condition": [],
          "etag": true,
          "id": true,
          "project": true
        },
        "before_sensitive": false,
        "after_sensitive": {
          "condition": []
        }
      }
    }
  ],
  "configuration": {
    "root_module": {
      "resources": [
        {
          "address": "google_pubsub_subscription.example",
          "mode": "managed",
          "type": "google_pubsub_subscription",
          "name": "example",
          "provider_config_key": "google",
          "expressions": {
            "ack_deadline_seconds": {
              "constant_value": 20
            },
            "labels": {
              "constant_value": {
                "test-label1": "test-value1"
              }
            },
            "name": {
              "constant_value": "example-subscription"
            },
            "push_config": [
              {
                "attributes": {
                  "constant_value": {
                    "x-goog-version": "v1"
                  }
                },
                "push_endpoint": {
                  "constant_value": "https://example.com/push"
                }
              }
            ],
            "topic": {
              "constant_value": "example-pubsub-topic"
            }
          },
          "schema_version": 0
        },
        {
          "address": "google_pubsub_subscription_iam_member.editor",
          "mode": "managed",
          "type": "google_pubsub_subscription_iam_member",
          "name": "editor",
          "provider_config_key": "google",
          "expressions": {
            "member": {
              "constant_value": "user:jane@example.com"
            },
            "role": {
              "constant_value": "roles/editor"
            },
            "subscription": {
              "references": [
                "google_pubsub_subscription.example.name",
                "google_pubsub_subscription.example"
              ]
            }
          },
          "schema_version": 0
        }
      ]
    }
  }
}
