{
  "format_version": "0.2",
  "terraform_version": "1.0.10",
  "planned_values": {
    "root_module": {
      "resources": [
        {
          "address": "google_folder.department1",
          "mode": "managed",
          "type": "google_folder",
          "name": "department1",
          "provider_name": "registry.terraform.io/hashicorp/google",
          "schema_version": 0,
          "values": {
            "display_name": "Department 1",
            "parent": "organizations/1234567",
            "timeouts": null
          },
          "sensitive_values": {}
        },
        {
          "address": "google_project.my_project-in-a-folder",
          "mode": "managed",
          "type": "google_project",
          "name": "my_project-in-a-folder",
          "provider_name": "registry.terraform.io/hashicorp/google",
          "schema_version": 1,
          "values": {
            "auto_create_network": true,
            "billing_account": "{{.Project.BillingAccountName}}",
            "labels": {
              "project-label-key-a": "project-label-val-a"
            },
            "name": "My Project",
            "org_id": null,
            "timeouts": null
          },
          "sensitive_values": {
            "labels": {}
          }
        },
        {
          "address": "random_string.suffix",
          "mode": "managed",
          "type": "random_string",
          "name": "suffix",
          "provider_name": "registry.terraform.io/hashicorp/random",
          "schema_version": 1,
          "values": {
            "keepers": null,
            "length": 4,
            "lower": true,
            "min_lower": 0,
            "min_numeric": 0,
            "min_special": 0,
            "min_upper": 0,
            "number": true,
            "override_special": null,
            "special": false,
            "upper": false
          },
          "sensitive_values": {}
        }
      ]
    }
  },
  "resource_changes": [
    {
      "address": "google_folder.department1",
      "mode": "managed",
      "type": "google_folder",
      "name": "department1",
      "provider_name": "registry.terraform.io/hashicorp/google",
      "change": {
        "actions": [
          "create"
        ],
        "before": null,
        "after": {
          "display_name": "Department 1",
          "parent": "organizations/1234567",
          "timeouts": null
        },
        "after_unknown": {
          "create_time": true,
          "folder_id": true,
          "id": true,
          "lifecycle_state": true,
          "name": true
        },
        "before_sensitive": false,
        "after_sensitive": {}
      }
    },
    {
      "address": "google_project.my_project-in-a-folder",
      "mode": "managed",
      "type": "google_project",
      "name": "my_project-in-a-folder",
      "provider_name": "registry.terraform.io/hashicorp/google",
      "change": {
        "actions": [
          "create"
        ],
        "before": null,
        "after": {
          "auto_create_network": true,
          "billing_account": "{{.Project.BillingAccountName}}",
          "labels": {
            "project-label-key-a": "project-label-val-a"
          },
          "name": "My Project",
          "org_id": null,
          "timeouts": null
        },
        "after_unknown": {
          "folder_id": true,
          "id": true,
          "labels": {},
          "number": true,
          "project_id": true,
          "skip_delete": true
        },
        "before_sensitive": false,
        "after_sensitive": {
          "labels": {}
        }
      }
    },
    {
      "address": "random_string.suffix",
      "mode": "managed",
      "type": "random_string",
      "name": "suffix",
      "provider_name": "registry.terraform.io/hashicorp/random",
      "change": {
        "actions": [
          "create"
        ],
        "before": null,
        "after": {
          "keepers": null,
          "length": 4,
          "lower": true,
          "min_lower": 0,
          "min_numeric": 0,
          "min_special": 0,
          "min_upper": 0,
          "number": true,
          "override_special": null,
          "special": false,
          "upper": false
        },
        "after_unknown": {
          "id": true,
          "result": true
        },
        "before_sensitive": false,
        "after_sensitive": {}
      }
    }
  ],
  "configuration": {
    "root_module": {
      "resources": [
        {
          "address": "google_folder.department1",
          "mode": "managed",
          "type": "google_folder",
          "name": "department1",
          "provider_config_key": "google",
          "expressions": {
            "display_name": {
              "constant_value": "Department 1"
            },
            "parent": {
              "constant_value": "organizations/1234567"
            }
          },
          "schema_version": 0
        },
        {
          "address": "google_project.my_project-in-a-folder",
          "mode": "managed",
          "type": "google_project",
          "name": "my_project-in-a-folder",
          "provider_config_key": "google",
          "expressions": {
            "billing_account": {
              "constant_value": "{{.Project.BillingAccountName}}"
            },
            "folder_id": {
              "references": [
                "google_folder.department1.name",
                "google_folder.department1"
              ]
            },
            "labels": {
              "constant_value": {
                "project-label-key-a": "project-label-val-a"
              }
            },
            "name": {
              "constant_value": "My Project"
            },
            "project_id": {
              "references": [
                "random_string.suffix.result",
                "random_string.suffix"
              ]
            }
          },
          "schema_version": 1
        },
        {
          "address": "random_string.suffix",
          "mode": "managed",
          "type": "random_string",
          "name": "suffix",
          "provider_config_key": "random",
          "expressions": {
            "length": {
              "constant_value": 4
            },
            "special": {
              "constant_value": false
            },
            "upper": {
              "constant_value": false
            }
          },
          "schema_version": 1
        }
      ]
    }
  }
}
