{
	"format_version": "0.1",
	"terraform_version": "0.12.31",
	"planned_values": {
		"root_module": {
			"resources": [{
				"address": "google_kms_key_ring.example_keyring",
				"mode": "managed",
				"type": "google_kms_key_ring",
				"name": "example_keyring",
				"provider_name": "registry.terraform.io/hashicorp/google",
				"schema_version": 0,
				"values": {
					"location": "global",
					"name": "keyring-example",
					"project": "{{.Provider.project}}",
					"timeouts": null
				}
			}, {
				"address": "google_kms_key_ring_iam_member.key_ring",
				"mode": "managed",
				"type": "google_kms_key_ring_iam_member",
				"name": "key_ring",
				"provider_name": "registry.terraform.io/hashicorp/google",
				"schema_version": 0,
				"values": {
					"condition": [],
					"member": "allAuthenticatedUsers",
					"role": "roles/cloudkms.admin"
				}
			}]
		}
	},
	"resource_changes": [{
		"address": "google_kms_key_ring.example_keyring",
		"mode": "managed",
		"type": "google_kms_key_ring",
		"name": "example_keyring",
		"provider_name": "registry.terraform.io/hashicorp/google",
		"change": {
			"actions": ["create"],
			"before": null,
			"after": {
				"location": "global",
				"name": "keyring-example",
				"project": "{{.Provider.project}}",
				"timeouts": null
			},
			"after_unknown": {
				"id": true,
				"self_link": true
			},
			"before_sensitive": false,
			"after_sensitive": {}
		}
	}, {
		"address": "google_kms_key_ring_iam_member.key_ring",
		"mode": "managed",
		"type": "google_kms_key_ring_iam_member",
		"name": "key_ring",
		"provider_name": "registry.terraform.io/hashicorp/google",
		"change": {
			"actions": ["create"],
			"before": null,
			"after": {
				"condition": [],
				"member": "allAuthenticatedUsers",
				"role": "roles/cloudkms.admin"
			},
			"after_unknown": {
				"condition": [],
				"etag": true,
				"id": true,
				"key_ring_id": true
			},
			"before_sensitive": false,
			"after_sensitive": {
				"condition": []
			}
		}
	}],
	"configuration": {
		"provider_config": {
            "google": {
                "name": "google",
                "expressions": {
                    "project": {
                        "constant_value": "{{.Provider.project}}"
                    }
                }
            }
		},
		"root_module": {
			"resources": [{
				"address": "google_kms_key_ring.example_keyring",
				"mode": "managed",
				"type": "google_kms_key_ring",
				"name": "example_keyring",
				"provider_config_key": "google",
				"expressions": {
					"location": {
						"constant_value": "global"
					},
					"name": {
						"constant_value": "keyring-example"
					},
					"project": {
						"constant_value": "{{.Provider.project}}"
					}
				},
				"schema_version": 0
			}, {
				"address": "google_kms_key_ring_iam_member.key_ring",
				"mode": "managed",
				"type": "google_kms_key_ring_iam_member",
				"name": "key_ring",
				"provider_config_key": "google",
				"expressions": {
					"key_ring_id": {
						"references": ["google_kms_key_ring.example_keyring"]
					},
					"member": {
						"constant_value": "allAuthenticatedUsers"
					},
					"role": {
						"constant_value": "roles/cloudkms.admin"
					}
				},
				"schema_version": 0
			}]
		}
	}
}
