{"format_version":"0.2","terraform_version":"1.0.10","planned_values":{"root_module":{"resources":[{"address":"google_sql_database.database","mode":"managed","type":"google_sql_database","name":"database","provider_name":"registry.terraform.io/hashicorp/google","schema_version":0,"values":{"instance":"my-database-instance","name":"my-database","timeouts":null},"sensitive_values":{}}]}},"resource_changes":[{"address":"google_sql_database.database","mode":"managed","type":"google_sql_database","name":"database","provider_name":"registry.terraform.io/hashicorp/google","change":{"actions":["create"],"before":null,"after":{"instance":"my-database-instance","name":"my-database","timeouts":null},"after_unknown":{"charset":true,"collation":true,"id":true,"project":true,"self_link":true},"before_sensitive":false,"after_sensitive":{}}}],"configuration":{"root_module":{"resources":[{"address":"google_sql_database.database","mode":"managed","type":"google_sql_database","name":"database","provider_config_key":"google","expressions":{"instance":{"constant_value":"my-database-instance"},"name":{"constant_value":"my-database"}},"schema_version":0}]}}}
