{
  "format_version": "1.1",
  "terraform_version": "1.3.2",
  "planned_values": {
    "root_module": {
      "resources": [
        {
          "address": "google_storage_bucket.my-test-bucket",
          "mode": "managed",
          "type": "google_storage_bucket",
          "name": "my-test-bucket",
          "provider_name": "registry.terraform.io/hashicorp/google",
          "schema_version": 1,
          "values": {
            "autoclass": [],
            "cors": [],
            "custom_placement_config": [],
            "default_event_based_hold": null,
            "encryption": [],
            "force_destroy": false,
            "labels": null,
            "lifecycle_rule": [],
            "location": "EU",
            "logging": [],
            "name": "test-bucket",
            "requester_pays": null,
            "retention_policy": [],
            "storage_class": "STANDARD",
            "timeouts": null,
            "website": [
              {
                "main_page_suffix": "index.html",
                "not_found_page": "404.html"
              }
            ]
          },
          "sensitive_values": {
            "autoclass": [],
            "cors": [],
            "custom_placement_config": [],
            "effective_labels": {},
            "encryption": [],
            "lifecycle_rule": [],
            "logging": [],
            "retention_policy": [],
            "terraform_labels": {},
            "versioning": [],
            "website": [
              {}
            ]
          }
        }
      ]
    }
  },
  "resource_changes": [
    {
      "address": "google_storage_bucket.my-test-bucket",
      "mode": "managed",
      "type": "google_storage_bucket",
      "name": "my-test-bucket",
      "provider_name": "registry.terraform.io/hashicorp/google",
      "change": {
        "actions": [
          "create"
        ],
        "before": null,
        "after": {
          "autoclass": [],
          "cors": [],
          "custom_placement_config": [],
          "default_event_based_hold": null,
          "encryption": [],
          "force_destroy": false,
          "labels": null,
          "lifecycle_rule": [],
          "location": "EU",
          "logging": [],
          "name": "test-bucket",
          "requester_pays": null,
          "retention_policy": [],
          "storage_class": "STANDARD",
          "timeouts": null,
          "website": [
            {
              "main_page_suffix": "index.html",
              "not_found_page": "404.html"
            }
          ]
        },
        "after_unknown": {
          "autoclass": [],
          "cors": [],
          "custom_placement_config": [],
          "effective_labels": true,
          "encryption": [],
          "id": true,
          "lifecycle_rule": [],
          "logging": [],
          "project": true,
          "public_access_prevention": true,
          "retention_policy": [],
          "self_link": true,
          "terraform_labels": true,
          "uniform_bucket_level_access": true,
          "url": true,
          "versioning": true,
          "website": [
            {}
          ]
        },
        "before_sensitive": false,
        "after_sensitive": {
          "autoclass": [],
          "cors": [],
          "custom_placement_config": [],
          "effective_labels": {},
          "encryption": [],
          "lifecycle_rule": [],
          "logging": [],
          "retention_policy": [],
          "terraform_labels": {},
          "versioning": [],
          "website": [
            {}
          ]
        }
      }
    }
  ],
  "configuration": {
    "provider_config": {
      "google": {
        "name": "google",
        "expressions": {
          "project": {
            "constant_value": "{{.Provider.project}}"
          }
        }
      }
    },
    "root_module": {
      "resources": [
        {
          "address": "google_storage_bucket.my-test-bucket",
          "mode": "managed",
          "type": "google_storage_bucket",
          "name": "my-test-bucket",
          "provider_config_key": "google",
          "expressions": {
            "location": {
              "constant_value": "EU"
            },
            "name": {
              "constant_value": "test-bucket"
            },
            "website": [
              {
                "main_page_suffix": {
                  "constant_value": "index.html"
                },
                "not_found_page": {
                  "constant_value": "404.html"
                }
              }
            ]
          },
          "schema_version": 1
        }
      ]
    }
  }
}
