{
  "format_version": "1.1",
  "terraform_version": "1.3.2",
  "planned_values": {
    "root_module": {
      "resources": [
        {
          "address": "google_compute_disk.my-disk-resource",
          "mode": "managed",
          "type": "google_compute_disk",
          "name": "my-disk-resource",
          "provider_name": "registry.terraform.io/hashicorp/google",
          "schema_version": 0,
          "values": {
            "async_primary_disk": [],
            "description": null,
            "disk_encryption_key": [],
            "effective_labels": {
              "disk-label-key-a": "disk-label-val-a"
            },
            "image": "projects/debian-cloud/global/images/debian-8-jessie-v20170523",
            "labels": {
              "disk-label-key-a": "disk-label-val-a"
            },
            "name": "my-disk",
            "project": "{{.Provider.project}}",
            "snapshot": null,
            "source_disk": null,
            "source_image_encryption_key": [],
            "source_snapshot_encryption_key": [],
            "terraform_labels": {
              "disk-label-key-a": "disk-label-val-a"
            },
            "timeouts": null,
            "type": "pd-ssd",
            "zone": "us-central1-a"
          },
          "sensitive_values": {
            "async_primary_disk": [],
            "disk_encryption_key": [],
            "effective_labels": {},
            "guest_os_features": [],
            "labels": {},
            "licenses": [],
            "source_image_encryption_key": [],
            "source_snapshot_encryption_key": [],
            "terraform_labels": {},
            "users": []
          }
        }
      ]
    }
  },
  "resource_changes": [
    {
      "address": "google_compute_disk.my-disk-resource",
      "mode": "managed",
      "type": "google_compute_disk",
      "name": "my-disk-resource",
      "provider_name": "registry.terraform.io/hashicorp/google",
      "change": {
        "actions": [
          "create"
        ],
        "before": null,
        "after": {
          "async_primary_disk": [],
          "description": null,
          "disk_encryption_key": [],
          "effective_labels": {
            "disk-label-key-a": "disk-label-val-a"
          },
          "image": "projects/debian-cloud/global/images/debian-8-jessie-v20170523",
          "labels": {
            "disk-label-key-a": "disk-label-val-a"
          },
          "name": "my-disk",
          "project": "{{.Provider.project}}",
          "snapshot": null,
          "source_disk": null,
          "source_image_encryption_key": [],
          "source_snapshot_encryption_key": [],
          "terraform_labels": {
            "disk-label-key-a": "disk-label-val-a"
          },
          "timeouts": null,
          "type": "pd-ssd",
          "zone": "us-central1-a"
        },
        "after_unknown": {
          "async_primary_disk": [],
          "creation_timestamp": true,
          "disk_encryption_key": [],
          "effective_labels": {},
          "guest_os_features": true,
          "id": true,
          "label_fingerprint": true,
          "labels": {},
          "last_attach_timestamp": true,
          "last_detach_timestamp": true,
          "licenses": true,
          "physical_block_size_bytes": true,
          "provisioned_iops": true,
          "provisioned_throughput": true,
          "self_link": true,
          "size": true,
          "source_disk_id": true,
          "source_image_encryption_key": [],
          "source_image_id": true,
          "source_snapshot_encryption_key": [],
          "source_snapshot_id": true,
          "terraform_labels": {},
          "users": true
        },
        "before_sensitive": false,
        "after_sensitive": {
          "async_primary_disk": [],
          "disk_encryption_key": [],
          "effective_labels": {},
          "guest_os_features": [],
          "labels": {},
          "licenses": [],
          "source_image_encryption_key": [],
          "source_snapshot_encryption_key": [],
          "terraform_labels": {},
          "users": []
        }
      }
    }
  ],
  "configuration": {
    "provider_config": {
      "google": {
        "name": "google",
        "expressions": {
          "project": {
            "constant_value": "{{.Provider.project}}"
          }
        }
      }
    },
    "root_module": {
      "resources": [
        {
          "address": "google_compute_disk.my-disk-resource",
          "mode": "managed",
          "type": "google_compute_disk",
          "name": "my-disk-resource",
          "provider_config_key": "google",
          "expressions": {
            "image": {
              "constant_value": "projects/debian-cloud/global/images/debian-8-jessie-v20170523"
            },
            "labels": {
              "constant_value": {
                "disk-label-key-a": "disk-label-val-a"
              }
            },
            "name": {
              "constant_value": "my-disk"
            },
            "project": {
              "constant_value": "{{.Provider.project}}"
            },
            "type": {
              "constant_value": "pd-ssd"
            },
            "zone": {
              "constant_value": "us-central1-a"
            }
          },
          "schema_version": 0
        }
      ]
    }
  }
}
