{
  "version": 4,
  "terraform_version": "1.2.5",
  "serial": 3,
  "lineage": "b430721c-2a1f-e6b3-157b-733a455c961d",
  "outputs": {},
  "resources": [
    {
      "mode": "managed",
      "type": "google_project",
      "name": "my_project",
      "provider": "provider[\"registry.terraform.io/hashicorp/google-beta\"]",
      "instances": [
        {
          "schema_version": 1,
          "attributes": {
            "auto_create_network": true,
            "billing_account": "{{.Project.BillingAccountName}}",
            "folder_id": "",
            "id": "projects/{{.Provider.project}}",
            "labels": {
              "goog-terraform-provisioned": "true",
              "project-label-key-a": "project-label-val-a"
            },
            "name": "My Project",
            "number": "{{.Project.Number}}",
            "org_id": "12345",
            "project_id": "{{.Provider.project}}",
            "skip_delete": null,
            "timeouts": null
          },
          "sensitive_attributes": []
        }
      ]
    }
  ]
}