{
  "format_version": "0.1",
  "terraform_version": "0.13.6",
  "planned_values": {
    "root_module": {
      "resources": [
        {
          "address": "google_sql_database_instance.main",
          "mode": "managed",
          "type": "google_sql_database_instance",
          "name": "main",
          "provider_name": "registry.terraform.io/hashicorp/google",
          "schema_version": 0,
          "values": {
            "clone": [],
            "database_version": "POSTGRES_9_6",
            "deletion_protection": true,
            "name": "main-instance",
            "region": "us-central1",
            "restore_backup_context": [],
            "root_password": null,
            "settings": [
              {
                "activation_policy": "ALWAYS",
                "availability_type": "ZONAL",
                "collation": null,
                "database_flags": [],
                "disk_autoresize": true,
                "disk_autoresize_limit": 0,
                "disk_type": "PD_SSD",
                "insights_config": [],
                "maintenance_window": [],
                "pricing_plan": "PER_USE",
                "tier": "db-f1-micro"
              }
            ],
            "timeouts": null
          },
          "sensitive_values": {
            "clone": [],
            "ip_address": [],
            "replica_configuration": [],
            "restore_backup_context": [],
            "server_ca_cert": [],
            "settings": [
              {
                "backup_configuration": [],
                "database_flags": [],
                "insights_config": [],
                "ip_configuration": [],
                "location_preference": [],
                "maintenance_window": [],
                "user_labels": {}
              }
            ]
          }
        }
      ]
    }
  },
  "resource_changes": [
    {
      "address": "google_sql_database_instance.main",
      "mode": "managed",
      "type": "google_sql_database_instance",
      "name": "main",
      "provider_name": "registry.terraform.io/hashicorp/google",
      "change": {
        "actions": [
          "create"
        ],
        "before": null,
        "after": {
          "clone": [],
          "database_version": "POSTGRES_9_6",
          "deletion_protection": true,
          "name": "main-instance",
          "region": "us-central1",
          "restore_backup_context": [],
          "root_password": null,
          "settings": [
            {
              "activation_policy": "ALWAYS",
              "availability_type": "ZONAL",
              "collation": null,
              "database_flags": [],
              "disk_autoresize": true,
              "disk_autoresize_limit": 0,
              "disk_type": "PD_SSD",
              "insights_config": [],
              "maintenance_window": [],
              "pricing_plan": "PER_USE",
              "tier": "db-f1-micro"
            }
          ],
          "timeouts": null
        },
        "after_unknown": {
          "clone": [],
          "connection_name": true,
          "first_ip_address": true,
          "id": true,
          "ip_address": true,
          "master_instance_name": true,
          "private_ip_address": true,
          "project": true,
          "public_ip_address": true,
          "replica_configuration": true,
          "restore_backup_context": [],
          "self_link": true,
          "server_ca_cert": true,
          "service_account_email_address": true,
          "settings": [
            {
              "backup_configuration": true,
              "database_flags": [],
              "disk_size": true,
              "insights_config": [],
              "ip_configuration": true,
              "location_preference": true,
              "maintenance_window": [],
              "user_labels": true,
              "version": true
            }
          ]
        },
        "before_sensitive": false,
        "after_sensitive": {
          "clone": [],
          "ip_address": [],
          "replica_configuration": [],
          "restore_backup_context": [],
          "root_password": true,
          "server_ca_cert": [],
          "settings": [
            {
              "backup_configuration": [],
              "database_flags": [],
              "insights_config": [],
              "ip_configuration": [],
              "location_preference": [],
              "maintenance_window": [],
              "user_labels": {}
            }
          ]
        }
      }
    }
  ],
  "configuration": {
    "root_module": {
      "resources": [
        {
          "address": "google_sql_database_instance.main",
          "mode": "managed",
          "type": "google_sql_database_instance",
          "name": "main",
          "provider_config_key": "google",
          "expressions": {
            "database_version": {
              "constant_value": "POSTGRES_9_6"
            },
            "name": {
              "constant_value": "main-instance"
            },
            "region": {
              "constant_value": "us-central1"
            },
            "settings": [
              {
                "tier": {
                  "constant_value": "db-f1-micro"
                }
              }
            ]
          },
          "schema_version": 0
        }
      ]
    }
  }
}
