{
  "version": 4,
  "terraform_version": "1.2.5",
  "serial": 1,
  "lineage": "753c5d7c-1d38-33ba-9fe2-740244c61234",
  "outputs": {},
  "resources": [
    {
      "mode": "managed",
      "type": "google_service_account",
      "name": "service_account",
      "provider": "provider[\"registry.terraform.io/hashicorp/google-beta\"]",
      "instances": [
        {
          "schema_version": 0,
          "attributes": {
            "account_id": "service-account-id",
            "description": "Service Account Description",
            "disabled": false,
            "display_name": "Service Account 1",
            "email": "service-account-id@{{.Provider.project}}.iam.gserviceaccount.com",
            "id": "projects/{{.Provider.project}}/serviceAccounts/service-account-id@{{.Provider.project}}.iam.gserviceaccount.com",
            "member": "serviceAccount:service-account-id@{{.Provider.project}}.iam.gserviceaccount.com",
            "name": "projects/{{.Provider.project}}/serviceAccounts/service-account-id@{{.Provider.project}}.iam.gserviceaccount.com",
            "project": "{{.Provider.project}}",
            "timeouts": null,
            "unique_id": "108592438577779299646"
          },
          "sensitive_attributes": [],
          "private": "eyJlMmJmYjczMC1lY2FhLTExZTYtOGY4OC0zNDM2M2JjN2M0YzAiOnsiY3JlYXRlIjozMDAwMDAwMDAwMDB9fQ=="
        }
      ]
    }
  ],
  "check_results": []
}
