{
  "format_version": "0.2",
  "terraform_version": "1.0.10",
  "planned_values": {
    "root_module": {
      "resources": [
        {
          "address": "google_compute_network.network-1",
          "mode": "managed",
          "type": "google_compute_network",
          "name": "network-1",
          "provider_name": "registry.terraform.io/hashicorp/google",
          "schema_version": 0,
          "values": {
            "auto_create_subnetworks": false,
            "delete_default_routes_on_create": false,
            "description": null,
            "name": "network-1",
            "timeouts": null
          },
          "sensitive_values": {}
        },
        {
          "address": "google_compute_network.network-2",
          "mode": "managed",
          "type": "google_compute_network",
          "name": "network-2",
          "provider_name": "registry.terraform.io/hashicorp/google",
          "schema_version": 0,
          "values": {
            "auto_create_subnetworks": false,
            "delete_default_routes_on_create": false,
            "description": null,
            "name": "network-2",
            "timeouts": null
          },
          "sensitive_values": {}
        },
        {
          "address": "google_dns_policy.example-policy",
          "mode": "managed",
          "type": "google_dns_policy",
          "name": "example-policy",
          "provider_name": "registry.terraform.io/hashicorp/google",
          "schema_version": 0,
          "values": {
            "alternative_name_server_config": [
              {
                "target_name_servers": [
                  {
                    "forwarding_path": "",
                    "ipv4_address": "172.16.1.20"
                  },
                  {
                    "forwarding_path": "private",
                    "ipv4_address": "172.16.1.10"
                  }
                ]
              }
            ],
            "description": "Managed by Terraform",
            "enable_inbound_forwarding": true,
            "enable_logging": true,
            "name": "example-policy",
            "networks": [
              {},
              {}
            ],
            "timeouts": null
          },
          "sensitive_values": {
            "alternative_name_server_config": [
              {
                "target_name_servers": [
                  {},
                  {}
                ]
              }
            ],
            "networks": [
              {},
              {}
            ]
          }
        }
      ]
    }
  },
  "resource_changes": [
    {
      "address": "google_compute_network.network-1",
      "mode": "managed",
      "type": "google_compute_network",
      "name": "network-1",
      "provider_name": "registry.terraform.io/hashicorp/google",
      "change": {
        "actions": [
          "create"
        ],
        "before": null,
        "after": {
          "auto_create_subnetworks": false,
          "delete_default_routes_on_create": false,
          "description": null,
          "name": "network-1",
          "timeouts": null,
          "project": "{{.Provider.project}}",
          "network_firewall_policy_enforcement_order": "AFTER_CLASSIC_FIREWALL"
        },
        "after_unknown": {
          "gateway_ipv4": true,
          "id": true,
          "mtu": true,
          "routing_mode": true,
          "self_link": true
        },
        "before_sensitive": false,
        "after_sensitive": {}
      }
    },
    {
      "address": "google_compute_network.network-2",
      "mode": "managed",
      "type": "google_compute_network",
      "name": "network-2",
      "provider_name": "registry.terraform.io/hashicorp/google",
      "change": {
        "actions": [
          "create"
        ],
        "before": null,
        "after": {
          "auto_create_subnetworks": false,
          "delete_default_routes_on_create": false,
          "description": null,
          "name": "network-2",
          "timeouts": null,
          "project": "{{.Provider.project}}",
          "network_firewall_policy_enforcement_order": "AFTER_CLASSIC_FIREWALL"
        },
        "after_unknown": {
          "gateway_ipv4": true,
          "id": true,
          "mtu": true,
          "routing_mode": true,
          "self_link": true
        },
        "before_sensitive": false,
        "after_sensitive": {}
      }
    },
    {
      "address": "google_dns_policy.example-policy",
      "mode": "managed",
      "type": "google_dns_policy",
      "name": "example-policy",
      "provider_name": "registry.terraform.io/hashicorp/google",
      "change": {
        "actions": [
          "create"
        ],
        "before": null,
        "after": {
          "alternative_name_server_config": [
            {
              "target_name_servers": [
                {
                  "forwarding_path": "",
                  "ipv4_address": "172.16.1.20"
                },
                {
                  "forwarding_path": "private",
                  "ipv4_address": "172.16.1.10"
                }
              ]
            }
          ],
          "description": "Managed by Terraform",
          "enable_inbound_forwarding": true,
          "enable_logging": true,
          "name": "example-policy",
          "networks": [
            {},
            {}
          ],
          "timeouts": null,
          "project": "{{.Provider.project}}"
        },
        "after_unknown": {
          "alternative_name_server_config": [
            {
              "target_name_servers": [
                {},
                {}
              ]
            }
          ],
          "id": true,
          "networks": [
            {
              "network_url": true
            },
            {
              "network_url": true
            }
          ]
        },
        "before_sensitive": false,
        "after_sensitive": {
          "alternative_name_server_config": [
            {
              "target_name_servers": [
                {},
                {}
              ]
            }
          ],
          "networks": [
            {},
            {}
          ]
        }
      }
    }
  ],
  "configuration": {
    "provider_config": {
      "google": {
        "name": "google",
        "expressions": {
          "project": {
            "constant_value": "{{.Provider.project}}"
          }
        }
      }
    },
    "root_module": {
      "resources": [
        {
          "address": "google_compute_network.network-1",
          "mode": "managed",
          "type": "google_compute_network",
          "name": "network-1",
          "provider_config_key": "google",
          "expressions": {
            "auto_create_subnetworks": {
              "constant_value": false
            },
            "name": {
              "constant_value": "network-1"
            }
          },
          "schema_version": 0
        },
        {
          "address": "google_compute_network.network-2",
          "mode": "managed",
          "type": "google_compute_network",
          "name": "network-2",
          "provider_config_key": "google",
          "expressions": {
            "auto_create_subnetworks": {
              "constant_value": false
            },
            "name": {
              "constant_value": "network-2"
            }
          },
          "schema_version": 0
        },
        {
          "address": "google_dns_policy.example-policy",
          "mode": "managed",
          "type": "google_dns_policy",
          "name": "example-policy",
          "provider_config_key": "google",
          "expressions": {
            "alternative_name_server_config": [
              {
                "target_name_servers": [
                  {
                    "forwarding_path": {
                      "constant_value": "private"
                    },
                    "ipv4_address": {
                      "constant_value": "172.16.1.10"
                    }
                  },
                  {
                    "ipv4_address": {
                      "constant_value": "172.16.1.20"
                    }
                  }
                ]
              }
            ],
            "enable_inbound_forwarding": {
              "constant_value": true
            },
            "enable_logging": {
              "constant_value": true
            },
            "name": {
              "constant_value": "example-policy"
            },
            "networks": [
              {
                "network_url": {
                  "references": [
                    "google_compute_network.network-1.id",
                    "google_compute_network.network-1"
                  ]
                }
              },
              {
                "network_url": {
                  "references": [
                    "google_compute_network.network-2.id",
                    "google_compute_network.network-2"
                  ]
                }
              }
            ]
          },
          "schema_version": 0
        }
      ]
    }
  }
}
