{
  "format_version": "0.2",
  "terraform_version": "1.0.10",
  "planned_values": {
    "root_module": {
      "resources": [
        {
          "address": "google_compute_disk.default",
          "mode": "managed",
          "type": "google_compute_disk",
          "name": "default",
          "provider_name": "registry.terraform.io/hashicorp/google",
          "schema_version": 0,
          "values": {
            "description": null,
            "disk_encryption_key": [],
            "effective_labels": null,
            "image": "projects/debian-cloud/global/images/debian-8-jessie-v20170523",
            "labels": null,
            "name": "debian-disk",
            "provisioned_iops": null,
            "size": 10,
            "snapshot": null,
            "source_image_encryption_key": [],
            "source_snapshot_encryption_key": [],
            "terraform_labels": null,
            "timeouts": null,
            "type": "pd-ssd",
            "zone": "us-central1-a"
          },
          "sensitive_values": {
            "disk_encryption_key": [],
            "source_image_encryption_key": [],
            "source_snapshot_encryption_key": [],
            "users": []
          }
        },
        {
          "address": "google_compute_snapshot.default",
          "mode": "managed",
          "type": "google_compute_snapshot",
          "name": "default",
          "provider_name": "registry.terraform.io/hashicorp/google",
          "schema_version": 0,
          "values": {
            "description": null,
            "effective_labels": {
              "test-name": "test-value"
            },
            "labels": {
              "test-name": "test-value"
            },
            "name": "test-instance",
            "snapshot_encryption_key": [],
            "source_disk": "debian-disk",
            "source_disk_encryption_key": [],
            "storage_locations": [
              "us-central1"
            ],
            "terraform_labels": {
              "test-name": "test-value"
            },
            "timeouts": null,
            "zone": "us-central1-a"
          },
          "sensitive_values": {
            "effective_labels": {},
            "labels": {},
            "licenses": [],
            "snapshot_encryption_key": [],
            "source_disk_encryption_key": [],
            "storage_locations": [
              false
            ],
            "terraform_labels": {}
          }
        }
      ]
    }
  },
  "resource_changes": [
    {
      "address": "google_compute_disk.default",
      "mode": "managed",
      "type": "google_compute_disk",
      "name": "default",
      "provider_name": "registry.terraform.io/hashicorp/google",
      "change": {
        "actions": [
          "create"
        ],
        "before": null,
        "after": {
          "description": null,
          "disk_encryption_key": [],
          "effective_labels": null,
          "image": "projects/debian-cloud/global/images/debian-8-jessie-v20170523",
          "labels": null,
          "name": "debian-disk",
          "provisioned_iops": null,
          "size": 10,
          "snapshot": null,
          "source_image_encryption_key": [],
          "source_snapshot_encryption_key": [],
          "terraform_labels": null,
          "timeouts": null,
          "type": "pd-ssd",
          "zone": "us-central1-a",
          "project": "{{.Provider.project}}"
        },
        "after_unknown": {
          "creation_timestamp": true,
          "disk_encryption_key": [],
          "id": true,
          "label_fingerprint": true,
          "last_attach_timestamp": true,
          "last_detach_timestamp": true,
          "physical_block_size_bytes": true,
          "self_link": true,
          "source_image_encryption_key": [],
          "source_image_id": true,
          "source_snapshot_encryption_key": [],
          "source_snapshot_id": true,
          "users": true
        },
        "before_sensitive": false,
        "after_sensitive": {
          "disk_encryption_key": [],
          "source_image_encryption_key": [],
          "source_snapshot_encryption_key": [],
          "users": []
        }
      }
    },
    {
      "address": "google_compute_snapshot.default",
      "mode": "managed",
      "type": "google_compute_snapshot",
      "name": "default",
      "provider_name": "registry.terraform.io/hashicorp/google",
      "change": {
        "actions": [
          "create"
        ],
        "before": null,
        "after": {
          "description": null,
          "effective_labels": {
            "test-name": "test-value"
          },
          "labels": {
            "test-name": "test-value"
          },
          "name": "test-instance",
          "snapshot_encryption_key": [],
          "source_disk": "debian-disk",
          "source_disk_encryption_key": [],
          "storage_locations": [
            "us-central1"
          ],
          "terraform_labels": {
            "test-name": "test-value"
          },
          "timeouts": null,
          "zone": "us-central1-a",
          "project": "{{.Provider.project}}"
        },
        "after_unknown": {
          "creation_timestamp": true,
          "disk_size_gb": true,
          "effective_labels": {},
          "id": true,
          "label_fingerprint": true,
          "labels": {},
          "licenses": true,
          "self_link": true,
          "snapshot_encryption_key": [],
          "snapshot_id": true,
          "source_disk_encryption_key": [],
          "storage_bytes": true,
          "storage_locations": [
            false
          ],
          "terraform_labels": {}
        },
        "before_sensitive": false,
        "after_sensitive": {
          "effective_labels": {},
          "labels": {},
          "licenses": [],
          "snapshot_encryption_key": [],
          "source_disk_encryption_key": [],
          "storage_locations": [
            false
          ],
          "terraform_labels": {}
        }
      }
    }
  ],
  "configuration": {
    "provider_config": {
      "google": {
        "name": "google",
        "expressions": {
          "project": {
            "constant_value": "{{.Provider.project}}"
          }
        }
      }
    },
    "root_module": {
      "resources": [
        {
          "address": "google_compute_disk.default",
          "mode": "managed",
          "type": "google_compute_disk",
          "name": "default",
          "provider_config_key": "google",
          "expressions": {
            "image": {
              "constant_value": "projects/debian-cloud/global/images/debian-8-jessie-v20170523"
            },
            "name": {
              "constant_value": "debian-disk"
            },
            "size": {
              "constant_value": 10
            },
            "type": {
              "constant_value": "pd-ssd"
            },
            "zone": {
              "constant_value": "us-central1-a"
            }
          },
          "schema_version": 0
        },
        {
          "address": "google_compute_snapshot.default",
          "mode": "managed",
          "type": "google_compute_snapshot",
          "name": "default",
          "provider_config_key": "google",
          "expressions": {
            "labels": {
              "constant_value": {
                "test-name": "test-value"
              }
            },
            "name": {
              "constant_value": "test-instance"
            },
            "source_disk": {
              "references": [
                "google_compute_disk.default.name",
                "google_compute_disk.default"
              ]
            },
            "storage_locations": {
              "constant_value": [
                "us-central1"
              ]
            },
            "zone": {
              "constant_value": "us-central1-a"
            }
          },
          "schema_version": 0
        }
      ]
    }
  }
}
