{
  "format_version": "0.2",
  "terraform_version": "1.0.10",
  "planned_values": {
    "root_module": {
      "resources": [
        {
          "address": "google_compute_address.internal_with_subnet_and_address",
          "mode": "managed",
          "type": "google_compute_address",
          "name": "internal_with_subnet_and_address",
          "provider_name": "registry.terraform.io/hashicorp/google",
          "schema_version": 0,
          "values": {
            "address": "10.0.42.42",
            "address_type": "INTERNAL",
            "description": null,
            "name": "my-internal-address",
            "network": null,
            "prefix_length": null,
            "region": "us-central1",
            "timeouts": null
          },
          "sensitive_values": {
            "users": []
          }
        },
        {
          "address": "google_compute_network.default",
          "mode": "managed",
          "type": "google_compute_network",
          "name": "default",
          "provider_name": "registry.terraform.io/hashicorp/google",
          "schema_version": 0,
          "values": {
            "auto_create_subnetworks": true,
            "delete_default_routes_on_create": false,
            "description": null,
            "name": "my-network",
            "timeouts": null
          },
          "sensitive_values": {}
        },
        {
          "address": "google_compute_subnetwork.default",
          "mode": "managed",
          "type": "google_compute_subnetwork",
          "name": "default",
          "provider_name": "registry.terraform.io/hashicorp/google",
          "schema_version": 0,
          "values": {
            "description": null,
            "ip_cidr_range": "10.0.0.0/16",
            "ipv6_access_type": null,
            "log_config": [],
            "name": "my-subnet",
            "private_ip_google_access": null,
            "region": "us-central1",
            "role": null,
            "timeouts": null
          },
          "sensitive_values": {
            "log_config": [],
            "secondary_ip_range": []
          }
        }
      ]
    }
  },
  "resource_changes": [
    {
      "address": "google_compute_address.internal_with_subnet_and_address",
      "mode": "managed",
      "type": "google_compute_address",
      "name": "internal_with_subnet_and_address",
      "provider_name": "registry.terraform.io/hashicorp/google",
      "change": {
        "actions": [
          "create"
        ],
        "before": null,
        "after": {
          "address": "10.0.42.42",
          "address_type": "INTERNAL",
          "description": null,
          "name": "my-internal-address",
          "network": null,
          "prefix_length": null,
          "region": "us-central1",
          "timeouts": null
        },
        "after_unknown": {
          "creation_timestamp": true,
          "id": true,
          "network_tier": true,
          "project": true,
          "purpose": true,
          "self_link": true,
          "subnetwork": true,
          "users": true
        },
        "before_sensitive": false,
        "after_sensitive": {
          "users": []
        }
      }
    },
    {
      "address": "google_compute_network.default",
      "mode": "managed",
      "type": "google_compute_network",
      "name": "default",
      "provider_name": "registry.terraform.io/hashicorp/google",
      "change": {
        "actions": [
          "create"
        ],
        "before": null,
        "after": {
          "auto_create_subnetworks": true,
          "delete_default_routes_on_create": false,
          "description": null,
          "name": "my-network",
          "timeouts": null
        },
        "after_unknown": {
          "gateway_ipv4": true,
          "id": true,
          "mtu": true,
          "project": true,
          "routing_mode": true,
          "self_link": true
        },
        "before_sensitive": false,
        "after_sensitive": {}
      }
    },
    {
      "address": "google_compute_subnetwork.default",
      "mode": "managed",
      "type": "google_compute_subnetwork",
      "name": "default",
      "provider_name": "registry.terraform.io/hashicorp/google",
      "change": {
        "actions": [
          "create"
        ],
        "before": null,
        "after": {
          "description": null,
          "ip_cidr_range": "10.0.0.0/16",
          "ipv6_access_type": null,
          "log_config": [],
          "name": "my-subnet",
          "private_ip_google_access": null,
          "region": "us-central1",
          "role": null,
          "timeouts": null
        },
        "after_unknown": {
          "creation_timestamp": true,
          "external_ipv6_prefix": true,
          "fingerprint": true,
          "gateway_address": true,
          "id": true,
          "ipv6_cidr_range": true,
          "log_config": [],
          "network": true,
          "private_ipv6_google_access": true,
          "project": true,
          "purpose": true,
          "secondary_ip_range": true,
          "self_link": true,
          "stack_type": true
        },
        "before_sensitive": false,
        "after_sensitive": {
          "log_config": [],
          "secondary_ip_range": []
        }
      }
    }
  ],
  "configuration": {
    "provider_config": {
      "google": {
        "name": "google",
        "expressions": {
          "project": {
            "constant_value": "{{.Provider.project}}"
          }
        }
      }
    },
    "root_module": {
      "resources": [
        {
          "address": "google_compute_address.internal_with_subnet_and_address",
          "mode": "managed",
          "type": "google_compute_address",
          "name": "internal_with_subnet_and_address",
          "provider_config_key": "google",
          "expressions": {
            "address": {
              "constant_value": "10.0.42.42"
            },
            "address_type": {
              "constant_value": "INTERNAL"
            },
            "name": {
              "constant_value": "my-internal-address"
            },
            "region": {
              "constant_value": "us-central1"
            },
            "subnetwork": {
              "references": [
                "google_compute_subnetwork.default.id",
                "google_compute_subnetwork.default"
              ]
            }
          },
          "schema_version": 0
        },
        {
          "address": "google_compute_network.default",
          "mode": "managed",
          "type": "google_compute_network",
          "name": "default",
          "provider_config_key": "google",
          "expressions": {
            "name": {
              "constant_value": "my-network"
            }
          },
          "schema_version": 0
        },
        {
          "address": "google_compute_subnetwork.default",
          "mode": "managed",
          "type": "google_compute_subnetwork",
          "name": "default",
          "provider_config_key": "google",
          "expressions": {
            "ip_cidr_range": {
              "constant_value": "10.0.0.0/16"
            },
            "name": {
              "constant_value": "my-subnet"
            },
            "network": {
              "references": [
                "google_compute_network.default.id",
                "google_compute_network.default"
              ]
            },
            "region": {
              "constant_value": "us-central1"
            }
          },
          "schema_version": 0
        }
      ]
    }
  }
}
