{
  "format_version": "1.1",
  "terraform_version": "1.3.6",
  "planned_values": {
    "root_module": {
      "resources": [
        {
          "address": "google_service_account.service_account",
          "mode": "managed",
          "type": "google_service_account",
          "name": "service_account",
          "provider_name": "registry.terraform.io/hashicorp/google",
          "schema_version": 0,
          "values": {
            "account_id": "service-account-id",
            "description": "Service Account Description",
            "disabled": false,
            "display_name": "Service Account",
            "timeouts": null
          },
          "sensitive_values": {}
        }
      ]
    }
  },
  "resource_changes": [
    {
      "address": "google_service_account.service_account",
      "mode": "managed",
      "type": "google_service_account",
      "name": "service_account",
      "provider_name": "registry.terraform.io/hashicorp/google",
      "change": {
        "actions": [
          "create"
        ],
        "before": null,
        "after": {
          "account_id": "service-account-id",
          "description": "Service Account Description",
          "disabled": false,
          "display_name": "Service Account",
          "timeouts": null,
          "project": "{{.Provider.project}}"
        },
        "after_unknown": {
          "email": true,
          "id": true,
          "member": true,
          "name": true,
          "unique_id": true
        },
        "before_sensitive": false,
        "after_sensitive": {}
      }
    }
  ],
  "configuration": {
    "provider_config": {
      "google": {
        "name": "google",
        "full_name": "registry.terraform.io/hashicorp/google",
        "expressions": {
          "project": {
            "constant_value": "{{.Provider.project}}"
          },
          "region": {
            "constant_value": "asia-southeast-1"
          }
        }
      }
    },
    "root_module": {
      "resources": [
        {
          "address": "google_service_account.service_account",
          "mode": "managed",
          "type": "google_service_account",
          "name": "service_account",
          "provider_config_key": "google",
          "expressions": {
            "account_id": {
              "constant_value": "service-account-id"
            },
            "description": {
              "constant_value": "Service Account Description"
            },
            "disabled": {
              "constant_value": false
            },
            "display_name": {
              "constant_value": "Service Account"
            }
          },
          "schema_version": 0
        }
      ]
    }
  }
}