{
  "format_version": "1.2",
  "terraform_version": "1.5.6",
  "planned_values": {
    "root_module": {
      "resources": [
        {
          "address": "google_storage_bucket.image-store",
          "mode": "managed",
          "type": "google_storage_bucket",
          "name": "image-store",
          "provider_name": "registry.terraform.io/hashicorp/google",
          "schema_version": 1,
          "values": {
            "autoclass": [],
            "cors": [],
            "custom_placement_config": [],
            "default_event_based_hold": null,
            "encryption": [],
            "force_destroy": false,
            "labels": null,
            "lifecycle_rule": [],
            "location": "EU",
            "logging": [],
            "name": "image-store-bucket",
            "requester_pays": null,
            "retention_policy": [],
            "storage_class": "STANDARD",
            "timeouts": null,
            "website": [
              {
                "main_page_suffix": "index.html",
                "not_found_page": "404.html"
              }
            ]
          },
          "sensitive_values": {
            "autoclass": [],
            "cors": [],
            "custom_placement_config": [],
            "effective_labels": {},
            "encryption": [],
            "lifecycle_rule": [],
            "logging": [],
            "retention_policy": [],
            "terraform_labels": {},
            "versioning": [],
            "website": [
              {}
            ]
          }
        },
        {
          "address": "random_string.suffix",
          "mode": "managed",
          "type": "random_string",
          "name": "suffix",
          "provider_name": "registry.terraform.io/hashicorp/random",
          "schema_version": 2,
          "values": {
            "keepers": null,
            "length": 4,
            "lower": true,
            "min_lower": 0,
            "min_numeric": 0,
            "min_special": 0,
            "min_upper": 0,
            "number": true,
            "numeric": true,
            "override_special": null,
            "special": false,
            "upper": false
          },
          "sensitive_values": {}
        }
      ]
    }
  },
  "resource_changes": [
    {
      "address": "google_storage_bucket.image-store",
      "mode": "managed",
      "type": "google_storage_bucket",
      "name": "image-store",
      "provider_name": "registry.terraform.io/hashicorp/google",
      "change": {
        "actions": [
          "create"
        ],
        "before": null,
        "after": {
          "autoclass": [],
          "cors": [],
          "custom_placement_config": [],
          "default_event_based_hold": null,
          "encryption": [],
          "force_destroy": false,
          "labels": null,
          "lifecycle_rule": [],
          "location": "EU",
          "logging": [],
          "name": "image-store-bucket",
          "requester_pays": null,
          "retention_policy": [],
          "storage_class": "STANDARD",
          "timeouts": null,
          "website": [
            {
              "main_page_suffix": "index.html",
              "not_found_page": "404.html"
            }
          ]
        },
        "after_unknown": {
          "autoclass": [],
          "cors": [],
          "custom_placement_config": [],
          "effective_labels": true,
          "encryption": [],
          "id": true,
          "lifecycle_rule": [],
          "logging": [],
          "project": true,
          "public_access_prevention": true,
          "retention_policy": [],
          "self_link": true,
          "terraform_labels": true,
          "uniform_bucket_level_access": true,
          "url": true,
          "versioning": true,
          "website": [
            {}
          ]
        },
        "before_sensitive": false,
        "after_sensitive": {
          "autoclass": [],
          "cors": [],
          "custom_placement_config": [],
          "effective_labels": {},
          "encryption": [],
          "lifecycle_rule": [],
          "logging": [],
          "retention_policy": [],
          "terraform_labels": {},
          "versioning": [],
          "website": [
            {}
          ]
        }
      }
    },
    {
      "address": "random_string.suffix",
      "mode": "managed",
      "type": "random_string",
      "name": "suffix",
      "provider_name": "registry.terraform.io/hashicorp/random",
      "change": {
        "actions": [
          "create"
        ],
        "before": null,
        "after": {
          "keepers": null,
          "length": 4,
          "lower": true,
          "min_lower": 0,
          "min_numeric": 0,
          "min_special": 0,
          "min_upper": 0,
          "number": true,
          "numeric": true,
          "override_special": null,
          "special": false,
          "upper": false
        },
        "after_unknown": {
          "id": true,
          "result": true
        },
        "before_sensitive": false,
        "after_sensitive": {}
      }
    }
  ],
  "configuration": {
    "provider_config": {
      "google": {
        "name": "google",
        "full_name": "registry.terraform.io/hashicorp/google",
        "version_constraint": "5.0.0"
      },
      "random": {
        "name": "random",
        "full_name": "registry.terraform.io/hashicorp/random"
      }
    },
    "root_module": {
      "resources": [
        {
          "address": "google_storage_bucket.image-store",
          "mode": "managed",
          "type": "google_storage_bucket",
          "name": "image-store",
          "provider_config_key": "google",
          "expressions": {
            "location": {
              "constant_value": "EU"
            },
            "name": {
              "constant_value": "image-store-bucket"
            },
            "project": {
              "references": [
                "random_string.suffix.result",
                "random_string.suffix"
              ]
            },
            "website": [
              {
                "main_page_suffix": {
                  "constant_value": "index.html"
                },
                "not_found_page": {
                  "constant_value": "404.html"
                }
              }
            ]
          },
          "schema_version": 1
        },
        {
          "address": "random_string.suffix",
          "mode": "managed",
          "type": "random_string",
          "name": "suffix",
          "provider_config_key": "random",
          "expressions": {
            "length": {
              "constant_value": 4
            },
            "special": {
              "constant_value": false
            },
            "upper": {
              "constant_value": false
            }
          },
          "schema_version": 2
        }
      ]
    }
  },
  "relevant_attributes": [
    {
      "resource": "random_string.suffix",
      "attribute": [
        "result"
      ]
    }
  ],
  "timestamp": "2023-10-11T17:45:17Z"
}
