{
  "format_version": "0.2",
  "terraform_version": "1.0.10",
  "planned_values": {
    "root_module": {
      "resources": [
        {
          "address": "google_secret_manager_secret.secret-basic",
          "mode": "managed",
          "type": "google_secret_manager_secret",
          "name": "secret-basic",
          "provider_name": "registry.terraform.io/hashicorp/google",
          "schema_version": 0,
          "values": {
            "labels": {
              "label": "my-label"
            },
            "replication": [
              {
                "automatic": null,
                "user_managed": [
                  {
                    "replicas": [
                      {
                        "customer_managed_encryption": [],
                        "location": "us-central1"
                      },
                      {
                        "customer_managed_encryption": [],
                        "location": "us-east1"
                      }
                    ]
                  }
                ]
              }
            ],
            "rotation": [],
            "secret_id": "secret",
            "timeouts": null,
            "topics": [],
            "ttl": null
          },
          "sensitive_values": {
            "labels": {},
            "replication": [
              {
                "user_managed": [
                  {
                    "replicas": [
                      {
                        "customer_managed_encryption": []
                      },
                      {
                        "customer_managed_encryption": []
                      }
                    ]
                  }
                ]
              }
            ],
            "rotation": [],
            "topics": []
          }
        },
        {
          "address": "google_secret_manager_secret_iam_binding.binding",
          "mode": "managed",
          "type": "google_secret_manager_secret_iam_binding",
          "name": "binding",
          "provider_name": "registry.terraform.io/hashicorp/google",
          "schema_version": 0,
          "values": {
            "condition": [],
            "members": [
              "user:jane@example.com"
            ],
            "role": "roles/secretmanager.secretAccessor",
            "secret_id": "secret"
          },
          "sensitive_values": {
            "condition": [],
            "members": [
              false
            ]
          }
        }
      ]
    }
  },
  "resource_changes": [
    {
      "address": "google_secret_manager_secret.secret-basic",
      "mode": "managed",
      "type": "google_secret_manager_secret",
      "name": "secret-basic",
      "provider_name": "registry.terraform.io/hashicorp/google",
      "change": {
        "actions": [
          "create"
        ],
        "before": null,
        "after": {
          "labels": {
            "label": "my-label"
          },
          "replication": [
            {
              "automatic": null,
              "user_managed": [
                {
                  "replicas": [
                    {
                      "customer_managed_encryption": [],
                      "location": "us-central1"
                    },
                    {
                      "customer_managed_encryption": [],
                      "location": "us-east1"
                    }
                  ]
                }
              ]
            }
          ],
          "rotation": [],
          "secret_id": "secret",
          "timeouts": null,
          "topics": [],
          "ttl": null
        },
        "after_unknown": {
          "create_time": true,
          "expire_time": true,
          "id": true,
          "labels": {},
          "name": true,
          "project": true,
          "replication": [
            {
              "user_managed": [
                {
                  "replicas": [
                    {
                      "customer_managed_encryption": []
                    },
                    {
                      "customer_managed_encryption": []
                    }
                  ]
                }
              ]
            }
          ],
          "rotation": [],
          "topics": []
        },
        "before_sensitive": false,
        "after_sensitive": {
          "labels": {},
          "replication": [
            {
              "user_managed": [
                {
                  "replicas": [
                    {
                      "customer_managed_encryption": []
                    },
                    {
                      "customer_managed_encryption": []
                    }
                  ]
                }
              ]
            }
          ],
          "rotation": [],
          "topics": []
        }
      }
    },
    {
      "address": "google_secret_manager_secret_iam_binding.binding",
      "mode": "managed",
      "type": "google_secret_manager_secret_iam_binding",
      "name": "binding",
      "provider_name": "registry.terraform.io/hashicorp/google",
      "change": {
        "actions": [
          "create"
        ],
        "before": null,
        "after": {
          "condition": [],
          "members": [
            "user:jane@example.com"
          ],
          "role": "roles/secretmanager.secretAccessor",
          "secret_id": "secret"
        },
        "after_unknown": {
          "condition": [],
          "etag": true,
          "id": true,
          "members": [
            false
          ],
          "project": true
        },
        "before_sensitive": false,
        "after_sensitive": {
          "condition": [],
          "members": [
            false
          ]
        }
      }
    }
  ],
  "configuration": {
    "root_module": {
      "resources": [
        {
          "address": "google_secret_manager_secret.secret-basic",
          "mode": "managed",
          "type": "google_secret_manager_secret",
          "name": "secret-basic",
          "provider_config_key": "google",
          "expressions": {
            "labels": {
              "constant_value": {
                "label": "my-label"
              }
            },
            "replication": [
              {
                "user_managed": [
                  {
                    "replicas": [
                      {
                        "location": {
                          "constant_value": "us-central1"
                        }
                      },
                      {
                        "location": {
                          "constant_value": "us-east1"
                        }
                      }
                    ]
                  }
                ]
              }
            ],
            "secret_id": {
              "constant_value": "secret"
            }
          },
          "schema_version": 0
        },
        {
          "address": "google_secret_manager_secret_iam_binding.binding",
          "mode": "managed",
          "type": "google_secret_manager_secret_iam_binding",
          "name": "binding",
          "provider_config_key": "google",
          "expressions": {
            "members": {
              "constant_value": [
                "user:jane@example.com"
              ]
            },
            "project": {
              "references": [
                "google_secret_manager_secret.secret-basic.project",
                "google_secret_manager_secret.secret-basic"
              ]
            },
            "role": {
              "constant_value": "roles/secretmanager.secretAccessor"
            },
            "secret_id": {
              "references": [
                "google_secret_manager_secret.secret-basic.secret_id",
                "google_secret_manager_secret.secret-basic"
              ]
            }
          },
          "schema_version": 0
        }
      ]
    }
  }
}
