{
  "format_version": "0.1",
  "terraform_version": "0.12.6",
  "planned_values": {
    "root_module": {
      "resources": [
        {
          "address": "google_access_context_manager_service_perimeter.service-perimeter",
          "mode": "managed",
          "type": "google_access_context_manager_service_perimeter",
          "name": "service-perimeter",
          "provider_name": "google",
          "schema_version": 0,
          "values": {
            "description": null,
            "name": "accessPolicies/987654/servicePerimeters/restrict_storage",
            "parent": "accessPolicies/987654",
            "perimeter_type": "PERIMETER_TYPE_REGULAR",
            "spec": [],
            "status": [
              {
                "access_levels": null,
                "egress_policies": [
                  {
                    "egress_from": [
                      {
                        "identities": null,
                        "identity_type": "ANY_USER_ACCOUNT"
                      }
                    ],
                    "egress_to": []
                  }
                ],
                "ingress_policies": [
                  {
                    "ingress_from": [
                      {
                        "identities": null,
                        "identity_type": "ANY_IDENTITY",
                        "sources": [
                          {
                            "access_level": "accessPolicies/987654/accessLevels/restrict_storage",
                            "resource": null
                          }
                        ]
                      }
                    ],
                    "ingress_to": [
                      {
                        "operations": [
                          {
                            "method_selectors": [
                              {
                                "method": "google.storage.objects.create",
                                "permission": null
                              }
                            ],
                            "service_name": "storage.googleapis.com"
                          }
                        ],
                        "resources": [
                          "*"
                        ]
                      }
                    ]
                  }
                ],
                "resources": [
                  "projects/54321",
                  "projects/4321"
                ],
                "restricted_services": [
                  "storage.googleapis.com",
                  "bigquery.googleapis.com"
                ],
                "vpc_accessible_services": []
              }
            ],
            "timeouts": null,
            "title": "restrict_storage",
            "use_explicit_dry_run_spec": null
          }
        }
      ]
    }
  },
  "resource_changes": [
    {
      "address": "google_access_context_manager_service_perimeter.service-perimeter",
      "mode": "managed",
      "type": "google_access_context_manager_service_perimeter",
      "name": "service-perimeter",
      "provider_name": "google",
      "change": {
        "actions": [
          "create"
        ],
        "before": null,
        "after": {
          "description": null,
          "name": "accessPolicies/987654/servicePerimeters/restrict_storage",
          "parent": "accessPolicies/987654",
          "perimeter_type": "PERIMETER_TYPE_REGULAR",
          "spec": [],
          "status": [
            {
              "access_levels": null,
              "egress_policies": [
                {
                  "egress_from": [
                    {
                      "identities": null,
                      "identity_type": "ANY_USER_ACCOUNT"
                    }
                  ],
                  "egress_to": []
                }
              ],
              "ingress_policies": [
                {
                  "ingress_from": [
                    {
                      "identities": null,
                      "identity_type": "ANY_IDENTITY",
                      "sources": [
                        {
                          "access_level": "accessPolicies/987654/accessLevels/restrict_storage",
                          "resource": null
                        }
                      ]
                    }
                  ],
                  "ingress_to": [
                    {
                      "operations": [
                        {
                          "method_selectors": [
                            {
                              "method": "google.storage.objects.create",
                              "permission": null
                            }
                          ],
                          "service_name": "storage.googleapis.com"
                        }
                      ],
                      "resources": [
                        "*"
                      ]
                    }
                  ]
                }
              ],
              "resources": [
                "projects/54321",
                "projects/4321"
              ],
              "restricted_services": [
                "bigquery.googleapis.com",
                "storage.googleapis.com"
              ],
              "vpc_accessible_services": []
            }
          ],
          "timeouts": null,
          "title": "restrict_storage",
          "use_explicit_dry_run_spec": null
        },
        "after_unknown": {
          "create_time": true,
          "id": true,
          "spec": [],
          "status": [
            {
              "egress_policies": [
                {
                  "egress_from": [
                    {}
                  ],
                  "egress_to": []
                }
              ],
              "ingress_policies": [
                {
                  "ingress_from": [
                    {
                      "sources": [
                        {}
                      ]
                    }
                  ],
                  "ingress_to": [
                    {
                      "operations": [
                        {
                          "method_selectors": [
                            {}
                          ]
                        }
                      ],
                      "resources": [
                        false
                      ]
                    }
                  ]
                }
              ],
              "resources": [
                false
              ],
              "restricted_services": [
                false
              ],
              "vpc_accessible_services": []
            }
          ],
          "update_time": true
        }
      }
    }
  ],
  "configuration": {
    "provider_config": {
      "google": {
        "name": "google",
        "expressions": {
          "project": {
            "constant_value": "{{.Provider.project}}"
          }
        }
      }
    },
    "root_module": {
      "resources": [
        {
          "address": "google_access_context_manager_service_perimeter.service-perimeter",
          "mode": "managed",
          "type": "google_access_context_manager_service_perimeter",
          "name": "service-perimeter",
          "provider_config_key": "google",
          "expressions": {
            "name": {
              "constant_value": "accessPolicies/987654/servicePerimeters/restrict_storage"
            },
            "parent": {
              "constant_value": "accessPolicies/987654"
            },
            "status": [
              {
                "egress_policies": [
                  {
                    "egress_from": [
                      {
                        "identity_type": {
                          "constant_value": "ANY_USER_ACCOUNT"
                        }
                      }
                    ]
                  }
                ],
                "ingress_policies": [
                  {
                    "ingress_from": [
                      {
                        "identity_type": {
                          "constant_value": "ANY_IDENTITY"
                        },
                        "sources": [
                          {
                            "access_level": {
                              "constant_value": "accessPolicies/987654/accessLevels/restrict_storage"
                            }
                          }
                        ]
                      }
                    ],
                    "ingress_to": [
                      {
                        "operations": [
                          {
                            "method_selectors": [
                              {
                                "method": {
                                  "constant_value": "google.storage.objects.create"
                                }
                              }
                            ],
                            "service_name": {
                              "constant_value": "storage.googleapis.com"
                            }
                          }
                        ],
                        "resources": {
                          "constant_value": [
                            "*"
                          ]
                        }
                      }
                    ]
                  }
                ],
                "resources": {
                  "constant_value": [
                    "projects/54321",
                    "projects/4321"
                  ]
                },
                "restricted_services": {
                  "constant_value": [
                    "bigquery.googleapis.com",
                    "storage.googleapis.com"
                  ]
                }
              }
            ],
            "title": {
              "constant_value": "restrict_storage"
            }
          },
          "schema_version": 0
        }
      ]
    }
  }
}