{
  "format_version": "1.1",
  "terraform_version": "1.3.6",
  "planned_values": {
    "root_module": {
      "resources": [
        {
          "address": "google_compute_target_https_proxy.target-https-proxy",
          "mode": "managed",
          "type": "google_compute_target_https_proxy",
          "name": "target-https-proxy",
          "provider_name": "registry.terraform.io/hashicorp/google",
          "schema_version": 0,
          "values": {
            "certificate_map": null,
            "description": null,
            "name": "target-https-proxy",
            "quic_override": "NONE",
            "ssl_certificates": [
              "ssl-certificate-id"
            ],
            "ssl_policy": "ssl-policy-id",
            "timeouts": null,
            "url_map": "url-map-id"
          },
          "sensitive_values": {
            "ssl_certificates": [
              false
            ]
          }
        }
      ]
    }
  },
  "resource_changes": [
    {
      "address": "google_compute_target_https_proxy.target-https-proxy",
      "mode": "managed",
      "type": "google_compute_target_https_proxy",
      "name": "target-https-proxy",
      "provider_name": "registry.terraform.io/hashicorp/google",
      "change": {
        "actions": [
          "create"
        ],
        "before": null,
        "after": {
          "certificate_map": null,
          "description": null,
          "name": "target-https-proxy",
          "quic_override": "NONE",
          "ssl_certificates": [
            "ssl-certificate-id"
          ],
          "ssl_policy": "ssl-policy-id",
          "timeouts": null,
          "url_map": "url-map-id"
        },
        "after_unknown": {
          "creation_timestamp": true,
          "id": true,
          "project": true,
          "proxy_bind": true,
          "proxy_id": true,
          "self_link": true,
          "ssl_certificates": [
            false
          ]
        },
        "before_sensitive": false,
        "after_sensitive": {
          "ssl_certificates": [
            false
          ]
        }
      }
    }
  ],
  "configuration": {
    "provider_config": {
      "google": {
        "name": "google",
        "full_name": "registry.terraform.io/hashicorp/google",
        "expressions": {
          "project": {
            "constant_value": "cncac-demo-env"
          },
          "region": {
            "constant_value": "asia-southeast-1"
          }
        }
      }
    },
    "root_module": {
      "resources": [
        {
          "address": "google_compute_target_https_proxy.target-https-proxy",
          "mode": "managed",
          "type": "google_compute_target_https_proxy",
          "name": "target-https-proxy",
          "provider_config_key": "google",
          "expressions": {
            "name": {
              "constant_value": "target-https-proxy"
            },
            "ssl_certificates": {
              "constant_value": [
                "ssl-certificate-id"
              ]
            },
            "ssl_policy": {
              "constant_value": "ssl-policy-id"
            },
            "url_map": {
              "constant_value": "url-map-id"
            }
          },
          "schema_version": 0
        }
      ]
    }
  }
}