{
	"format_version": "0.1",
	"terraform_version": "0.15.3",
	"planned_values": {
		"root_module": {
			"resources": [{
				"address": "google_bigquery_dataset.example_dataset",
				"mode": "managed",
				"type": "google_bigquery_dataset",
				"name": "example_dataset",
				"provider_name": "google",
				"schema_version": 0,
				"values": {
					"dataset_id": "test-dataset",
					"default_encryption_configuration": [],
					"default_partition_expiration_ms": null,
					"default_table_expiration_ms": 3600000,
					"delete_contents_on_destroy": false,
					"description": null,
					"effective_labels": {
						"env": "dev"
					},
					"friendly_name": null,
					"labels": {
						"env": "dev"
					},
					"terraform_labels": {
						"env": "dev"
					},
					"location": "EU",
					"project": "{{.Provider.project}}",
					"timeouts": null
				}
			}, {
				"address": "google_bigquery_dataset_iam_member.dataset",
				"mode": "managed",
				"type": "google_bigquery_dataset_iam_member",
				"name": "dataset",
				"provider_name": "google",
				"schema_version": 0,
				"values": {
					"condition": [],
					"dataset_id": "test-dataset",
					"member": "allAuthenticatedUsers",
					"role": "roles/bigquery.dataEditor"
				}
			}]
		}
	},
	"resource_changes": [{
		"address": "google_bigquery_dataset.example_dataset",
		"mode": "managed",
		"type": "google_bigquery_dataset",
		"name": "example_dataset",
		"provider_name": "google",
		"change": {
			"actions": ["create"],
			"before": null,
			"after": {
				"dataset_id": "test-dataset",
				"default_encryption_configuration": [],
				"default_partition_expiration_ms": null,
				"default_table_expiration_ms": 3600000,
				"delete_contents_on_destroy": false,
				"description": null,
				"effective_labels": {
					"env": "dev"
				},
				"friendly_name": null,
				"labels": {
					"env": "dev"
				},
				"terraform_labels": {
					"env": "dev"
				},
				"location": "EU",
				"project": "{{.Provider.project}}",
				"timeouts": null
			},
			"after_unknown": {
				"access": true,
				"creation_time": true,
				"default_encryption_configuration": [],
				"effective_labels": {},
				"etag": true,
				"id": true,
				"labels": {},
				"terraform_labels": {},
				"last_modified_time": true,
				"self_link": true
			}
		}
	}, {
		"address": "google_bigquery_dataset_iam_member.dataset",
		"mode": "managed",
		"type": "google_bigquery_dataset_iam_member",
		"name": "dataset",
		"provider_name": "google",
		"change": {
			"actions": ["create"],
			"before": null,
			"after": {
				"condition": [],
				"dataset_id": "test-dataset",
				"member": "allAuthenticatedUsers",
				"role": "roles/bigquery.dataEditor"
			},
			"after_unknown": {
				"condition": [],
				"etag": true,
				"id": true,
				"project": true
			}
		}
	}],
	"configuration": {
		"provider_config": {
			"google": {
				"name": "google",
				"expressions": {
					"project": {
						"constant_value": "{{.Provider.project}}"
					}
				}
			}
		},
		"root_module": {
			"resources": [{
				"address": "google_bigquery_dataset.example_dataset",
				"mode": "managed",
				"type": "google_bigquery_dataset",
				"name": "example_dataset",
				"provider_config_key": "google",
				"expressions": {
					"dataset_id": {
						"constant_value": "test-dataset"
					},
					"default_table_expiration_ms": {
						"constant_value": 3600000
					},
					"labels": {
						"constant_value": {
							"env": "dev"
						}
					},
					"location": {
						"constant_value": "EU"
					},
					"project": {
						"constant_value": "{{.Provider.project}}"
					}
				},
				"schema_version": 0
			}, {
				"address": "google_bigquery_dataset_iam_member.dataset",
				"mode": "managed",
				"type": "google_bigquery_dataset_iam_member",
				"name": "dataset",
				"provider_config_key": "google",
				"expressions": {
					"dataset_id": {
						"references": ["google_bigquery_dataset.example_dataset"]
					},
					"member": {
						"constant_value": "allAuthenticatedUsers"
					},
					"role": {
						"constant_value": "roles/bigquery.dataEditor"
					}
				},
				"schema_version": 0
			}]
		}
	}
}