{
  "format_version": "0.2",
  "terraform_version": "1.0.10",
  "planned_values": {
    "root_module": {
      "resources": [
        {
          "address": "google_spanner_instance.spanner-instance",
          "mode": "managed",
          "type": "google_spanner_instance",
          "name": "spanner-instance",
          "provider_name": "registry.terraform.io/hashicorp/google",
          "schema_version": 0,
          "values": {
            "config": "regional-us-central1",
            "display_name": "spanner-instance",
            "force_destroy": false,
            "labels": null,
            "name": "spanner-instance",
            "num_nodes": 1,
            "timeouts": null
          },
          "sensitive_values": {}
        },
        {
          "address": "google_spanner_instance_iam_policy.instance",
          "mode": "managed",
          "type": "google_spanner_instance_iam_policy",
          "name": "instance",
          "provider_name": "registry.terraform.io/hashicorp/google",
          "schema_version": 0,
          "values": {
            "instance": "spanner-instance",
            "policy_data": "{\"bindings\":[{\"members\":[\"user:jane@example.com\"],\"role\":\"roles/editor\"}]}"
          },
          "sensitive_values": {}
        }
      ]
    }
  },
  "resource_changes": [
    {
      "address": "google_spanner_instance.spanner-instance",
      "mode": "managed",
      "type": "google_spanner_instance",
      "name": "spanner-instance",
      "provider_name": "registry.terraform.io/hashicorp/google",
      "change": {
        "actions": [
          "create"
        ],
        "before": null,
        "after": {
          "config": "regional-us-central1",
          "display_name": "spanner-instance",
          "force_destroy": false,
          "labels": null,
          "name": "spanner-instance",
          "num_nodes": 1,
          "timeouts": null,
          "project": "{{.Provider.project}}"
        },
        "after_unknown": {
          "id": true,
          "processing_units": true,
          "state": true
        },
        "before_sensitive": false,
        "after_sensitive": {}
      }
    },
    {
      "address": "google_spanner_instance_iam_policy.instance",
      "mode": "managed",
      "type": "google_spanner_instance_iam_policy",
      "name": "instance",
      "provider_name": "registry.terraform.io/hashicorp/google",
      "change": {
        "actions": [
          "create"
        ],
        "before": null,
        "after": {
          "instance": "spanner-instance",
          "policy_data": "{\"bindings\":[{\"members\":[\"user:jane@example.com\"],\"role\":\"roles/editor\"}]}",
          "project": "{{.Provider.project}}"
        },
        "after_unknown": {
          "etag": true,
          "id": true
        },
        "before_sensitive": false,
        "after_sensitive": {}
      }
    }
  ],
  "configuration": {
    "root_module": {
      "resources": [
        {
          "address": "google_spanner_instance.spanner-instance",
          "mode": "managed",
          "type": "google_spanner_instance",
          "name": "spanner-instance",
          "provider_config_key": "google",
          "expressions": {
            "config": {
              "constant_value": "regional-us-central1"
            },
            "display_name": {
              "constant_value": "spanner-instance"
            },
            "name": {
              "constant_value": "spanner-instance"
            },
            "num_nodes": {
              "constant_value": 1
            }
          },
          "schema_version": 0
        },
        {
          "address": "google_spanner_instance_iam_policy.instance",
          "mode": "managed",
          "type": "google_spanner_instance_iam_policy",
          "name": "instance",
          "provider_config_key": "google",
          "expressions": {
            "instance": {
              "references": [
                "google_spanner_instance.spanner-instance.name",
                "google_spanner_instance.spanner-instance"
              ]
            },
            "policy_data": {}
          },
          "schema_version": 0
        }
      ]
    }
  }
}
