{
  "format_version": "1.1",
  "terraform_version": "1.3.6",
  "planned_values": {
      "root_module": {
          "resources": [
              {
                  "address": "google_compute_target_ssl_proxy.target-ssl-proxy",
                  "mode": "managed",
                  "type": "google_compute_target_ssl_proxy",
                  "name": "target-ssl-proxy",
                  "provider_name": "registry.terraform.io/hashicorp/google",
                  "schema_version": 0,
                  "values": {
                      "backend_service": "backend_service_id",
                      "certificate_map": null,
                      "description": null,
                      "name": "target-ssl-proxy",
                      "proxy_header": "NONE",
                      "ssl_certificates": [
                          "ssl_certificate_id"
                      ],
                      "ssl_policy": "ssl-policy-id",
                      "timeouts": null
                  },
                  "sensitive_values": {
                      "ssl_certificates": [
                          false
                      ]
                  }
              }
          ]
      }
  },
  "resource_changes": [
      {
          "address": "google_compute_target_ssl_proxy.target-ssl-proxy",
          "mode": "managed",
          "type": "google_compute_target_ssl_proxy",
          "name": "target-ssl-proxy",
          "provider_name": "registry.terraform.io/hashicorp/google",
          "change": {
              "actions": [
                  "create"
              ],
              "before": null,
              "after": {
                  "backend_service": "backend_service_id",
                  "certificate_map": null,
                  "description": null,
                  "name": "target-ssl-proxy",
                  "proxy_header": "NONE",
                  "ssl_certificates": [
                      "ssl_certificate_id"
                  ],
                  "ssl_policy": "ssl-policy-id",
                  "timeouts": null
              },
              "after_unknown": {
                  "creation_timestamp": true,
                  "id": true,
                  "project": true,
                  "proxy_id": true,
                  "self_link": true,
                  "ssl_certificates": [
                      false
                  ]
              },
              "before_sensitive": false,
              "after_sensitive": {
                  "ssl_certificates": [
                      false
                  ]
              }
          }
      }
  ],
  "configuration": {
      "provider_config": {
          "google": {
              "name": "google",
              "full_name": "registry.terraform.io/hashicorp/google",
              "expressions": {
                  "project": {
                      "constant_value": "cncac-demo-env"
                  },
                  "region": {
                      "constant_value": "asia-southeast-1"
                  }
              }
          }
      },
      "root_module": {
          "resources": [
              {
                  "address": "google_compute_target_ssl_proxy.target-ssl-proxy",
                  "mode": "managed",
                  "type": "google_compute_target_ssl_proxy",
                  "name": "target-ssl-proxy",
                  "provider_config_key": "google",
                  "expressions": {
                      "backend_service": {
                          "constant_value": "backend_service_id"
                      },
                      "name": {
                          "constant_value": "target-ssl-proxy"
                      },
                      "ssl_certificates": {
                          "constant_value": [
                              "ssl_certificate_id"
                          ]
                      },
                      "ssl_policy": {
                          "constant_value": "ssl-policy-id"
                      }
                  },
                  "schema_version": 0
              }
          ]
      }
  }
}