{
  "format_version": "0.1",
  "terraform_version": "0.12.24",
  "planned_values": {
    "root_module": {
      "resources": [
        {
          "address": "google_compute_network.default",
          "mode": "managed",
          "type": "google_compute_network",
          "name": "default",
          "provider_name": "google",
          "schema_version": 0,
          "values": {
            "auto_create_subnetworks": false,
            "delete_default_routes_on_create": false,
            "description": null,
            "name": "test-network",
            "timeouts": null
          }
        }
      ]
    }
  },
  "resource_changes": [
    {
      "address": "google_compute_network.default",
      "mode": "managed",
      "type": "google_compute_network",
      "name": "default",
      "provider_name": "google",
      "change": {
        "actions": [
          "create"
        ],
        "before": null,
        "after": {
          "auto_create_subnetworks": false,
          "delete_default_routes_on_create": false,
          "description": null,
          "name": "test-network",
          "timeouts": null,
          "project": "{{.Provider.project}}"
        },
        "after_unknown": {
          "gateway_ipv4": true,
          "id": true,
          "mtu": true,
          "routing_mode": true,
          "self_link": true
        }
      }
    }
  ],
  "configuration": {
    "provider_config": {
      "google": {
        "name": "google",
        "expressions": {
          "project": {
            "constant_value": "{{.Provider.project}}"
          }
        }
      }
    },
    "root_module": {
      "resources": [
        {
          "address": "google_compute_network.default",
          "mode": "managed",
          "type": "google_compute_network",
          "name": "default",
          "provider_config_key": "google",
          "expressions": {
            "auto_create_subnetworks": {
              "constant_value": false
            },
            "name": {
              "constant_value": "test-network"
            }
          },
          "schema_version": 0
        }
      ]
    }
  }
}
