{
  "format_version": "0.1",
  "terraform_version": "0.12.10",
  "planned_values": {
    "root_module": {
      "resources": [
        {
          "address": "google_bigquery_dataset.default",
          "mode": "managed",
          "type": "google_bigquery_dataset",
          "name": "default",
          "provider_name": "google",
          "schema_version": 0,
          "values": {
            "dataset_id": "test-dataset",
            "default_encryption_configuration": [],
            "default_partition_expiration_ms": null,
            "default_table_expiration_ms": 3600000,
            "delete_contents_on_destroy": false,
            "description": null,
            "effective_labels": {
              "env": "dev"
            },
            "friendly_name": null,
            "labels": {
              "env": "dev"
            },
            "terraform_labels": {
              "env": "dev"
            },
            "location": "EU",
            "timeouts": null
          }
        }
      ]
    }
  },
  "resource_changes": [
    {
      "address": "google_bigquery_dataset.default",
      "mode": "managed",
      "type": "google_bigquery_dataset",
      "name": "default",
      "provider_name": "google",
      "change": {
        "actions": [
          "create"
        ],
        "before": null,
        "after": {
          "dataset_id": "test-dataset",
          "default_encryption_configuration": [],
          "default_partition_expiration_ms": null,
          "default_table_expiration_ms": 3600000,
          "delete_contents_on_destroy": false,
          "description": null,
          "effective_labels": {
            "env": "dev"
          },
          "friendly_name": null,
          "labels": {
            "env": "dev"
          },
          "terraform_labels": {
            "env": "dev"
          },
          "location": "EU",
          "timeouts": null,
          "project": "{{.Provider.project}}"
        },
        "after_unknown": {
          "access": true,
          "creation_time": true,
          "default_encryption_configuration": [],
          "effective_labels": {},
          "etag": true,
          "id": true,
          "labels": {},
          "terraform_labels": {},
          "last_modified_time": true,
          "self_link": true
        }
      }
    }
  ],
  "configuration": {
    "provider_config": {
      "google": {
        "name": "google",
        "expressions": {
          "project": {
            "constant_value": "{{.Provider.project}}"
          }
        }
      }
    },
    "root_module": {
      "resources": [
        {
          "address": "google_bigquery_dataset.default",
          "mode": "managed",
          "type": "google_bigquery_dataset",
          "name": "default",
          "provider_config_key": "google",
          "expressions": {
            "dataset_id": {
              "constant_value": "test-dataset"
            },
            "default_table_expiration_ms": {
              "constant_value": 3600000
            },
            "labels": {
              "constant_value": {
                "env": "dev"
              }
            },
            "location": {
              "constant_value": "EU"
            }
          },
          "schema_version": 0
        }
      ]
    }
  }
}
