{
  "format_version": "0.1",
  "terraform_version": "0.12.10",
  "planned_values": {
    "root_module": {
      "resources": [
        {
          "address": "google_folder.department1",
          "mode": "managed",
          "type": "google_folder",
          "name": "department1",
          "provider_name": "google",
          "schema_version": 0,
          "values": {
            "display_name": "Department 1",
            "parent": "organizations/{{.OrgID}}",
            "timeouts": null
          }
        },
        {
          "address": "google_project.my_project-in-a-folder",
          "mode": "managed",
          "type": "google_project",
          "name": "my_project-in-a-folder",
          "provider_name": "google",
          "schema_version": 1,
          "values": {
            "auto_create_network": true,
            "billing_account": "{{.Project.BillingAccountName}}",
            "labels": {
              "project-label-key-a": "project-label-val-a"
            },
            "name": "My Project",
            "project_id": "{{.Provider.project}}",
            "timeouts": null
          }
        }
      ]
    }
  },
  "resource_changes": [
    {
      "address": "google_folder.department1",
      "mode": "managed",
      "type": "google_folder",
      "name": "department1",
      "provider_name": "google",
      "change": {
        "actions": [
          "create"
        ],
        "before": null,
        "after": {
          "display_name": "Department 1",
          "parent": "organizations/{{.OrgID}}",
          "timeouts": null
        },
        "after_unknown": {
          "create_time": true,
          "id": true,
          "lifecycle_state": true,
          "name": true
        }
      }
    },
    {
      "address": "google_project.my_project-in-a-folder",
      "mode": "managed",
      "type": "google_project",
      "name": "my_project-in-a-folder",
      "provider_name": "google",
      "change": {
        "actions": [
          "create"
        ],
        "before": null,
        "after": {
          "auto_create_network": true,
          "billing_account": "{{.Project.BillingAccountName}}",
          "labels": {
            "project-label-key-a": "project-label-val-a"
          },
          "name": "My Project",
          "project_id": "{{.Provider.project}}",
          "timeouts": null
        },
        "after_unknown": {
          "app_engine": true,
          "folder_id": true,
          "id": true,
          "number": true,
          "org_id": true,
          "policy_data": true,
          "policy_etag": true,
          "skip_delete": true
        }
      }
    }
  ],
  "configuration": {
    "provider_config": {
      "google": {
        "name": "google",
        "expressions": {
          "project": {
            "constant_value": "{{.Provider.project}}"
          }
        }
      }
    },
    "root_module": {
      "resources": [
        {
          "address": "google_folder.department1",
          "mode": "managed",
          "type": "google_folder",
          "name": "department1",
          "provider_config_key": "google",
          "expressions": {
            "display_name": {
              "constant_value": "Department 1"
            },
            "parent": {
              "constant_value": "organizations/{{.OrgID}}"
            }
          },
          "schema_version": 0
        },
        {
          "address": "google_project.my_project-in-a-folder",
          "mode": "managed",
          "type": "google_project",
          "name": "my_project-in-a-folder",
          "provider_config_key": "google",
          "expressions": {
            "folder_id": {
              "references": [
                "google_folder.department1"
              ]
            },
            "name": {
              "constant_value": "My Project"
            },
            "labels": {
              "constant_value": {
                  "project-label-key-a": "project-label-val-a"
              }
            },
            "billing_account": {
              "constant_value": "{{.Project.BillingAccountName}}"
            },
            "project_id": {
              "constant_value": "{{.Provider.project}}"
            }
          },
          "schema_version": 1
        }
      ]
    }
  }
}
