{
    "format_version": "0.1",
    "terraform_version": "0.12.11",
    "planned_values": {
        "root_module": {
            "resources": [
                {
                    "address": "google_vpc_access_connector.connector",
                    "mode": "managed",
                    "type": "google_vpc_access_connector",
                    "name": "connector",
                    "provider_name": "google",
                    "schema_version": 0,
                    "values": {
                        "ip_cidr_range": "10.8.0.0/28",
                        "max_throughput": 300,
                        "min_throughput": 200,
                        "name": "vpc-con",
                        "network": "default",
                        "region": "us-central1",
                        "timeouts": null
                    }
                }
            ]
        }
    },
    "resource_changes": [
        {
            "address": "google_vpc_access_connector.connector",
            "mode": "managed",
            "type": "google_vpc_access_connector",
            "name": "connector",
            "provider_name": "google",
            "change": {
                "actions": [
                    "create"
                ],
                "before": null,
                "after": {
                    "ip_cidr_range": "10.8.0.0/28",
                    "max_throughput": 300,
                    "min_throughput": 200,
                    "name": "vpc-con",
                    "network": "default",
                    "region": "us-central1",
                    "timeouts": null,
                    "project": "{{.Provider.project}}",
                    "machine_type": "e2-micro"
                },
                "after_unknown": {
                    "id": true,
                    "self_link": true,
                    "state": true,
                    "connected_projects": true
                }
            }
        }
    ],
    "configuration": {
        "root_module": {
            "resources": [
                {
                    "address": "google_vpc_access_connector.connector",
                    "mode": "managed",
                    "type": "google_vpc_access_connector",
                    "name": "connector",
                    "provider_config_key": "google",
                    "expressions": {
                        "ip_cidr_range": {
                            "constant_value": "10.8.0.0/28"
                        },
                        "name": {
                            "constant_value": "vpc-con"
                        },
                        "network": {
                            "constant_value": "default"
                        },
                        "region": {
                            "constant_value": "us-central1"
                        }
                    },
                    "schema_version": 0
                }
            ]
        }
    }
}
