{
  "format_version": "1.1",
  "terraform_version": "1.3.2",
  "planned_values": {
    "root_module": {
      "resources": [
        {
          "address": "google_compute_firewall.my-test-firewall",
          "mode": "managed",
          "type": "google_compute_firewall",
          "name": "my-test-firewall",
          "provider_name": "registry.terraform.io/hashicorp/google",
          "schema_version": 1,
          "values": {
            "allow": [
              {
                "ports": [
                  "80",
                  "8080",
                  "1000-2000"
                ],
                "protocol": "tcp"
              },
              {
                "ports": [],
                "protocol": "icmp"
              }
            ],
            "deny": [],
            "description": null,
            "disabled": null,
            "log_config": [],
            "name": "my-test-firewall",
            "network": "default",
            "priority": 1000,
            "project": "{{.Provider.project}}",
            "source_ranges": null,
            "source_service_accounts": null,
            "source_tags": [
              "web"
            ],
            "target_service_accounts": null,
            "target_tags": null,
            "timeouts": null
          },
          "sensitive_values": {
            "allow": [
              {
                "ports": [
                  false,
                  false,
                  false
                ]
              },
              {
                "ports": []
              }
            ],
            "deny": [],
            "destination_ranges": [],
            "log_config": [],
            "source_tags": [
              false
            ]
          }
        }
      ]
    }
  },
  "resource_changes": [
    {
      "address": "google_compute_firewall.my-test-firewall",
      "mode": "managed",
      "type": "google_compute_firewall",
      "name": "my-test-firewall",
      "provider_name": "registry.terraform.io/hashicorp/google",
      "change": {
        "actions": [
          "create"
        ],
        "before": null,
        "after": {
          "allow": [
            {
              "ports": [
                "80",
                "8080",
                "1000-2000"
              ],
              "protocol": "tcp"
            },
            {
              "ports": [],
              "protocol": "icmp"
            }
          ],
          "deny": [],
          "description": null,
          "disabled": null,
          "log_config": [],
          "name": "my-test-firewall",
          "network": "default",
          "priority": 1000,
          "project": "{{.Provider.project}}",
          "source_ranges": null,
          "source_service_accounts": null,
          "source_tags": [
            "web"
          ],
          "target_service_accounts": null,
          "target_tags": null,
          "timeouts": null
        },
        "after_unknown": {
          "allow": [
            {
              "ports": [
                false,
                false,
                false
              ]
            },
            {
              "ports": []
            }
          ],
          "creation_timestamp": true,
          "deny": [],
          "destination_ranges": true,
          "direction": true,
          "enable_logging": true,
          "id": true,
          "log_config": [],
          "self_link": true,
          "source_tags": [
            false
          ]
        },
        "before_sensitive": false,
        "after_sensitive": {
          "allow": [
            {
              "ports": [
                false,
                false,
                false
              ]
            },
            {
              "ports": []
            }
          ],
          "deny": [],
          "destination_ranges": [],
          "log_config": [],
          "source_tags": [
            false
          ]
        }
      }
    }
  ],
  "configuration": {
    "provider_config": {
      "google": {
        "name": "google",
        "expressions": {
          "project": {
            "constant_value": "{{.Provider.project}}"
          }
        }
      }
    },
    "root_module": {
      "resources": [
        {
          "address": "google_compute_firewall.my-test-firewall",
          "mode": "managed",
          "type": "google_compute_firewall",
          "name": "my-test-firewall",
          "provider_config_key": "google",
          "expressions": {
            "allow": [
              {
                "protocol": {
                  "constant_value": "icmp"
                }
              },
              {
                "ports": {
                  "constant_value": [
                    "80",
                    "8080",
                    "1000-2000"
                  ]
                },
                "protocol": {
                  "constant_value": "tcp"
                }
              }
            ],
            "name": {
              "constant_value": "my-test-firewall"
            },
            "network": {
              "constant_value": "default"
            },
            "source_tags": {
              "constant_value": [
                "web"
              ]
            }
          },
          "schema_version": 1
        }
      ]
    }
  }
}
