{
  "format_version": "0.2",
  "terraform_version": "1.0.10",
  "planned_values": {
    "root_module": {
      "resources": [
        {
          "address": "google_container_cluster.full_list_default_1",
          "mode": "managed",
          "type": "google_container_cluster",
          "name": "full_list_default_1",
          "provider_name": "registry.terraform.io/hashicorp/google",
          "schema_version": 1,
          "values": {
            "addons_config": [
              {
                "horizontal_pod_autoscaling": [
                  {
                    "disabled": true
                  }
                ],
                "http_load_balancing": [
                  {
                    "disabled": true
                  }
                ],
                "network_policy_config": [
                  {
                    "disabled": true
                  }
                ]
              }
            ],
            "default_max_pods_per_node": 42,
            "description": "test-description",
            "enable_autopilot": null,
            "enable_kubernetes_alpha": true,
            "enable_legacy_abac": true,
            "enable_shielded_nodes": true,
            "enable_tpu": null,
            "initial_node_count": 42,
            "ip_allocation_policy": [
              {
                "cluster_secondary_range_name": "test-cluster_secondary_range_name",
                "services_secondary_range_name": "test-services_secondary_range_name"
              }
            ],
            "location": "us-central1",
            "logging_service": "logging.googleapis.com",
            "maintenance_policy": [
              {
                "daily_maintenance_window": [
                  {
                    "start_time": "03:00"
                  }
                ],
                "maintenance_exclusion": [],
                "recurring_window": []
              }
            ],
            "master_auth": [
              {
                "client_certificate_config": [
                  {
                    "issue_client_certificate": true
                  }
                ]
              }
            ],
            "master_authorized_networks_config": [
              {
                "cidr_blocks": [
                  {
                    "cidr_block": "10.0.0.42/32",
                    "display_name": "test-display_name1"
                  },
                  {
                    "cidr_block": "10.0.1.42/32",
                    "display_name": "test-display_name2"
                  }
                ]
              }
            ],
            "min_master_version": "test-min_master_version",
            "monitoring_service": "monitoring.googleapis.com",
            "name": "test-cluster",
            "network": "test-network",
            "network_policy": [
              {
                "enabled": true,
                "provider": "CALICO"
              }
            ],
            "node_config": [
              {
                "disk_size_gb": 42,
                "disk_type": "pd-standard",
                "gcfs_config": [],
                "guest_accelerator": [
                  {
                    "count": 1,
                    "gpu_partition_size": null,
                    "type": "test-type1"
                  },
                  {
                    "count": 1,
                    "gpu_partition_size": null,
                    "type": "test-type2"
                  }
                ],
                "image_type": "test-image_type",
                "labels": {
                  "test-label-key": "test-label-value"
                },
                "local_ssd_count": 42,
                "machine_type": "test-machine_type",
                "metadata": {
                  "test-metadata-key": "test-metadata-value"
                },
                "min_cpu_platform": "test-min_cpu_platform",
                "oauth_scopes": [
                  "https://www.googleapis.com/auth/devstorage.read_only",
                  "test-oauth_scopes"
                ],
                "preemptible": true,
                "service_account": "test-service_account",
                "tags": [
                  "test-tags"
                ]
              }
            ],
            "node_locations": [
              "test-node_locations"
            ],
            "node_version": "test-node_version",
            "private_cluster_config": [
              {
                "enable_private_endpoint": true,
                "enable_private_nodes": true,
                "master_ipv4_cidr_block": "127.0.0.0/28"
              }
            ],
            "remove_default_node_pool": null,
            "resource_labels": {
              "test-resource_labels-key": "test-resource_labels-value"
            },
            "resource_usage_export_config": [],
            "subnetwork": "test-subnetwork",
            "timeouts": null,
            "vertical_pod_autoscaling": []
          },
          "sensitive_values": {
            "addons_config": [
              {
                "cloudrun_config": [],
                "horizontal_pod_autoscaling": [
                  {}
                ],
                "http_load_balancing": [
                  {}
                ],
                "network_policy_config": [
                  {}
                ]
              }
            ],
            "authenticator_groups_config": [],
            "cluster_autoscaling": [],
            "confidential_nodes": [],
            "database_encryption": [],
            "default_snat_status": [],
            "ip_allocation_policy": [
              {}
            ],
            "logging_config": [],
            "maintenance_policy": [
              {
                "daily_maintenance_window": [
                  {}
                ],
                "maintenance_exclusion": [],
                "recurring_window": []
              }
            ],
            "master_auth": [
              {
                "client_certificate_config": [
                  {}
                ]
              }
            ],
            "master_authorized_networks_config": [
              {
                "cidr_blocks": [
                  {},
                  {}
                ]
              }
            ],
            "monitoring_config": [],
            "network_policy": [
              {}
            ],
            "node_config": [
              {
                "gcfs_config": [],
                "guest_accelerator": [
                  {},
                  {}
                ],
                "labels": {},
                "metadata": {},
                "oauth_scopes": [
                  false,
                  false
                ],
                "shielded_instance_config": [],
                "tags": [
                  false
                ],
                "taint": [],
                "workload_metadata_config": []
              }
            ],
            "node_locations": [
              false
            ],
            "node_pool": [],
            "private_cluster_config": [
              {
                "master_global_access_config": []
              }
            ],
            "release_channel": [],
            "resource_labels": {},
            "resource_usage_export_config": [],
            "vertical_pod_autoscaling": [],
            "workload_identity_config": []
          }
        }
      ]
    }
  },
  "resource_changes": [
    {
      "address": "google_container_cluster.full_list_default_1",
      "mode": "managed",
      "type": "google_container_cluster",
      "name": "full_list_default_1",
      "provider_name": "registry.terraform.io/hashicorp/google",
      "change": {
        "actions": [
          "create"
        ],
        "before": null,
        "after": {
          "addons_config": [
            {
              "horizontal_pod_autoscaling": [
                {
                  "disabled": true
                }
              ],
              "http_load_balancing": [
                {
                  "disabled": true
                }
              ],
              "network_policy_config": [
                {
                  "disabled": true
                }
              ]
            }
          ],
          "default_max_pods_per_node": 42,
          "description": "test-description",
          "enable_autopilot": null,
          "enable_kubernetes_alpha": true,
          "enable_legacy_abac": true,
          "enable_shielded_nodes": true,
          "enable_tpu": null,
          "initial_node_count": 42,
          "ip_allocation_policy": [
            {
              "cluster_secondary_range_name": "test-cluster_secondary_range_name",
              "services_secondary_range_name": "test-services_secondary_range_name"
            }
          ],
          "location": "us-central1",
          "logging_service": "logging.googleapis.com",
          "maintenance_policy": [
            {
              "daily_maintenance_window": [
                {
                  "start_time": "03:00"
                }
              ],
              "maintenance_exclusion": [],
              "recurring_window": []
            }
          ],
          "master_auth": [
            {
              "client_certificate_config": [
                {
                  "issue_client_certificate": true
                }
              ]
            }
          ],
          "master_authorized_networks_config": [
            {
              "cidr_blocks": [
                {
                  "cidr_block": "10.0.0.42/32",
                  "display_name": "test-display_name1"
                },
                {
                  "cidr_block": "10.0.1.42/32",
                  "display_name": "test-display_name2"
                }
              ]
            }
          ],
          "min_master_version": "test-min_master_version",
          "monitoring_service": "monitoring.googleapis.com",
          "name": "test-cluster",
          "network": "test-network",
          "network_policy": [
            {
              "enabled": true,
              "provider": "CALICO"
            }
          ],
          "node_config": [
            {
              "disk_size_gb": 42,
              "disk_type": "pd-standard",
              "gcfs_config": [],
              "guest_accelerator": [
                {
                  "count": 1,
                  "gpu_partition_size": null,
                  "type": "test-type1"
                },
                {
                  "count": 1,
                  "gpu_partition_size": null,
                  "type": "test-type2"
                }
              ],
              "image_type": "test-image_type",
              "labels": {
                "test-label-key": "test-label-value"
              },
              "local_ssd_count": 42,
              "machine_type": "test-machine_type",
              "metadata": {
                "test-metadata-key": "test-metadata-value"
              },
              "min_cpu_platform": "test-min_cpu_platform",
              "oauth_scopes": [
                "https://www.googleapis.com/auth/devstorage.read_only",
                "test-oauth_scopes"
              ],
              "preemptible": true,
              "service_account": "test-service_account",
              "tags": [
                "test-tags"
              ]
            }
          ],
          "node_locations": [
            "test-node_locations"
          ],
          "node_version": "test-node_version",
          "private_cluster_config": [
            {
              "enable_private_endpoint": true,
              "enable_private_nodes": true,
              "master_ipv4_cidr_block": "127.0.0.0/28"
            }
          ],
          "remove_default_node_pool": null,
          "resource_labels": {
            "test-resource_labels-key": "test-resource_labels-value"
          },
          "resource_usage_export_config": [],
          "subnetwork": "test-subnetwork",
          "timeouts": null,
          "vertical_pod_autoscaling": [],
          "project": "{{.Provider.project}}"
        },
        "after_unknown": {
          "addons_config": [
            {
              "cloudrun_config": true,
              "horizontal_pod_autoscaling": [
                {}
              ],
              "http_load_balancing": [
                {}
              ],
              "network_policy_config": [
                {}
              ]
            }
          ],
          "authenticator_groups_config": true,
          "cluster_autoscaling": true,
          "cluster_ipv4_cidr": true,
          "confidential_nodes": true,
          "database_encryption": true,
          "datapath_provider": true,
          "default_snat_status": true,
          "enable_intranode_visibility": true,
          "endpoint": true,
          "id": true,
          "ip_allocation_policy": [
            {
              "cluster_ipv4_cidr_block": true,
              "services_ipv4_cidr_block": true
            }
          ],
          "label_fingerprint": true,
          "logging_config": true,
          "maintenance_policy": [
            {
              "daily_maintenance_window": [
                {
                  "duration": true
                }
              ],
              "maintenance_exclusion": [],
              "recurring_window": []
            }
          ],
          "master_auth": [
            {
              "client_certificate": true,
              "client_certificate_config": [
                {}
              ],
              "client_key": true,
              "cluster_ca_certificate": true
            }
          ],
          "master_authorized_networks_config": [
            {
              "cidr_blocks": [
                {},
                {}
              ]
            }
          ],
          "master_version": true,
          "monitoring_config": true,
          "network_policy": [
            {}
          ],
          "networking_mode": true,
          "node_config": [
            {
              "gcfs_config": [],
              "guest_accelerator": [
                {},
                {}
              ],
              "labels": {},
              "metadata": {},
              "oauth_scopes": [
                false,
                false
              ],
              "shielded_instance_config": true,
              "tags": [
                false
              ],
              "taint": true,
              "workload_metadata_config": true
            }
          ],
          "node_locations": [
            false
          ],
          "node_pool": true,
          "operation": true,
          "private_cluster_config": [
            {
              "master_global_access_config": true,
              "peering_name": true,
              "private_endpoint": true,
              "public_endpoint": true
            }
          ],
          "private_ipv6_google_access": true,
          "release_channel": true,
          "resource_labels": {},
          "resource_usage_export_config": [],
          "self_link": true,
          "services_ipv4_cidr": true,
          "tpu_ipv4_cidr_block": true,
          "vertical_pod_autoscaling": [],
          "workload_identity_config": true
        },
        "before_sensitive": false,
        "after_sensitive": {
          "addons_config": [
            {
              "cloudrun_config": [],
              "horizontal_pod_autoscaling": [
                {}
              ],
              "http_load_balancing": [
                {}
              ],
              "network_policy_config": [
                {}
              ]
            }
          ],
          "authenticator_groups_config": [],
          "cluster_autoscaling": [],
          "confidential_nodes": [],
          "database_encryption": [],
          "default_snat_status": [],
          "ip_allocation_policy": [
            {}
          ],
          "logging_config": [],
          "maintenance_policy": [
            {
              "daily_maintenance_window": [
                {}
              ],
              "maintenance_exclusion": [],
              "recurring_window": []
            }
          ],
          "master_auth": [
            {
              "client_certificate_config": [
                {}
              ],
              "client_key": true
            }
          ],
          "master_authorized_networks_config": [
            {
              "cidr_blocks": [
                {},
                {}
              ]
            }
          ],
          "monitoring_config": [],
          "network_policy": [
            {}
          ],
          "node_config": [
            {
              "gcfs_config": [],
              "guest_accelerator": [
                {},
                {}
              ],
              "labels": {},
              "metadata": {},
              "oauth_scopes": [
                false,
                false
              ],
              "shielded_instance_config": [],
              "tags": [
                false
              ],
              "taint": [],
              "workload_metadata_config": []
            }
          ],
          "node_locations": [
            false
          ],
          "node_pool": [],
          "private_cluster_config": [
            {
              "master_global_access_config": []
            }
          ],
          "release_channel": [],
          "resource_labels": {},
          "resource_usage_export_config": [],
          "vertical_pod_autoscaling": [],
          "workload_identity_config": []
        }
      }
    }
  ],
  "configuration": {
    "root_module": {
      "resources": [
        {
          "address": "google_container_cluster.full_list_default_1",
          "mode": "managed",
          "type": "google_container_cluster",
          "name": "full_list_default_1",
          "provider_config_key": "google",
          "expressions": {
            "addons_config": [
              {
                "horizontal_pod_autoscaling": [
                  {
                    "disabled": {
                      "constant_value": true
                    }
                  }
                ],
                "http_load_balancing": [
                  {
                    "disabled": {
                      "constant_value": true
                    }
                  }
                ],
                "network_policy_config": [
                  {
                    "disabled": {
                      "constant_value": true
                    }
                  }
                ]
              }
            ],
            "default_max_pods_per_node": {
              "constant_value": 42
            },
            "description": {
              "constant_value": "test-description"
            },
            "enable_kubernetes_alpha": {
              "constant_value": true
            },
            "enable_legacy_abac": {
              "constant_value": true
            },
            "initial_node_count": {
              "constant_value": 42
            },
            "ip_allocation_policy": [
              {
                "cluster_secondary_range_name": {
                  "constant_value": "test-cluster_secondary_range_name"
                },
                "services_secondary_range_name": {
                  "constant_value": "test-services_secondary_range_name"
                }
              }
            ],
            "location": {
              "constant_value": "us-central1"
            },
            "logging_service": {
              "constant_value": "logging.googleapis.com"
            },
            "maintenance_policy": [
              {
                "daily_maintenance_window": [
                  {
                    "start_time": {
                      "constant_value": "03:00"
                    }
                  }
                ]
              }
            ],
            "master_auth": [
              {
                "client_certificate_config": [
                  {
                    "issue_client_certificate": {
                      "constant_value": true
                    }
                  }
                ]
              }
            ],
            "master_authorized_networks_config": [
              {
                "cidr_blocks": [
                  {
                    "cidr_block": {
                      "constant_value": "10.0.0.42/32"
                    },
                    "display_name": {
                      "constant_value": "test-display_name1"
                    }
                  },
                  {
                    "cidr_block": {
                      "constant_value": "10.0.1.42/32"
                    },
                    "display_name": {
                      "constant_value": "test-display_name2"
                    }
                  }
                ]
              }
            ],
            "min_master_version": {
              "constant_value": "test-min_master_version"
            },
            "monitoring_service": {
              "constant_value": "monitoring.googleapis.com"
            },
            "name": {
              "constant_value": "test-cluster"
            },
            "network": {
              "constant_value": "test-network"
            },
            "network_policy": [
              {
                "enabled": {
                  "constant_value": true
                },
                "provider": {
                  "constant_value": "CALICO"
                }
              }
            ],
            "node_config": [
              {
                "disk_size_gb": {
                  "constant_value": 42
                },
                "disk_type": {
                  "constant_value": "pd-standard"
                },
                "image_type": {
                  "constant_value": "test-image_type"
                },
                "labels": {
                  "constant_value": {
                    "test-label-key": "test-label-value"
                  }
                },
                "local_ssd_count": {
                  "constant_value": 42
                },
                "machine_type": {
                  "constant_value": "test-machine_type"
                },
                "metadata": {
                  "constant_value": {
                    "test-metadata-key": "test-metadata-value"
                  }
                },
                "min_cpu_platform": {
                  "constant_value": "test-min_cpu_platform"
                },
                "oauth_scopes": {
                  "constant_value": [
                    "test-oauth_scopes",
                    "storage-ro"
                  ]
                },
                "preemptible": {
                  "constant_value": true
                },
                "service_account": {
                  "constant_value": "test-service_account"
                },
                "tags": {
                  "constant_value": [
                    "test-tags"
                  ]
                }
              }
            ],
            "node_locations": {
              "constant_value": [
                "test-node_locations"
              ]
            },
            "node_version": {
              "constant_value": "test-node_version"
            },
            "private_cluster_config": [
              {
                "enable_private_endpoint": {
                  "constant_value": true
                },
                "enable_private_nodes": {
                  "constant_value": true
                },
                "master_ipv4_cidr_block": {
                  "constant_value": "127.0.0.0/28"
                }
              }
            ],
            "resource_labels": {
              "constant_value": {
                "test-resource_labels-key": "test-resource_labels-value"
              }
            },
            "subnetwork": {
              "constant_value": "test-subnetwork"
            }
          },
          "schema_version": 1
        }
      ]
    }
  }
}