{
  "format_version": "0.1",
  "terraform_version": "0.12.10",
  "planned_values": {
    "root_module": {
      "resources": [
        {
          "address": "google_compute_global_address.private_ip_address",
          "mode": "managed",
          "type": "google_compute_global_address",
          "name": "private_ip_address",
          "provider_name": "google",
          "schema_version": 0,
          "values": {
            "address_type": "INTERNAL",
            "description": null,
            "ip_version": null,
            "name": "private-ip-address",
            "prefix_length": 16,
            "purpose": "VPC_PEERING",
            "timeouts": null
          }
        },
        {
          "address": "google_compute_network.private_network",
          "mode": "managed",
          "type": "google_compute_network",
          "name": "private_network",
          "provider_name": "google",
          "schema_version": 0,
          "values": {
            "auto_create_subnetworks": true,
            "delete_default_routes_on_create": false,
            "description": null,
            "name": "private-network",
            "timeouts": null
          }
        },
        {
          "address": "google_service_networking_connection.private_vpc_connection",
          "mode": "managed",
          "type": "google_service_networking_connection",
          "name": "private_vpc_connection",
          "provider_name": "google",
          "schema_version": 0,
          "values": {
            "reserved_peering_ranges": [
              "private-ip-address"
            ],
            "service": "servicenetworking.googleapis.com"
          }
        },
        {
          "address": "google_sql_database_instance.main",
          "mode": "managed",
          "type": "google_sql_database_instance",
          "name": "main",
          "provider_name": "google",
          "schema_version": 0,
          "values": {
            "database_version": "POSTGRES_9_6",
            "master_instance_name": "test-master_instance_name",
            "name": "main-instance",
            "region": "us-central1",
            "replica_configuration": [
              {
                "ca_certificate": "test-ca_certificate",
                "client_certificate": "test-client_certificate",
                "client_key": "test-client_key",
                "connect_retry_interval": 42,
                "dump_file_path": "test-dump_file_path",
                "failover_target": true,
                "master_heartbeat_period": 42,
                "password": "test-password",
                "ssl_cipher": "test-sslCipher",
                "username": "test-username",
                "verify_server_certificate": true
              }
            ],
            "settings": [
              {
                "activation_policy": "test-activation_policy",
                "availability_type": "REGIONAL",
                "backup_configuration": [
                  {
                    "binary_log_enabled": true,
                    "enabled": true,
                    "start_time": "42:42",
                    "location": "us"
                  }
                ],
                "database_flags": [
                  {
                    "name": "test-name1",
                    "value": "test-value1"
                  },
                  {
                    "name": "test-name2",
                    "value": "test-value2"
                  }
                ],
                "disk_autoresize": true,
                "disk_size": 42,
                "disk_type": "test-disk_type",
                "ip_configuration": [
                  {
                    "authorized_networks": [
                      {
                        "expiration_time": "test-expiration_time",
                        "name": "test-authorized_networks-name1",
                        "value": "test-authorized_networks-value1"
                      },
                      {
                        "expiration_time": "test-expiration_time",
                        "name": "test-authorized_networks-name2",
                        "value": "test-authorized_networks-value2"
                      }
                    ],
                    "ipv4_enabled": true,
                    "require_ssl": true
                  }
                ],
                "location_preference": [
                  {
                    "follow_gae_application": "test-follow_gae_application",
                    "zone": "us-central1-a",
                    "secondary_zone": "us-central1-b"
                  }
                ],
                "maintenance_window": [
                  {
                    "day": 42,
                    "hour": 42,
                    "update_track": "test-update_track"
                  }
                ],
                "pricing_plan": "test-pricing_plan",
                "tier": "db-f1-micro",
                "user_labels": {
                  "user_labels_foo": "user_labels_bar"
                }
              }
            ],
            "timeouts": null
          }
        }
      ]
    }
  },
  "resource_changes": [
    {
      "address": "google_compute_global_address.private_ip_address",
      "mode": "managed",
      "type": "google_compute_global_address",
      "name": "private_ip_address",
      "provider_name": "google",
      "change": {
        "actions": [
          "create"
        ],
        "before": null,
        "after": {
          "address_type": "INTERNAL",
          "description": null,
          "ip_version": null,
          "name": "private-ip-address",
          "prefix_length": 16,
          "purpose": "VPC_PEERING",
          "timeouts": null
        },
        "after_unknown": {
          "address": true,
          "creation_timestamp": true,
          "id": true,
          "network": true,
          "project": true,
          "self_link": true
        }
      }
    },
    {
      "address": "google_compute_network.private_network",
      "mode": "managed",
      "type": "google_compute_network",
      "name": "private_network",
      "provider_name": "google",
      "change": {
        "actions": [
          "create"
        ],
        "before": null,
        "after": {
          "auto_create_subnetworks": true,
          "delete_default_routes_on_create": false,
          "description": null,
          "name": "private-network",
          "timeouts": null
        },
        "after_unknown": {
          "gateway_ipv4": true,
          "id": true,
          "ipv4_range": true,
          "project": true,
          "routing_mode": true,
          "self_link": true
        }
      }
    },
    {
      "address": "google_service_networking_connection.private_vpc_connection",
      "mode": "managed",
      "type": "google_service_networking_connection",
      "name": "private_vpc_connection",
      "provider_name": "google",
      "change": {
        "actions": [
          "create"
        ],
        "before": null,
        "after": {
          "reserved_peering_ranges": [
            "private-ip-address"
          ],
          "service": "servicenetworking.googleapis.com"
        },
        "after_unknown": {
          "id": true,
          "network": true,
          "peering": true,
          "reserved_peering_ranges": [
            false
          ]
        }
      }
    },
    {
      "address": "google_sql_database_instance.main",
      "mode": "managed",
      "type": "google_sql_database_instance",
      "name": "main",
      "provider_name": "google",
      "change": {
        "actions": [
          "create"
        ],
        "before": null,
        "after": {
          "database_version": "POSTGRES_9_6",
          "master_instance_name": "test-master_instance_name",
          "name": "main-instance",
          "region": "us-central1",
          "replica_configuration": [
            {
              "ca_certificate": "test-ca_certificate",
              "client_certificate": "test-client_certificate",
              "client_key": "test-client_key",
              "connect_retry_interval": 42,
              "dump_file_path": "test-dump_file_path",
              "failover_target": true,
              "master_heartbeat_period": 42,
              "password": "test-password",
              "ssl_cipher": "test-sslCipher",
              "username": "test-username",
              "verify_server_certificate": true
            }
          ],
          "settings": [
            {
              "activation_policy": "test-activation_policy",
              "availability_type": "REGIONAL",
              "backup_configuration": [
                {
                  "binary_log_enabled": true,
                  "enabled": true,
                  "start_time": "42:42",
                  "location": "us"
                }
              ],
              "database_flags": [
                {
                  "name": "test-name1",
                  "value": "test-value1"
                },
                {
                  "name": "test-name2",
                  "value": "test-value2"
                }
              ],
              "disk_autoresize": true,
              "disk_size": 42,
              "disk_type": "test-disk_type",
              "ip_configuration": [
                {
                  "authorized_networks": [
                    {
                      "expiration_time": "test-expiration_time",
                      "name": "test-authorized_networks-name1",
                      "value": "test-authorized_networks-value1"
                    },
                    {
                      "expiration_time": "test-expiration_time",
                      "name": "test-authorized_networks-name2",
                      "value": "test-authorized_networks-value2"
                    }
                  ],
                  "ipv4_enabled": true,
                  "require_ssl": true
                }
              ],
              "location_preference": [
                {
                  "follow_gae_application": "test-follow_gae_application",
                  "zone": "us-central1-a",
                  "secondary_zone": "us-central1-b"
                }
              ],
              "maintenance_window": [
                {
                  "day": 42,
                  "hour": 42,
                  "update_track": "test-update_track"
                }
              ],
              "pricing_plan": "test-pricing_plan",
              "tier": "db-f1-micro",
              "user_labels": {
                "user_labels_foo": "user_labels_bar"
              }
            }
          ],
          "timeouts": null
        },
        "after_unknown": {
          "connection_name": true,
          "first_ip_address": true,
          "id": true,
          "ip_address": true,
          "private_ip_address": true,
          "project": true,
          "public_ip_address": true,
          "replica_configuration": [
            {}
          ],
          "self_link": true,
          "server_ca_cert": true,
          "service_account_email_address": true,
          "settings": [
            {
              "backup_configuration": [
                {}
              ],
              "database_flags": [
                {},
                {}
              ],
              "ip_configuration": [
                {
                  "authorized_networks": [
                    {},
                    {}
                  ],
                  "private_network": true
                }
              ],
              "location_preference": [
                {}
              ],
              "maintenance_window": [
                {}
              ],
              "user_labels": {},
              "version": true
            }
          ]
        }
      }
    }
  ],
  "configuration": {
    "provider_config": {
      "google": {
        "name": "google",
        "expressions": {
          "project": {
            "constant_value": "{{.Provider.project}}"
          }
        }
      }
    },
    "root_module": {
      "resources": [
        {
          "address": "google_compute_global_address.private_ip_address",
          "mode": "managed",
          "type": "google_compute_global_address",
          "name": "private_ip_address",
          "provider_config_key": "google",
          "expressions": {
            "address_type": {
              "constant_value": "INTERNAL"
            },
            "name": {
              "constant_value": "private-ip-address"
            },
            "network": {
              "references": [
                "google_compute_network.private_network"
              ]
            },
            "prefix_length": {
              "constant_value": 16
            },
            "purpose": {
              "constant_value": "VPC_PEERING"
            }
          },
          "schema_version": 0
        },
        {
          "address": "google_compute_network.private_network",
          "mode": "managed",
          "type": "google_compute_network",
          "name": "private_network",
          "provider_config_key": "google",
          "expressions": {
            "name": {
              "constant_value": "private-network"
            }
          },
          "schema_version": 0
        },
        {
          "address": "google_service_networking_connection.private_vpc_connection",
          "mode": "managed",
          "type": "google_service_networking_connection",
          "name": "private_vpc_connection",
          "provider_config_key": "google",
          "expressions": {
            "network": {
              "references": [
                "google_compute_network.private_network"
              ]
            },
            "reserved_peering_ranges": {
              "references": [
                "google_compute_global_address.private_ip_address"
              ]
            },
            "service": {
              "constant_value": "servicenetworking.googleapis.com"
            }
          },
          "schema_version": 0
        },
        {
          "address": "google_sql_database_instance.main",
          "mode": "managed",
          "type": "google_sql_database_instance",
          "name": "main",
          "provider_config_key": "google",
          "expressions": {
            "database_version": {
              "constant_value": "POSTGRES_9_6"
            },
            "master_instance_name": {
              "constant_value": "test-master_instance_name"
            },
            "name": {
              "constant_value": "main-instance"
            },
            "region": {
              "constant_value": "us-central1"
            },
            "replica_configuration": [
              {
                "ca_certificate": {
                  "constant_value": "test-ca_certificate"
                },
                "client_certificate": {
                  "constant_value": "test-client_certificate"
                },
                "client_key": {
                  "constant_value": "test-client_key"
                },
                "connect_retry_interval": {
                  "constant_value": 42
                },
                "dump_file_path": {
                  "constant_value": "test-dump_file_path"
                },
                "failover_target": {
                  "constant_value": true
                },
                "master_heartbeat_period": {
                  "constant_value": 42
                },
                "password": {
                  "constant_value": "test-password"
                },
                "ssl_cipher": {
                  "constant_value": "test-sslCipher"
                },
                "username": {
                  "constant_value": "test-username"
                },
                "verify_server_certificate": {
                  "constant_value": true
                }
              }
            ],
            "settings": [
              {
                "activation_policy": {
                  "constant_value": "test-activation_policy"
                },
                "availability_type": {
                  "constant_value": "REGIONAL"
                },
                "backup_configuration": [
                  {
                    "binary_log_enabled": {
                      "constant_value": true
                    },
                    "enabled": {
                      "constant_value": true
                    },
                    "start_time": {
                      "constant_value": "42:42"
                    },
                    "location": {
                      "constant_value": "us"
                    }
                  }
                ],
                "database_flags": [
                  {
                    "name": {
                      "constant_value": "test-name1"
                    },
                    "value": {
                      "constant_value": "test-value1"
                    }
                  },
                  {
                    "name": {
                      "constant_value": "test-name2"
                    },
                    "value": {
                      "constant_value": "test-value2"
                    }
                  }
                ],
                "disk_autoresize": {
                  "constant_value": true
                },
                "disk_size": {
                  "constant_value": 42
                },
                "disk_type": {
                  "constant_value": "test-disk_type"
                },
                "ip_configuration": [
                  {
                    "authorized_networks": [
                      {
                        "expiration_time": {
                          "constant_value": "test-expiration_time"
                        },
                        "name": {
                          "constant_value": "test-authorized_networks-name1"
                        },
                        "value": {
                          "constant_value": "test-authorized_networks-value1"
                        }
                      },
                      {
                        "expiration_time": {
                          "constant_value": "test-expiration_time"
                        },
                        "name": {
                          "constant_value": "test-authorized_networks-name2"
                        },
                        "value": {
                          "constant_value": "test-authorized_networks-value2"
                        }
                      }
                    ],
                    "ipv4_enabled": {
                      "constant_value": true
                    },
                    "private_network": {
                      "references": [
                        "google_compute_network.private_network"
                      ]
                    },
                    "require_ssl": {
                      "constant_value": true
                    }
                  }
                ],
                "location_preference": [
                  {
                    "follow_gae_application": {
                      "constant_value": "test-follow_gae_application"
                    },
                    "zone": {
                      "constant_value": "us-central1-a"
                    },
                    "secondary_zone": {
                      "constant_value": "us-central1-b"
                    }
                  }
                ],
                "maintenance_window": [
                  {
                    "day": {
                      "constant_value": 42
                    },
                    "hour": {
                      "constant_value": 42
                    },
                    "update_track": {
                      "constant_value": "test-update_track"
                    }
                  }
                ],
                "pricing_plan": {
                  "constant_value": "test-pricing_plan"
                },
                "tier": {
                  "constant_value": "db-f1-micro"
                },
                "user_labels": {
                  "constant_value": {
                    "user_labels_foo": "user_labels_bar"
                  }
                }
              }
            ]
          },
          "schema_version": 0,
          "depends_on": [
            "google_service_networking_connection.private_vpc_connection"
          ]
        }
      ]
    }
  }
}
