{
  "format_version": "0.1",
  "terraform_version": "0.12.10",
  "planned_values": {
    "root_module": {
      "resources": [
        {
          "address": "google_compute_firewall.full_list_default_1",
          "mode": "managed",
          "type": "google_compute_firewall",
          "name": "full_list_default_1",
          "provider_name": "registry.terraform.io/hashicorp/google",
          "schema_version": 1,
          "values": {
            "allow": [
              {
                "ports": [
                  "80",
                  "8080",
                  "1000-2000"
                ],
                "protocol": "tcp"
              },
              {
                "ports": [],
                "protocol": "icmp"
              }
            ],
            "deny": [],
            "description": "test-description",
            "destination_ranges": [
              "192.168.0.42/32",
              "192.168.0.43/32"
            ],
            "direction": "INGRESS",
            "disabled": true,
            "log_config": [],
            "name": "test-firewall1",
            "network": "test-network",
            "priority": 42,
            "source_ranges": null,
            "source_service_accounts": [
              "test-source_service_account1",
              "test-source_service_account2"
            ],
            "source_tags": null,
            "target_service_accounts": null,
            "target_tags": null,
            "timeouts": null
          },
          "sensitive_values": {
            "allow": [
              {
                "ports": [
                  false,
                  false,
                  false
                ]
              },
              {
                "ports": []
              }
            ],
            "deny": [],
            "destination_ranges": [
              false,
              false
            ],
            "log_config": [],
            "source_service_accounts": [
              false,
              false
            ]
          }
        },
        {
          "address": "google_compute_firewall.full_list_default_2",
          "mode": "managed",
          "type": "google_compute_firewall",
          "name": "full_list_default_2",
          "provider_name": "registry.terraform.io/hashicorp/google",
          "schema_version": 1,
          "values": {
            "allow": [],
            "deny": [
              {
                "ports": [
                  "80",
                  "8080",
                  "1000-2000"
                ],
                "protocol": "tcp"
              },
              {
                "ports": [],
                "protocol": "icmp"
              }
            ],
            "description": null,
            "disabled": null,
            "log_config": [],
            "name": "test-firewall2",
            "network": "test-network",
            "priority": 1000,
            "source_ranges": [
              "192.168.0.44/32",
              "192.168.0.45/32"
            ],
            "source_service_accounts": [
              "test-source_service_account1",
              "test-source_service_account2"
            ],
            "source_tags": null,
            "target_service_accounts": [
              "test-target_service_account1",
              "test-target_service_account2"
            ],
            "target_tags": null,
            "timeouts": null
          },
          "sensitive_values": {
            "allow": [],
            "deny": [
              {
                "ports": [
                  false,
                  false,
                  false
                ]
              },
              {
                "ports": []
              }
            ],
            "destination_ranges": [],
            "log_config": [],
            "source_ranges": [
              false,
              false
            ],
            "source_service_accounts": [
              false,
              false
            ],
            "target_service_accounts": [
              false,
              false
            ]
          }
        },
        {
          "address": "google_compute_firewall.full_list_default_3",
          "mode": "managed",
          "type": "google_compute_firewall",
          "name": "full_list_default_3",
          "provider_name": "registry.terraform.io/hashicorp/google",
          "schema_version": 1,
          "values": {
            "allow": [],
            "deny": [
              {
                "ports": [],
                "protocol": "icmp"
              }
            ],
            "description": null,
            "disabled": null,
            "log_config": [],
            "name": "test-firewall3",
            "network": "test-network",
            "priority": 1000,
            "source_ranges": null,
            "source_service_accounts": null,
            "source_tags": [
              "web"
            ],
            "target_service_accounts": null,
            "target_tags": [
              "test-target_tag1",
              "test-target_tag2"
            ],
            "timeouts": null
          },
          "sensitive_values": {
            "allow": [],
            "deny": [
              {
                "ports": []
              }
            ],
            "destination_ranges": [],
            "log_config": [],
            "source_tags": [
              false
            ],
            "target_tags": [
              false,
              false
            ]
          }
        },
        {
          "address": "google_compute_network.default",
          "mode": "managed",
          "type": "google_compute_network",
          "name": "default",
          "provider_name": "registry.terraform.io/hashicorp/google",
          "schema_version": 0,
          "values": {
            "auto_create_subnetworks": true,
            "delete_default_routes_on_create": false,
            "description": null,
            "name": "test-network",
            "timeouts": null
          },
          "sensitive_values": {}
        }
      ]
    }
  },
  "resource_changes": [
    {
      "address": "google_compute_firewall.full_list_default_1",
      "mode": "managed",
      "type": "google_compute_firewall",
      "name": "full_list_default_1",
      "provider_name": "registry.terraform.io/hashicorp/google",
      "change": {
        "actions": [
          "create"
        ],
        "before": null,
        "after": {
          "allow": [
            {
              "ports": [
                "80",
                "8080",
                "1000-2000"
              ],
              "protocol": "tcp"
            },
            {
              "ports": [],
              "protocol": "icmp"
            }
          ],
          "deny": [],
          "description": "test-description",
          "destination_ranges": [
            "192.168.0.42/32",
            "192.168.0.43/32"
          ],
          "direction": "INGRESS",
          "disabled": true,
          "log_config": [],
          "name": "test-firewall1",
          "network": "test-network",
          "priority": 42,
          "source_ranges": null,
          "source_service_accounts": [
            "test-source_service_account1",
            "test-source_service_account2"
          ],
          "source_tags": null,
          "target_service_accounts": null,
          "target_tags": null,
          "timeouts": null,
          "project": "{{.Provider.project}}"
        },
        "after_unknown": {
          "allow": [
            {
              "ports": [
                false,
                false,
                false
              ]
            },
            {
              "ports": []
            }
          ],
          "creation_timestamp": true,
          "deny": [],
          "destination_ranges": [
            false,
            false
          ],
          "enable_logging": true,
          "id": true,
          "log_config": [],
          "self_link": true,
          "source_service_accounts": [
            false,
            false
          ]
        },
        "before_sensitive": false,
        "after_sensitive": {
          "allow": [
            {
              "ports": [
                false,
                false,
                false
              ]
            },
            {
              "ports": []
            }
          ],
          "deny": [],
          "destination_ranges": [
            false,
            false
          ],
          "log_config": [],
          "source_service_accounts": [
            false,
            false
          ]
        }
      }
    },
    {
      "address": "google_compute_firewall.full_list_default_2",
      "mode": "managed",
      "type": "google_compute_firewall",
      "name": "full_list_default_2",
      "provider_name": "registry.terraform.io/hashicorp/google",
      "change": {
        "actions": [
          "create"
        ],
        "before": null,
        "after": {
          "allow": [],
          "deny": [
            {
              "ports": [
                "80",
                "8080",
                "1000-2000"
              ],
              "protocol": "tcp"
            },
            {
              "ports": [],
              "protocol": "icmp"
            }
          ],
          "description": null,
          "disabled": null,
          "log_config": [],
          "name": "test-firewall2",
          "network": "test-network",
          "priority": 1000,
          "source_ranges": [
            "192.168.0.44/32",
            "192.168.0.45/32"
          ],
          "source_service_accounts": [
            "test-source_service_account1",
            "test-source_service_account2"
          ],
          "source_tags": null,
          "target_service_accounts": [
            "test-target_service_account1",
            "test-target_service_account2"
          ],
          "target_tags": null,
          "timeouts": null,
          "project": "{{.Provider.project}}"
        },
        "after_unknown": {
          "allow": [],
          "creation_timestamp": true,
          "deny": [
            {
              "ports": [
                false,
                false,
                false
              ]
            },
            {
              "ports": []
            }
          ],
          "destination_ranges": true,
          "direction": true,
          "enable_logging": true,
          "id": true,
          "log_config": [],
          "self_link": true,
          "source_ranges": [
            false,
            false
          ],
          "source_service_accounts": [
            false,
            false
          ],
          "target_service_accounts": [
            false,
            false
          ]
        },
        "before_sensitive": false,
        "after_sensitive": {
          "allow": [],
          "deny": [
            {
              "ports": [
                false,
                false,
                false
              ]
            },
            {
              "ports": []
            }
          ],
          "destination_ranges": [],
          "log_config": [],
          "source_ranges": [
            false,
            false
          ],
          "source_service_accounts": [
            false,
            false
          ],
          "target_service_accounts": [
            false,
            false
          ]
        }
      }
    },
    {
      "address": "google_compute_firewall.full_list_default_3",
      "mode": "managed",
      "type": "google_compute_firewall",
      "name": "full_list_default_3",
      "provider_name": "registry.terraform.io/hashicorp/google",
      "change": {
        "actions": [
          "create"
        ],
        "before": null,
        "after": {
          "allow": [],
          "deny": [
            {
              "ports": [],
              "protocol": "icmp"
            }
          ],
          "description": null,
          "disabled": null,
          "log_config": [],
          "name": "test-firewall3",
          "network": "test-network",
          "priority": 1000,
          "source_ranges": null,
          "source_service_accounts": null,
          "source_tags": [
            "web"
          ],
          "target_service_accounts": null,
          "target_tags": [
            "test-target_tag1",
            "test-target_tag2"
          ],
          "timeouts": null,
          "project": "{{.Provider.project}}"
        },
        "after_unknown": {
          "allow": [],
          "creation_timestamp": true,
          "deny": [
            {
              "ports": []
            }
          ],
          "destination_ranges": true,
          "direction": true,
          "enable_logging": true,
          "id": true,
          "log_config": [],
          "self_link": true,
          "source_tags": [
            false
          ],
          "target_tags": [
            false,
            false
          ]
        },
        "before_sensitive": false,
        "after_sensitive": {
          "allow": [],
          "deny": [
            {
              "ports": []
            }
          ],
          "destination_ranges": [],
          "log_config": [],
          "source_tags": [
            false
          ],
          "target_tags": [
            false,
            false
          ]
        }
      }
    },
    {
      "address": "google_compute_network.default",
      "mode": "managed",
      "type": "google_compute_network",
      "name": "default",
      "provider_name": "registry.terraform.io/hashicorp/google",
      "change": {
        "actions": [
          "create"
        ],
        "before": null,
        "after": {
          "auto_create_subnetworks": true,
          "delete_default_routes_on_create": false,
          "description": null,
          "name": "test-network",
          "timeouts": null,
          "project": "{{.Provider.project}}",
          "network_firewall_policy_enforcement_order": "AFTER_CLASSIC_FIREWALL"
        },
        "after_unknown": {
          "gateway_ipv4": true,
          "id": true,
          "mtu": true,
          "routing_mode": true,
          "self_link": true
        },
        "before_sensitive": false,
        "after_sensitive": {}
      }
    }
  ],
  "configuration": {
    "root_module": {
      "resources": [
        {
          "address": "google_compute_firewall.full_list_default_1",
          "mode": "managed",
          "type": "google_compute_firewall",
          "name": "full_list_default_1",
          "provider_config_key": "google",
          "expressions": {
            "allow": [
              {
                "protocol": {
                  "constant_value": "icmp"
                }
              },
              {
                "ports": {
                  "constant_value": [
                    "80",
                    "8080",
                    "1000-2000"
                  ]
                },
                "protocol": {
                  "constant_value": "tcp"
                }
              }
            ],
            "description": {
              "constant_value": "test-description"
            },
            "destination_ranges": {
              "constant_value": [
                "192.168.0.42/32",
                "192.168.0.43/32"
              ]
            },
            "direction": {
              "constant_value": "INGRESS"
            },
            "disabled": {
              "constant_value": true
            },
            "name": {
              "constant_value": "test-firewall1"
            },
            "network": {
              "references": [
                "google_compute_network.default.name",
                "google_compute_network.default"
              ]
            },
            "priority": {
              "constant_value": 42
            },
            "source_service_accounts": {
              "constant_value": [
                "test-source_service_account1",
                "test-source_service_account2"
              ]
            }
          },
          "schema_version": 1
        },
        {
          "address": "google_compute_firewall.full_list_default_2",
          "mode": "managed",
          "type": "google_compute_firewall",
          "name": "full_list_default_2",
          "provider_config_key": "google",
          "expressions": {
            "deny": [
              {
                "protocol": {
                  "constant_value": "icmp"
                }
              },
              {
                "ports": {
                  "constant_value": [
                    "80",
                    "8080",
                    "1000-2000"
                  ]
                },
                "protocol": {
                  "constant_value": "tcp"
                }
              }
            ],
            "name": {
              "constant_value": "test-firewall2"
            },
            "network": {
              "references": [
                "google_compute_network.default.name",
                "google_compute_network.default"
              ]
            },
            "source_ranges": {
              "constant_value": [
                "192.168.0.44/32",
                "192.168.0.45/32"
              ]
            },
            "source_service_accounts": {
              "constant_value": [
                "test-source_service_account1",
                "test-source_service_account2"
              ]
            },
            "target_service_accounts": {
              "constant_value": [
                "test-target_service_account1",
                "test-target_service_account2"
              ]
            }
          },
          "schema_version": 1
        },
        {
          "address": "google_compute_firewall.full_list_default_3",
          "mode": "managed",
          "type": "google_compute_firewall",
          "name": "full_list_default_3",
          "provider_config_key": "google",
          "expressions": {
            "deny": [
              {
                "protocol": {
                  "constant_value": "icmp"
                }
              }
            ],
            "name": {
              "constant_value": "test-firewall3"
            },
            "network": {
              "references": [
                "google_compute_network.default.name",
                "google_compute_network.default"
              ]
            },
            "source_tags": {
              "constant_value": [
                "web"
              ]
            },
            "target_tags": {
              "constant_value": [
                "test-target_tag1",
                "test-target_tag2"
              ]
            }
          },
          "schema_version": 1
        },
        {
          "address": "google_compute_network.default",
          "mode": "managed",
          "type": "google_compute_network",
          "name": "default",
          "provider_config_key": "google",
          "expressions": {
            "name": {
              "constant_value": "test-network"
            }
          },
          "schema_version": 0
        }
      ]
    }
  }
}
