{
  "format_version": "1.1",
  "terraform_version": "1.3.2",
  "planned_values": {
    "root_module": {
      "resources": [
        {
          "address": "google_compute_instance.my-test-instance",
          "mode": "managed",
          "type": "google_compute_instance",
          "name": "my-test-instance",
          "provider_name": "registry.terraform.io/hashicorp/google",
          "schema_version": 6,
          "values": {
            "advanced_machine_features": [],
            "allow_stopping_for_update": null,
            "attached_disk": [],
            "boot_disk": [
              {
                "auto_delete": true,
                "disk_encryption_key_raw": null,
                "initialize_params": [
                  {
                    "image": "projects/debian-cloud/global/images/debian-8-jessie-v20170523",
                    "resource_manager_tags": null
                  }
                ],
                "mode": "READ_WRITE"
              }
            ],
            "can_ip_forward": false,
            "deletion_protection": false,
            "description": null,
            "desired_status": null,
            "enable_display": null,
            "hostname": null,
            "labels": null,
            "machine_type": "n1-standard-1",
            "metadata": null,
            "metadata_startup_script": "echo hi \u003e /test.txt",
            "name": "my-instance",
            "network_interface": [
              {
                "access_config": [
                  {
                    "public_ptr_domain_name": null
                  }
                ],
                "alias_ip_range": [],
                "ipv6_access_config": [],
                "network": "default",
                "nic_type": null,
                "queue_count": null
              }
            ],
            "network_performance_config": [],
            "params": [],
            "project": "{{.Provider.project}}",
            "resource_policies": null,
            "scratch_disk": [
              {
                "interface": "SCSI",
                "size": 375
              }
            ],
            "service_account": [
              {
                "scopes": [
                  "https://www.googleapis.com/auth/cloud-platform"
                ]
              }
            ],
            "shielded_instance_config": [],
            "tags": [
              "bar",
              "foo"
            ],
            "timeouts": null,
            "zone": "us-central1-a"
          },
          "sensitive_values": {
            "advanced_machine_features": [],
            "attached_disk": [],
            "boot_disk": [
              {
                "initialize_params": [
                  {
                    "labels": {}
                  }
                ]
              }
            ],
            "confidential_instance_config": [],
            "effective_labels": {},
            "guest_accelerator": [],
            "network_interface": [
              {
                "access_config": [
                  {}
                ],
                "alias_ip_range": [],
                "ipv6_access_config": []
              }
            ],
            "network_performance_config": [],
            "params": [],
            "reservation_affinity": [],
            "scheduling": [],
            "scratch_disk": [
              {}
            ],
            "service_account": [
              {
                "scopes": [
                  false
                ]
              }
            ],
            "shielded_instance_config": [],
            "tags": [
              false,
              false
            ],
            "terraform_labels": {}
          }
        }
      ]
    }
  },
  "resource_changes": [
    {
      "address": "google_compute_instance.my-test-instance",
      "mode": "managed",
      "type": "google_compute_instance",
      "name": "my-test-instance",
      "provider_name": "registry.terraform.io/hashicorp/google",
      "change": {
        "actions": [
          "create"
        ],
        "before": null,
        "after": {
          "advanced_machine_features": [],
          "allow_stopping_for_update": null,
          "attached_disk": [],
          "boot_disk": [
            {
              "auto_delete": true,
              "disk_encryption_key_raw": null,
              "initialize_params": [
                {
                  "image": "projects/debian-cloud/global/images/debian-8-jessie-v20170523",
                  "resource_manager_tags": null
                }
              ],
              "mode": "READ_WRITE"
            }
          ],
          "can_ip_forward": false,
          "deletion_protection": false,
          "description": null,
          "desired_status": null,
          "enable_display": null,
          "hostname": null,
          "labels": null,
          "machine_type": "n1-standard-1",
          "metadata": null,
          "metadata_startup_script": "echo hi \u003e /test.txt",
          "name": "my-instance",
          "network_interface": [
            {
              "access_config": [
                {
                  "public_ptr_domain_name": null
                }
              ],
              "alias_ip_range": [],
              "ipv6_access_config": [],
              "network": "default",
              "nic_type": null,
              "queue_count": null
            }
          ],
          "network_performance_config": [],
          "params": [],
          "project": "{{.Provider.project}}",
          "resource_policies": null,
          "scratch_disk": [
            {
              "interface": "SCSI",
              "size": 375
            }
          ],
          "service_account": [
            {
              "scopes": [
                "https://www.googleapis.com/auth/cloud-platform"
              ]
            }
          ],
          "shielded_instance_config": [],
          "tags": [
            "bar",
            "foo"
          ],
          "timeouts": null,
          "zone": "us-central1-a"
        },
        "after_unknown": {
          "advanced_machine_features": [],
          "attached_disk": [],
          "boot_disk": [
            {
              "device_name": true,
              "disk_encryption_key_sha256": true,
              "initialize_params": [
                {
                  "labels": true,
                  "size": true,
                  "type": true
                }
              ],
              "kms_key_self_link": true,
              "source": true
            }
          ],
          "confidential_instance_config": true,
          "cpu_platform": true,
          "current_status": true,
          "effective_labels": true,
          "guest_accelerator": true,
          "id": true,
          "instance_id": true,
          "label_fingerprint": true,
          "metadata_fingerprint": true,
          "min_cpu_platform": true,
          "network_interface": [
            {
              "access_config": [
                {
                  "nat_ip": true,
                  "network_tier": true
                }
              ],
              "alias_ip_range": [],
              "internal_ipv6_prefix_length": true,
              "ipv6_access_config": [],
              "ipv6_access_type": true,
              "ipv6_address": true,
              "name": true,
              "network_ip": true,
              "stack_type": true,
              "subnetwork": true,
              "subnetwork_project": true
            }
          ],
          "network_performance_config": [],
          "params": [],
          "reservation_affinity": true,
          "scheduling": true,
          "scratch_disk": [
            {}
          ],
          "self_link": true,
          "service_account": [
            {
              "email": true,
              "scopes": [
                false
              ]
            }
          ],
          "shielded_instance_config": [],
          "tags": [
            false,
            false
          ],
          "tags_fingerprint": true,
          "terraform_labels": true
        },
        "before_sensitive": false,
        "after_sensitive": {
          "advanced_machine_features": [],
          "attached_disk": [],
          "boot_disk": [
            {
              "disk_encryption_key_raw": true,
              "initialize_params": [
                {
                  "labels": {}
                }
              ]
            }
          ],
          "confidential_instance_config": [],
          "effective_labels": {},
          "guest_accelerator": [],
          "network_interface": [
            {
              "access_config": [
                {}
              ],
              "alias_ip_range": [],
              "ipv6_access_config": []
            }
          ],
          "network_performance_config": [],
          "params": [],
          "reservation_affinity": [],
          "scheduling": [],
          "scratch_disk": [
            {}
          ],
          "service_account": [
            {
              "scopes": [
                false
              ]
            }
          ],
          "shielded_instance_config": [],
          "tags": [
            false,
            false
          ],
          "terraform_labels": {}
        }
      }
    }
  ],
  "configuration": {
    "provider_config": {
      "google": {
        "name": "google",
        "expressions": {
          "project": {
            "constant_value": "{{.Provider.project}}"
          }
        }
      }
    },
    "root_module": {
      "resources": [
        {
          "address": "google_compute_instance.my-test-instance",
          "mode": "managed",
          "type": "google_compute_instance",
          "name": "my-test-instance",
          "provider_config_key": "google",
          "expressions": {
            "boot_disk": [
              {
                "initialize_params": [
                  {
                    "image": {
                      "constant_value": "projects/debian-cloud/global/images/debian-8-jessie-v20170523"
                    }
                  }
                ]
              }
            ],
            "machine_type": {
              "constant_value": "n1-standard-1"
            },
            "metadata_startup_script": {
              "constant_value": "echo hi \u003e /test.txt"
            },
            "name": {
              "constant_value": "my-instance"
            },
            "network_interface": [
              {
                "access_config": [
                  {}
                ],
                "network": {
                  "constant_value": "default"
                }
              }
            ],
            "project": {
              "constant_value": "{{.Provider.project}}"
            },
            "scratch_disk": [
              {
                "interface": {
                  "constant_value": "SCSI"
                }
              }
            ],
            "service_account": [
              {
                "scopes": {
                  "constant_value": [
                    "cloud-platform"
                  ]
                }
              }
            ],
            "tags": {
              "constant_value": [
                "foo",
                "bar"
              ]
            },
            "zone": {
              "constant_value": "us-central1-a"
            }
          },
          "schema_version": 6
        }
      ]
    }
  }
}
