{
  "format_version": "1.1",
  "terraform_version": "1.3.2",
  "planned_values": {
    "root_module": {
      "resources": [
        {
          "address": "google_sql_database_instance.my-test-sql",
          "mode": "managed",
          "type": "google_sql_database_instance",
          "name": "my-test-sql",
          "provider_name": "registry.terraform.io/hashicorp/google",
          "schema_version": 0,
          "values": {
            "clone": [],
            "database_version": "POSTGRES_9_6",
            "deletion_protection": true,
            "name": "main-instance",
            "project": "{{.Provider.project}}",
            "region": "us-central1",
            "restore_backup_context": [],
            "root_password": null,
            "settings": [
              {
                "activation_policy": "ALWAYS",
                "active_directory_config": [],
                "advanced_machine_features": [],
                "availability_type": "ZONAL",
                "collation": null,
                "data_cache_config": [],
                "database_flags": [],
                "deletion_protection_enabled": null,
                "deny_maintenance_period": [],
                "disk_autoresize": true,
                "disk_autoresize_limit": 0,
                "disk_type": "PD_SSD",
                "edition": null,
                "insights_config": [],
                "maintenance_window": [],
                "password_validation_policy": [],
                "pricing_plan": "PER_USE",
                "sql_server_audit_config": [],
                "tier": "db-f1-micro",
                "time_zone": null
              }
            ],
            "timeouts": null
          },
          "sensitive_values": {
            "available_maintenance_versions": [],
            "clone": [],
            "ip_address": [],
            "replica_configuration": [],
            "restore_backup_context": [],
            "server_ca_cert": [],
            "settings": [
              {
                "active_directory_config": [],
                "advanced_machine_features": [],
                "backup_configuration": [],
                "data_cache_config": [],
                "database_flags": [],
                "deny_maintenance_period": [],
                "insights_config": [],
                "ip_configuration": [],
                "location_preference": [],
                "maintenance_window": [],
                "password_validation_policy": [],
                "sql_server_audit_config": [],
                "user_labels": {}
              }
            ]
          }
        }
      ]
    }
  },
  "resource_changes": [
    {
      "address": "google_sql_database_instance.my-test-sql",
      "mode": "managed",
      "type": "google_sql_database_instance",
      "name": "my-test-sql",
      "provider_name": "registry.terraform.io/hashicorp/google",
      "change": {
        "actions": [
          "create"
        ],
        "before": null,
        "after": {
          "clone": [],
          "database_version": "POSTGRES_9_6",
          "deletion_protection": true,
          "name": "main-instance",
          "project": "{{.Provider.project}}",
          "region": "us-central1",
          "restore_backup_context": [],
          "root_password": null,
          "settings": [
            {
              "activation_policy": "ALWAYS",
              "active_directory_config": [],
              "advanced_machine_features": [],
              "availability_type": "ZONAL",
              "collation": null,
              "data_cache_config": [],
              "database_flags": [],
              "deletion_protection_enabled": null,
              "deny_maintenance_period": [],
              "disk_autoresize": true,
              "disk_autoresize_limit": 0,
              "disk_type": "PD_SSD",
              "edition": null,
              "insights_config": [],
              "maintenance_window": [],
              "password_validation_policy": [],
              "pricing_plan": "PER_USE",
              "sql_server_audit_config": [],
              "tier": "db-f1-micro",
              "time_zone": null
            }
          ],
          "timeouts": null
        },
        "after_unknown": {
          "available_maintenance_versions": true,
          "clone": [],
          "connection_name": true,
          "dns_name": true,
          "encryption_key_name": true,
          "first_ip_address": true,
          "id": true,
          "instance_type": true,
          "ip_address": true,
          "maintenance_version": true,
          "master_instance_name": true,
          "private_ip_address": true,
          "psc_service_attachment_link": true,
          "public_ip_address": true,
          "replica_configuration": true,
          "restore_backup_context": [],
          "self_link": true,
          "server_ca_cert": true,
          "service_account_email_address": true,
          "settings": [
            {
              "active_directory_config": [],
              "advanced_machine_features": [],
              "backup_configuration": true,
              "connector_enforcement": true,
              "data_cache_config": [],
              "database_flags": [],
              "deny_maintenance_period": [],
              "disk_size": true,
              "insights_config": [],
              "ip_configuration": true,
              "location_preference": true,
              "maintenance_window": [],
              "password_validation_policy": [],
              "sql_server_audit_config": [],
              "user_labels": true,
              "version": true
            }
          ]
        },
        "before_sensitive": false,
        "after_sensitive": {
          "available_maintenance_versions": [],
          "clone": [],
          "ip_address": [],
          "replica_configuration": [],
          "restore_backup_context": [],
          "root_password": true,
          "server_ca_cert": [],
          "settings": [
            {
              "active_directory_config": [],
              "advanced_machine_features": [],
              "backup_configuration": [],
              "data_cache_config": [],
              "database_flags": [],
              "deny_maintenance_period": [],
              "insights_config": [],
              "ip_configuration": [],
              "location_preference": [],
              "maintenance_window": [],
              "password_validation_policy": [],
              "sql_server_audit_config": [],
              "user_labels": {}
            }
          ]
        }
      }
    }
  ],
  "configuration": {
    "provider_config": {
      "google": {
        "name": "google",
        "expressions": {
          "project": {
            "constant_value": "{{.Provider.project}}"
          }
        }
      }
    },
    "root_module": {
      "resources": [
        {
          "address": "google_sql_database_instance.my-test-sql",
          "mode": "managed",
          "type": "google_sql_database_instance",
          "name": "my-test-sql",
          "provider_config_key": "google",
          "expressions": {
            "database_version": {
              "constant_value": "POSTGRES_9_6"
            },
            "name": {
              "constant_value": "main-instance"
            },
            "region": {
              "constant_value": "us-central1"
            },
            "settings": [
              {
                "tier": {
                  "constant_value": "db-f1-micro"
                }
              }
            ]
          },
          "schema_version": 0
        }
      ]
    }
  }
}
