{
  "format_version": "0.1",
  "terraform_version": "0.12.4",
  "planned_values": {
    "root_module": {
      "resources": [
        {
          "address": "google_compute_firewall.default",
          "mode": "managed",
          "type": "google_compute_firewall",
          "name": "default",
          "provider_name": "google",
          "schema_version": 1,
          "values": {
            "allow": [
              {
                "ports": [
                  "82",
                  "8080",
                  "1000-2000"
                ],
                "protocol": "tcp"
              }
            ],
            "creation_timestamp": "2019-07-23T04:06:22.114-07:00",
            "deny": [],
            "description": "",
            "destination_ranges": [],
            "direction": "INGRESS",
            "disabled": false,
            "id": "test-firewall",
            "name": "test-firewall",
            "network": "https://www.googleapis.com/compute/v1/projects/gl-akopachevskyy-sql-db/global/networks/default",
            "priority": 1000,
            "project": "gl-akopachevskyy-sql-db",
            "self_link": "https://www.googleapis.com/compute/v1/projects/gl-akopachevskyy-sql-db/global/firewalls/test-firewall",
            "source_ranges": [],
            "source_service_accounts": [],
            "source_tags": [
              "web"
            ],
            "target_service_accounts": [],
            "target_tags": [],
            "timeouts": null
          }
        }
      ],
      "child_modules": [
        {
          "resources": [
            {
              "address": "module.mymodule.google_compute_firewall.http",
              "mode": "managed",
              "type": "google_compute_firewall",
              "name": "http",
              "provider_name": "google",
              "schema_version": 1,
              "values": {
                "allow": [
                  {
                    "ports": [
                      "8181"
                    ],
                    "protocol": "udp"
                  }
                ],
                "deny": [],
                "description": null,
                "disabled": null,
                "name": "server-fiewall",
                "network": "default",
                "priority": 1000,
                "source_service_accounts": null,
                "source_tags": [
                  "server"
                ],
                "target_service_accounts": null,
                "target_tags": null,
                "timeouts": null
              }
            }
          ],
          "address": "module.mymodule"
        }
      ]
    }
  },
  "resource_changes": [
    {
      "address": "google_compute_firewall.default",
      "mode": "managed",
      "type": "google_compute_firewall",
      "name": "default",
      "provider_name": "google",
      "change": {
        "actions": [
          "create"
        ],
        "before": {
          "allow": [
            {
              "ports": [
                "82",
                "8080",
                "1000-2000"
              ],
              "protocol": "tcp"
            }
          ],
          "creation_timestamp": "2019-07-23T04:06:22.114-07:00",
          "deny": [],
          "description": "",
          "destination_ranges": [],
          "direction": "INGRESS",
          "disabled": false,
          "id": "test-firewall",
          "name": "test-firewall",
          "network": "https://www.googleapis.com/compute/v1/projects/gl-akopachevskyy-sql-db/global/networks/default",
          "priority": 1000,
          "project": "gl-akopachevskyy-sql-db",
          "self_link": "https://www.googleapis.com/compute/v1/projects/gl-akopachevskyy-sql-db/global/firewalls/test-firewall",
          "source_ranges": [],
          "source_service_accounts": [],
          "source_tags": [
            "web"
          ],
          "target_service_accounts": [],
          "target_tags": [],
          "timeouts": null
        },
        "after": {
          "allow": [
            {
              "ports": [
                "82",
                "8080",
                "1000-2000"
              ],
              "protocol": "tcp"
            }
          ],
          "creation_timestamp": "2019-07-23T04:06:22.114-07:00",
          "deny": [],
          "description": "",
          "destination_ranges": [],
          "direction": "INGRESS",
          "disabled": false,
          "id": "test-firewall",
          "name": "test-firewall",
          "network": "https://www.googleapis.com/compute/v1/projects/gl-akopachevskyy-sql-db/global/networks/default",
          "priority": 1000,
          "project": "gl-akopachevskyy-sql-db",
          "self_link": "https://www.googleapis.com/compute/v1/projects/gl-akopachevskyy-sql-db/global/firewalls/test-firewall",
          "source_ranges": [],
          "source_service_accounts": [],
          "source_tags": [
            "web"
          ],
          "target_service_accounts": [],
          "target_tags": [],
          "timeouts": null
        },
        "after_unknown": {}
      }
    },
    {
      "address": "module.mymodule.google_compute_firewall.http",
      "module_address": "module.mymodule",
      "mode": "managed",
      "type": "google_compute_firewall",
      "name": "http",
      "provider_name": "google",
      "change": {
        "actions": [
          "create"
        ],
        "before": {
          "allow": [
            {
              "ports": [
                "8181"
              ],
              "protocol": "udp"
            }
          ],
          "deny": [],
          "description": null,
          "disabled": null,
          "name": "server-fiewall",
          "network": "default",
          "priority": 1000,
          "source_service_accounts": null,
          "source_tags": [
            "server"
          ],
          "target_service_accounts": null,
          "target_tags": null,
          "timeouts": null
        },
        "after": {
          "allow": [
            {
              "ports": [
                "8181"
              ],
              "protocol": "udp"
            }
          ],
          "deny": [],
          "description": null,
          "disabled": null,
          "name": "server-fiewall",
          "network": "default",
          "priority": 1000,
          "source_service_accounts": null,
          "source_tags": [
            "server"
          ],
          "target_service_accounts": null,
          "target_tags": null,
          "timeouts": null
        },
        "after_unknown": {
          "allow": [
            {
              "ports": [
                false
              ]
            }
          ],
          "creation_timestamp": true,
          "deny": [],
          "destination_ranges": true,
          "direction": true,
          "id": true,
          "project": true,
          "self_link": true,
          "source_ranges": true,
          "source_tags": [
            false
          ]
        }
      }
    }
  ],
  "prior_state": {
    "format_version": "0.1",
    "terraform_version": "0.12.4",
    "values": {
      "root_module": {
        "resources": [
          {
            "address": "google_compute_firewall.default",
            "mode": "managed",
            "type": "google_compute_firewall",
            "name": "default",
            "provider_name": "google",
            "schema_version": 1,
            "values": {
              "allow": [
                {
                  "ports": [
                    "82",
                    "8080",
                    "1000-2000"
                  ],
                  "protocol": "tcp"
                }
              ],
              "creation_timestamp": "2019-07-23T04:06:22.114-07:00",
              "deny": [],
              "description": "",
              "destination_ranges": [],
              "direction": "INGRESS",
              "disabled": false,
              "id": "test-firewall",
              "name": "test-firewall",
              "network": "https://www.googleapis.com/compute/v1/projects/gl-akopachevskyy-sql-db/global/networks/default",
              "priority": 1000,
              "project": "gl-akopachevskyy-sql-db",
              "self_link": "https://www.googleapis.com/compute/v1/projects/gl-akopachevskyy-sql-db/global/firewalls/test-firewall",
              "source_ranges": [],
              "source_service_accounts": [],
              "source_tags": [
                "web"
              ],
              "target_service_accounts": [],
              "target_tags": [],
              "timeouts": null
            }
          }
        ]
      }
    }
  },
  "configuration": {
    "provider_config": {
      "google": {
        "name": "google",
        "version_constraint": "~\u003e 2.5",
        "expressions": {
          "project": {
            "constant_value": "gl-akopachevskyy-sql-db"
          }
        }
      }
    },
    "root_module": {
      "resources": [
        {
          "address": "google_compute_firewall.default",
          "mode": "managed",
          "type": "google_compute_firewall",
          "name": "default",
          "provider_config_key": "google",
          "expressions": {
            "allow": [
              {
                "ports": {
                  "constant_value": [
                    "82",
                    "8080",
                    "1000-2000"
                  ]
                },
                "protocol": {
                  "constant_value": "tcp"
                }
              }
            ],
            "name": {
              "constant_value": "test-firewall"
            },
            "network": {
              "constant_value": "default"
            },
            "source_tags": {
              "constant_value": [
                "web"
              ]
            }
          },
          "schema_version": 1
        }
      ],
      "module_calls": {
        "mymodule": {
          "source": "./module",
          "module": {
            "resources": [
              {
                "address": "google_compute_firewall.http",
                "mode": "managed",
                "type": "google_compute_firewall",
                "name": "http",
                "provider_config_key": "mymodule:google",
                "expressions": {
                  "allow": [
                    {
                      "ports": {
                        "constant_value": [
                          "8181"
                        ]
                      },
                      "protocol": {
                        "constant_value": "udp"
                      }
                    }
                  ],
                  "name": {
                    "constant_value": "server-fiewall"
                  },
                  "network": {
                    "constant_value": "default"
                  },
                  "source_tags": {
                    "constant_value": [
                      "server"
                    ]
                  }
                },
                "schema_version": 1
              }
            ]
          }
        }
      }
    }
  }
}