{
    "format_version": "1.2",
    "terraform_version": "1.9.4",
    "planned_values": {
        "root_module": {
            "resources": [
                {
                    "address": "google_compute_instance.tgc-iam",
                    "mode": "managed",
                    "type": "google_compute_instance",
                    "name": "tgc-iam",
                    "provider_name": "registry.terraform.io/hashicorp/google",
                    "schema_version": 6,
                    "values": {
                        "advanced_machine_features": [],
                        "allow_stopping_for_update": null,
                        "attached_disk": [],
                        "boot_disk": [
                            {
                                "auto_delete": true,
                                "disk_encryption_key_raw": null,
                                "disk_encryption_key_rsa": null,
                                "disk_encryption_service_account": null,
                                "force_attach": null,
                                "initialize_params": [
                                    {
                                        "enable_confidential_compute": null,
                                        "image": "debian-cloud/debian-11",
                                        "resource_manager_tags": null,
                                        "source_image_encryption_key": [],
                                        "source_snapshot_encryption_key": [],
                                        "storage_pool": null
                                    }
                                ],
                                "interface": null,
                                "mode": "READ_WRITE"
                            }
                        ],
                        "can_ip_forward": false,
                        "deletion_protection": false,
                        "description": null,
                        "desired_status": null,
                        "effective_labels": {
                            "goog-terraform-provisioned": "true"
                        },
                        "enable_display": null,
                        "hostname": null,
                        "instance_encryption_key": [],
                        "key_revocation_action_type": null,
                        "labels": null,
                        "machine_type": "e2-medium",
                        "metadata": null,
                        "metadata_startup_script": null,
                        "network_interface": [
                            {
                                "access_config": [],
                                "alias_ip_range": [],
                                "ipv6_access_config": [],
                                "network": "default",
                                "nic_type": null,
                                "queue_count": null
                            }
                        ],
                        "network_performance_config": [],
                        "params": [],
                        "project": "terraform-dev-zhenhuali",
                        "resource_policies": null,
                        "scratch_disk": [],
                        "service_account": [],
                        "shielded_instance_config": [],
                        "tags": null,
                        "terraform_labels": {
                            "goog-terraform-provisioned": "true"
                        },
                        "timeouts": null,
                        "zone": "us-central1-a"
                    },
                    "sensitive_values": {
                        "advanced_machine_features": [],
                        "attached_disk": [],
                        "boot_disk": [
                            {
                                "disk_encryption_key_raw": true,
                                "disk_encryption_key_rsa": true,
                                "guest_os_features": [],
                                "initialize_params": [
                                    {
                                        "labels": {},
                                        "resource_policies": [],
                                        "source_image_encryption_key": [],
                                        "source_snapshot_encryption_key": []
                                    }
                                ]
                            }
                        ],
                        "confidential_instance_config": [],
                        "effective_labels": {},
                        "guest_accelerator": [],
                        "instance_encryption_key": [],
                        "network_interface": [
                            {
                                "access_config": [],
                                "alias_ip_range": [],
                                "ipv6_access_config": []
                            }
                        ],
                        "network_performance_config": [],
                        "params": [],
                        "reservation_affinity": [],
                        "scheduling": [],
                        "scratch_disk": [],
                        "service_account": [],
                        "shielded_instance_config": [],
                        "terraform_labels": {}
                    }
                },
                {
                    "address": "google_compute_instance_iam_member.foo",
                    "mode": "managed",
                    "type": "google_compute_instance_iam_member",
                    "name": "foo",
                    "provider_name": "registry.terraform.io/hashicorp/google",
                    "schema_version": 0,
                    "values": {
                        "condition": [],
                        "member": "user:admin@hashicorptest.com",
                        "project": "terraform-dev-zhenhuali",
                        "role": "roles/compute.osLogin",
                        "zone": "us-central1-a"
                    },
                    "sensitive_values": {
                        "condition": []
                    }
                },
                {
                    "address": "google_compute_instance_iam_member.foo1",
                    "mode": "managed",
                    "type": "google_compute_instance_iam_member",
                    "name": "foo1",
                    "provider_name": "registry.terraform.io/hashicorp/google",
                    "schema_version": 0,
                    "values": {
                        "condition": [],
                        "member": "user:jane1@example.com",
                        "project": "terraform-dev-zhenhuali",
                        "role": "roles/compute.osLogin",
                        "zone": "us-central1-a"
                    },
                    "sensitive_values": {
                        "condition": []
                    }
                }
            ]
        }
    },
    "resource_drift": [

    ],
    "resource_changes": [
        {
            "address": "google_compute_instance.tgc-iam",
            "mode": "managed",
            "type": "google_compute_instance",
            "name": "tgc-iam",
            "provider_name": "registry.terraform.io/hashicorp/google",
            "change": {
                "actions": [
                    "create"
                ],
                "before": null,
                "after": {
                    "advanced_machine_features": [],
                    "allow_stopping_for_update": null,
                    "attached_disk": [],
                    "boot_disk": [
                        {
                            "auto_delete": true,
                            "disk_encryption_key_raw": null,
                            "disk_encryption_key_rsa": null,
                            "disk_encryption_service_account": null,
                            "force_attach": null,
                            "initialize_params": [
                                {
                                    "enable_confidential_compute": null,
                                    "image": "debian-cloud/debian-11",
                                    "resource_manager_tags": null,
                                    "source_image_encryption_key": [],
                                    "source_snapshot_encryption_key": [],
                                    "storage_pool": null
                                }
                            ],
                            "interface": null,
                            "mode": "READ_WRITE"
                        }
                    ],
                    "can_ip_forward": false,
                    "deletion_protection": false,
                    "description": null,
                    "desired_status": null,
                    "effective_labels": {
                        "goog-terraform-provisioned": "true"
                    },
                    "enable_display": null,
                    "hostname": null,
                    "instance_encryption_key": [],
                    "key_revocation_action_type": null,
                    "labels": null,
                    "machine_type": "e2-medium",
                    "metadata": null,
                    "metadata_startup_script": null,
                    "network_interface": [
                        {
                            "access_config": [],
                            "alias_ip_range": [],
                            "ipv6_access_config": [],
                            "network": "default",
                            "nic_type": null,
                            "queue_count": null
                        }
                    ],
                    "network_performance_config": [],
                    "params": [],
                    "project": "terraform-dev-zhenhuali",
                    "resource_policies": null,
                    "scratch_disk": [],
                    "service_account": [],
                    "shielded_instance_config": [],
                    "tags": null,
                    "terraform_labels": {
                        "goog-terraform-provisioned": "true"
                    },
                    "timeouts": null,
                    "zone": "us-central1-a"
                },
                "after_unknown": {
                    "advanced_machine_features": [],
                    "attached_disk": [],
                    "boot_disk": [
                        {
                            "device_name": true,
                            "disk_encryption_key_sha256": true,
                            "guest_os_features": true,
                            "initialize_params": [
                                {
                                    "architecture": true,
                                    "labels": true,
                                    "provisioned_iops": true,
                                    "provisioned_throughput": true,
                                    "resource_policies": true,
                                    "size": true,
                                    "snapshot": true,
                                    "source_image_encryption_key": [],
                                    "source_snapshot_encryption_key": [],
                                    "type": true
                                }
                            ],
                            "kms_key_self_link": true,
                            "source": true
                        }
                    ],
                    "confidential_instance_config": true,
                    "cpu_platform": true,
                    "creation_timestamp": true,
                    "current_status": true,
                    "effective_labels": {},
                    "guest_accelerator": true,
                    "id": true,
                    "instance_encryption_key": [],
                    "instance_id": true,
                    "label_fingerprint": true,
                    "metadata_fingerprint": true,
                    "min_cpu_platform": true,
                    "name": true,
                    "network_interface": [
                        {
                            "access_config": [],
                            "alias_ip_range": [],
                            "internal_ipv6_prefix_length": true,
                            "ipv6_access_config": [],
                            "ipv6_access_type": true,
                            "ipv6_address": true,
                            "name": true,
                            "network_attachment": true,
                            "network_ip": true,
                            "stack_type": true,
                            "subnetwork": true,
                            "subnetwork_project": true
                        }
                    ],
                    "network_performance_config": [],
                    "params": [],
                    "reservation_affinity": true,
                    "scheduling": true,
                    "scratch_disk": [],
                    "self_link": true,
                    "service_account": [],
                    "shielded_instance_config": [],
                    "tags_fingerprint": true,
                    "terraform_labels": {}
                },
                "before_sensitive": false,
                "after_sensitive": {
                    "advanced_machine_features": [],
                    "attached_disk": [],
                    "boot_disk": [
                        {
                            "disk_encryption_key_raw": true,
                            "disk_encryption_key_rsa": true,
                            "guest_os_features": [],
                            "initialize_params": [
                                {
                                    "labels": {},
                                    "resource_policies": [],
                                    "source_image_encryption_key": [],
                                    "source_snapshot_encryption_key": []
                                }
                            ]
                        }
                    ],
                    "confidential_instance_config": [],
                    "effective_labels": {},
                    "guest_accelerator": [],
                    "instance_encryption_key": [],
                    "network_interface": [
                        {
                            "access_config": [],
                            "alias_ip_range": [],
                            "ipv6_access_config": []
                        }
                    ],
                    "network_performance_config": [],
                    "params": [],
                    "reservation_affinity": [],
                    "scheduling": [],
                    "scratch_disk": [],
                    "service_account": [],
                    "shielded_instance_config": [],
                    "terraform_labels": {}
                }
            }
        },
        {
            "address": "google_compute_instance_iam_member.foo",
            "mode": "managed",
            "type": "google_compute_instance_iam_member",
            "name": "foo",
            "provider_name": "registry.terraform.io/hashicorp/google",
            "change": {
                "actions": [
                    "create"
                ],
                "before": null,
                "after": {
                    "condition": [],
                    "member": "user:admin@hashicorptest.com",
                    "project": "terraform-dev-zhenhuali",
                    "role": "roles/compute.osLogin",
                    "zone": "us-central1-a"
                },
                "after_unknown": {
                    "condition": [],
                    "etag": true,
                    "id": true,
                    "instance_name": true
                },
                "before_sensitive": false,
                "after_sensitive": {
                    "condition": []
                }
            }
        },
        {
            "address": "google_compute_instance_iam_member.foo1",
            "mode": "managed",
            "type": "google_compute_instance_iam_member",
            "name": "foo1",
            "provider_name": "registry.terraform.io/hashicorp/google",
            "change": {
                "actions": [
                    "create"
                ],
                "before": null,
                "after": {
                    "condition": [],
                    "member": "user:jane1@example.com",
                    "project": "terraform-dev-zhenhuali",
                    "role": "roles/compute.osLogin",
                    "zone": "us-central1-a"
                },
                "after_unknown": {
                    "condition": [],
                    "etag": true,
                    "id": true,
                    "instance_name": true
                },
                "before_sensitive": false,
                "after_sensitive": {
                    "condition": []
                }
            }
        }
    ],
    "prior_state": {
        "format_version": "1.0",
        "terraform_version": "1.9.4",
        "values": {
            "root_module": {
                "resources": [
                ]
            }
        }
    },
    "configuration": {
        "provider_config": {
            "google": {
                "name": "google",
                "full_name": "registry.terraform.io/hashicorp/google"
            },
            "google-beta": {
                "name": "google-beta",
                "full_name": "registry.terraform.io/hashicorp/google-beta"
            },
            "random": {
                "name": "random",
                "full_name": "registry.terraform.io/hashicorp/random"
            }
        },
        "root_module": {
            "resources": [
                {
                    "address": "google_compute_instance.tgc-iam",
                    "mode": "managed",
                    "type": "google_compute_instance",
                    "name": "tgc-iam",
                    "provider_config_key": "google",
                    "expressions": {
                        "boot_disk": [
                            {
                                "initialize_params": [
                                    {
                                        "image": {
                                            "constant_value": "debian-cloud/debian-11"
                                        }
                                    }
                                ]
                            }
                        ],
                        "machine_type": {
                            "constant_value": "e2-medium"
                        },
                        "name": {
                            "references": [
                                "random_string.suffix.result",
                                "random_string.suffix"
                            ]
                        },
                        "network_interface": [
                            {
                                "network": {
                                    "constant_value": "default"
                                }
                            }
                        ],
                        "zone": {
                            "constant_value": "us-central1-a"
                        }
                    },
                    "schema_version": 6
                },
                {
                    "address": "google_compute_instance_iam_member.foo",
                    "mode": "managed",
                    "type": "google_compute_instance_iam_member",
                    "name": "foo",
                    "provider_config_key": "google",
                    "expressions": {
                        "instance_name": {
                            "references": [
                                "google_compute_instance.tgc-iam.name",
                                "google_compute_instance.tgc-iam"
                            ]
                        },
                        "member": {
                            "constant_value": "user:admin@hashicorptest.com"
                        },
                        "project": {
                            "references": [
                                "google_compute_instance.tgc-iam.project",
                                "google_compute_instance.tgc-iam"
                            ]
                        },
                        "role": {
                            "constant_value": "roles/compute.osLogin"
                        },
                        "zone": {
                            "references": [
                                "google_compute_instance.tgc-iam.zone",
                                "google_compute_instance.tgc-iam"
                            ]
                        }
                    },
                    "schema_version": 0
                },
                {
                    "address": "google_compute_instance_iam_member.foo1",
                    "mode": "managed",
                    "type": "google_compute_instance_iam_member",
                    "name": "foo1",
                    "provider_config_key": "google",
                    "expressions": {
                        "instance_name": {
                            "references": [
                                "google_compute_instance.tgc-iam.name",
                                "google_compute_instance.tgc-iam"
                            ]
                        },
                        "member": {
                            "constant_value": "user:jane1@example.com"
                        },
                        "project": {
                            "references": [
                                "google_compute_instance.tgc-iam.project",
                                "google_compute_instance.tgc-iam"
                            ]
                        },
                        "role": {
                            "constant_value": "roles/compute.osLogin"
                        },
                        "zone": {
                            "references": [
                                "google_compute_instance.tgc-iam.zone",
                                "google_compute_instance.tgc-iam"
                            ]
                        }
                    },
                    "schema_version": 0
                }
            ]
        }
    },
    "relevant_attributes": [
        {
            "resource": "random_string.suffix",
            "attribute": [
                "result"
            ]
        },
        {
            "resource": "google_compute_instance.tgc-iam",
            "attribute": [
                "name"
            ]
        },
        {
            "resource": "google_compute_instance.tgc-iam",
            "attribute": [
                "project"
            ]
        },
        {
            "resource": "google_compute_instance.tgc-iam",
            "attribute": [
                "zone"
            ]
        }
    ],
    "timestamp": "2025-06-24T18:53:44Z",
    "applyable": true,
    "complete": true,
    "errored": false
}