{
  "format_version": "0.1",
  "terraform_version": "0.13.5",
  "planned_values": {
    "root_module": {
      "resources": [
        {
          "address": "google_pubsub_subscription.test-pull",
          "mode": "managed",
          "type": "google_pubsub_subscription",
          "name": "test-pull",
          "provider_name": "registry.terraform.io/hashicorp/google",
          "schema_version": 0,
          "values": {
            "ack_deadline_seconds": 20,
            "dead_letter_policy": [],
            "effective_labels": {
              "test-label2": "test-value2"
            },
            "enable_message_ordering": false,
            "expiration_policy": [
              {
                "ttl": "300000.5s"
              }
            ],
            "filter": null,
            "labels": {
              "test-label2": "test-value2"
            },
            "message_retention_duration": "1200s",
            "name": "example-subscription-pull",
            "push_config": [],
            "retain_acked_messages": true,
            "retry_policy": [
              {
                "minimum_backoff": "10s"
              }
            ],
            "terraform_labels": {
              "test-label2": "test-value2"
            },
            "timeouts": null,
            "topic": "example-pubsub-topic"
          }
        },
        {
          "address": "google_pubsub_subscription.test-push",
          "mode": "managed",
          "type": "google_pubsub_subscription",
          "name": "test-push",
          "provider_name": "registry.terraform.io/hashicorp/google",
          "schema_version": 0,
          "values": {
            "ack_deadline_seconds": 20,
            "dead_letter_policy": [],
            "effective_labels": {
              "test-label1": "test-value1"
            },
            "enable_message_ordering": null,
            "filter": null,
            "labels": {
              "test-label1": "test-value1"
            },
            "message_retention_duration": "604800s",
            "name": "example-subscription-push-test",
            "push_config": [
              {
                "attributes": null,
                "oidc_token": [],
                "push_endpoint": "https://example.com/push"
              }
            ],
            "retain_acked_messages": null,
            "retry_policy": [],
            "terraform_labels": {
              "test-label1": "test-value1"
            },
            "timeouts": null,
            "topic": "example-pubsub-topic"
          }
        }
      ]
    }
  },
  "resource_changes": [
    {
      "address": "google_pubsub_subscription.test-pull",
      "mode": "managed",
      "type": "google_pubsub_subscription",
      "name": "test-pull",
      "provider_name": "registry.terraform.io/hashicorp/google",
      "change": {
        "actions": [
          "create"
        ],
        "before": null,
        "after": {
          "ack_deadline_seconds": 20,
          "dead_letter_policy": [],
          "effective_labels": {
            "test-label2": "test-value2"
          },
          "enable_message_ordering": false,
          "expiration_policy": [
            {
              "ttl": "300000.5s"
            }
          ],
          "filter": null,
          "labels": {
            "test-label2": "test-value2"
          },
          "message_retention_duration": "1200s",
          "name": "example-subscription-pull",
          "push_config": [],
          "retain_acked_messages": true,
          "retry_policy": [
            {
              "minimum_backoff": "10s"
            }
          ],
          "terraform_labels": {
            "test-label2": "test-value2"
          },
          "timeouts": null,
          "topic": "example-pubsub-topic"
        },
        "after_unknown": {
          "dead_letter_policy": [],
          "effective_labels": {},
          "expiration_policy": [
            {}
          ],
          "id": true,
          "labels": {},
          "path": true,
          "project": true,
          "push_config": [],
          "retry_policy": [
            {
              "maximum_backoff": true
            }
          ],
          "terraform_labels": {}
        }
      }
    },
    {
      "address": "google_pubsub_subscription.test-push",
      "mode": "managed",
      "type": "google_pubsub_subscription",
      "name": "test-push",
      "provider_name": "registry.terraform.io/hashicorp/google",
      "change": {
        "actions": [
          "create"
        ],
        "before": null,
        "after": {
          "ack_deadline_seconds": 20,
          "dead_letter_policy": [],
          "effective_labels": {
            "test-label1": "test-value1"
          },
          "enable_message_ordering": null,
          "filter": null,
          "labels": {
            "test-label1": "test-value1"
          },
          "message_retention_duration": "604800s",
          "name": "example-subscription-push-test",
          "push_config": [
            {
              "attributes": null,
              "oidc_token": [],
              "push_endpoint": "https://example.com/push"
            }
          ],
          "retain_acked_messages": null,
          "retry_policy": [],
          "terraform_labels": {
            "test-label2": "test-value2"
          },
          "timeouts": null,
          "topic": "example-pubsub-topic"
        },
        "after_unknown": {
          "dead_letter_policy": [],
          "effective_labels": {},
          "expiration_policy": true,
          "id": true,
          "labels": {},
          "path": true,
          "project": true,
          "push_config": [
            {
              "oidc_token": []
            }
          ],
          "retry_policy": [],
          "terraform_labels": {}
        }
      }
    }
  ],
  "configuration": {
    "provider_config": {
      "google": {
        "name": "google",
        "expressions": {
          "project": {
            "constant_value": "{{.Provider.project}}"
          }
        }
      }
    },
    "root_module": {
      "resources": [
        {
          "address": "google_pubsub_subscription.test-pull",
          "mode": "managed",
          "type": "google_pubsub_subscription",
          "name": "test-pull",
          "provider_config_key": "google",
          "expressions": {
            "ack_deadline_seconds": {
              "constant_value": 20
            },
            "enable_message_ordering": {
              "constant_value": false
            },
            "expiration_policy": [
              {
                "ttl": {
                  "constant_value": "300000.5s"
                }
              }
            ],
            "labels": {
              "constant_value": {
                "test-label2": "test-value2"
              }
            },
            "message_retention_duration": {
              "constant_value": "1200s"
            },
            "name": {
              "constant_value": "example-subscription-pull"
            },
            "retain_acked_messages": {
              "constant_value": true
            },
            "retry_policy": [
              {
                "minimum_backoff": {
                  "constant_value": "10s"
                }
              }
            ],
            "topic": {
              "constant_value": "example-pubsub-topic"
            }
          },
          "schema_version": 0
        },
        {
          "address": "google_pubsub_subscription.test-push",
          "mode": "managed",
          "type": "google_pubsub_subscription",
          "name": "test-push",
          "provider_config_key": "google",
          "expressions": {
            "ack_deadline_seconds": {
              "constant_value": 20
            },
            "labels": {
              "constant_value": {
                "test-label1": "test-value1"
              }
            },
            "name": {
              "constant_value": "example-subscription-push-test"
            },
            "push_config": [
              {
                "attributes": {
                  "constant_value": {
                    "x-goog-version": "v1"
                  }
                },
                "push_endpoint": {
                  "constant_value": "https://example.com/push"
                }
              }
            ],
            "topic": {
              "constant_value": "example-pubsub-topic"
            }
          },
          "schema_version": 0
        }
      ]
    }
  }
}