{
  "format_version": "0.1",
  "terraform_version": "0.13.5",
  "planned_values": {
    "root_module": {
      "resources": [
        {
          "address": "google_monitoring_alert_policy.alert_policy",
          "mode": "managed",
          "type": "google_monitoring_alert_policy",
          "name": "alert_policy",
          "provider_name": "registry.terraform.io/hashicorp/google",
          "schema_version": 0,
          "values": {
            "combiner": "OR",
            "conditions": [
              {
                "condition_absent": [],
                "condition_monitoring_query_language": [],
                "condition_threshold": [
                  {
                    "aggregations": [
                      {
                        "alignment_period": "60s",
                        "cross_series_reducer": null,
                        "group_by_fields": null,
                        "per_series_aligner": "ALIGN_RATE"
                      }
                    ],
                    "comparison": "COMPARISON_GT",
                    "denominator_aggregations": [],
                    "denominator_filter": null,
                    "duration": "60s",
                    "filter": "metric.type=\"compute.googleapis.com/instance/disk/write_bytes_count\" AND resource.type=\"gce_instance\"",
                    "threshold_value": null,
                    "trigger": []
                  }
                ],
                "display_name": "test condition"
              }
            ],
            "display_name": "My Alert Policy",
            "documentation": [],
            "enabled": true,
            "notification_channels": [
              "projects/{{.Provider.project}}/notificationChannels/channel-1",
              "projects/{{.Provider.project}}/notificationChannels/channel-2",
              "projects/{{.Provider.project}}/notificationChannels/channel-3"
            ],
            "project": "{{.Provider.project}}",
            "timeouts": null,
            "user_labels": null
          }
        }
      ]
    }
  },
  "resource_changes": [
    {
      "address": "google_monitoring_alert_policy.alert_policy",
      "mode": "managed",
      "type": "google_monitoring_alert_policy",
      "name": "alert_policy",
      "provider_name": "registry.terraform.io/hashicorp/google",
      "change": {
        "actions": [
          "create"
        ],
        "before": null,
        "after": {
          "combiner": "OR",
          "conditions": [
            {
              "condition_absent": [],
              "condition_monitoring_query_language": [],
              "condition_threshold": [
                {
                  "aggregations": [
                    {
                      "alignment_period": "60s",
                      "cross_series_reducer": null,
                      "group_by_fields": null,
                      "per_series_aligner": "ALIGN_RATE"
                    }
                  ],
                  "comparison": "COMPARISON_GT",
                  "denominator_aggregations": [],
                  "denominator_filter": null,
                  "duration": "60s",
                  "filter": "metric.type=\"compute.googleapis.com/instance/disk/write_bytes_count\" AND resource.type=\"gce_instance\"",
                  "threshold_value": null,
                  "trigger": []
                }
              ],
              "display_name": "test condition"
            }
          ],
          "display_name": "My Alert Policy",
          "documentation": [],
          "enabled": true,
          "notification_channels": [
            "projects/{{.Provider.project}}/notificationChannels/channel-1",
            "projects/{{.Provider.project}}/notificationChannels/channel-2",
            "projects/{{.Provider.project}}/notificationChannels/channel-3"
          ],
          "project": "{{.Provider.project}}",
          "timeouts": null,
          "user_labels": null
        },
        "after_unknown": {
          "conditions": [
            {
              "condition_absent": [],
              "condition_monitoring_query_language": [],
              "condition_threshold": [
                {
                  "aggregations": [
                    {}
                  ],
                  "denominator_aggregations": [],
                  "trigger": []
                }
              ],
              "name": true
            }
          ],
          "creation_record": true,
          "documentation": [],
          "id": true,
          "name": true,
          "notification_channels": [
            false,
            false,
            false
          ]
        }
      }
    }
  ],
  "configuration": {
    "root_module": {
      "resources": [
        {
          "address": "google_monitoring_alert_policy.alert_policy",
          "mode": "managed",
          "type": "google_monitoring_alert_policy",
          "name": "alert_policy",
          "provider_config_key": "google",
          "expressions": {
            "combiner": {
              "constant_value": "OR"
            },
            "conditions": [
              {
                "condition_threshold": [
                  {
                    "aggregations": [
                      {
                        "alignment_period": {
                          "constant_value": "60s"
                        },
                        "per_series_aligner": {
                          "constant_value": "ALIGN_RATE"
                        }
                      }
                    ],
                    "comparison": {
                      "constant_value": "COMPARISON_GT"
                    },
                    "duration": {
                      "constant_value": "60s"
                    },
                    "filter": {
                      "constant_value": "metric.type=\"compute.googleapis.com/instance/disk/write_bytes_count\" AND resource.type=\"gce_instance\""
                    }
                  }
                ],
                "display_name": {
                  "constant_value": "test condition"
                }
              }
            ],
            "display_name": {
              "constant_value": "My Alert Policy"
            },
            "notification_channels": {
              "constant_value": [
                "projects/{{.Provider.project}}/notificationChannels/channel-1",
                "projects/{{.Provider.project}}/notificationChannels/channel-2",
                "projects/{{.Provider.project}}/notificationChannels/channel-3"
              ]
            },
            "project": {
              "constant_value": "{{.Provider.project}}"
            }
          },
          "schema_version": 0
        }
      ]
    }
  }
}