{
  "format_version": "0.2",
  "terraform_version": "1.0.10",
  "planned_values": {
    "root_module": {
      "resources": [
        {
          "address": "google_compute_security_policy.policy",
          "mode": "managed",
          "type": "google_compute_security_policy",
          "name": "policy",
          "provider_name": "registry.terraform.io/hashicorp/google",
          "schema_version": 0,
          "values": {
            "description": null,
            "name": "my-policy",
            "rule": [
              {
                "action": "allow",
                "description": "default rule",
                "match": [
                  {
                    "config": [
                      {
                        "src_ip_ranges": [
                          "*"
                        ]
                      }
                    ],
                    "expr": [],
                    "versioned_expr": "SRC_IPS_V1"
                  }
                ],
                "priority": 2147483647
              },
              {
                "action": "deny(403)",
                "description": "Deny access to IPs in 9.9.9.0/24",
                "match": [
                  {
                    "config": [
                      {
                        "src_ip_ranges": [
                          "9.9.9.0/24"
                        ]
                      }
                    ],
                    "expr": [],
                    "versioned_expr": "SRC_IPS_V1"
                  }
                ],
                "priority": 1000
              }
            ],
            "timeouts": null
          },
          "sensitive_values": {
            "rule": [
              {
                "match": [
                  {
                    "config": [
                      {
                        "src_ip_ranges": [
                          false
                        ]
                      }
                    ],
                    "expr": []
                  }
                ]
              },
              {
                "match": [
                  {
                    "config": [
                      {
                        "src_ip_ranges": [
                          false
                        ]
                      }
                    ],
                    "expr": []
                  }
                ]
              }
            ]
          }
        }
      ]
    }
  },
  "resource_changes": [
    {
      "address": "google_compute_security_policy.policy",
      "mode": "managed",
      "type": "google_compute_security_policy",
      "name": "policy",
      "provider_name": "registry.terraform.io/hashicorp/google",
      "change": {
        "actions": [
          "create"
        ],
        "before": null,
        "after": {
          "description": null,
          "name": "my-policy",
          "rule": [
            {
              "action": "allow",
              "description": "default rule",
              "match": [
                {
                  "config": [
                    {
                      "src_ip_ranges": [
                        "*"
                      ]
                    }
                  ],
                  "expr": [],
                  "versioned_expr": "SRC_IPS_V1"
                }
              ],
              "priority": 2147483647
            },
            {
              "action": "deny(403)",
              "description": "Deny access to IPs in 9.9.9.0/24",
              "match": [
                {
                  "config": [
                    {
                      "src_ip_ranges": [
                        "9.9.9.0/24"
                      ]
                    }
                  ],
                  "expr": [],
                  "versioned_expr": "SRC_IPS_V1"
                }
              ],
              "priority": 1000
            }
          ],
          "timeouts": null
        },
        "after_unknown": {
          "fingerprint": true,
          "id": true,
          "project": true,
          "rule": [
            {
              "match": [
                {
                  "config": [
                    {
                      "src_ip_ranges": [
                        false
                      ]
                    }
                  ],
                  "expr": []
                }
              ],
              "preview": true
            },
            {
              "match": [
                {
                  "config": [
                    {
                      "src_ip_ranges": [
                        false
                      ]
                    }
                  ],
                  "expr": []
                }
              ],
              "preview": true
            }
          ],
          "self_link": true
        },
        "before_sensitive": false,
        "after_sensitive": {
          "rule": [
            {
              "match": [
                {
                  "config": [
                    {
                      "src_ip_ranges": [
                        false
                      ]
                    }
                  ],
                  "expr": []
                }
              ]
            },
            {
              "match": [
                {
                  "config": [
                    {
                      "src_ip_ranges": [
                        false
                      ]
                    }
                  ],
                  "expr": []
                }
              ]
            }
          ]
        }
      }
    }
  ],
  "configuration": {
    "root_module": {
      "resources": [
        {
          "address": "google_compute_security_policy.policy",
          "mode": "managed",
          "type": "google_compute_security_policy",
          "name": "policy",
          "provider_config_key": "google",
          "expressions": {
            "name": {
              "constant_value": "my-policy"
            },
            "rule": [
              {
                "action": {
                  "constant_value": "deny(403)"
                },
                "description": {
                  "constant_value": "Deny access to IPs in 9.9.9.0/24"
                },
                "match": [
                  {
                    "config": [
                      {
                        "src_ip_ranges": {
                          "constant_value": [
                            "9.9.9.0/24"
                          ]
                        }
                      }
                    ],
                    "versioned_expr": {
                      "constant_value": "SRC_IPS_V1"
                    }
                  }
                ],
                "priority": {
                  "constant_value": "1000"
                }
              },
              {
                "action": {
                  "constant_value": "allow"
                },
                "description": {
                  "constant_value": "default rule"
                },
                "match": [
                  {
                    "config": [
                      {
                        "src_ip_ranges": {
                          "constant_value": [
                            "*"
                          ]
                        }
                      }
                    ],
                    "versioned_expr": {
                      "constant_value": "SRC_IPS_V1"
                    }
                  }
                ],
                "priority": {
                  "constant_value": "2147483647"
                }
              }
            ]
          },
          "schema_version": 0
        }
      ]
    }
  }
}
