{
  "format_version": "0.1",
  "terraform_version": "0.13.6",
  "planned_values": {
    "root_module": {
      "resources": [
        {
          "address": "google_spanner_instance.spanner-instance",
          "mode": "managed",
          "type": "google_spanner_instance",
          "name": "spanner-instance",
          "provider_name": "registry.terraform.io/hashicorp/google",
          "schema_version": 0,
          "values": {
            "config": "regional-us-central1",
            "display_name": "spanner-instance",
            "effective_labels": {
              "label1": "value1",
              "label2": "value2",
              "label3": "value3"
            },
            "force_destroy": false,
            "labels": {
              "label1": "value1",
              "label2": "value2",
              "label3": "value3"
            },
            "name": "spanner-instance",
            "num_nodes": 1,
            "terraform_labels": {
              "label1": "value1",
              "label2": "value2",
              "label3": "value3"
            },
            "timeouts": null
          }
        }
      ]
    }
  },
  "resource_changes": [
    {
      "address": "google_spanner_instance.spanner-instance",
      "mode": "managed",
      "type": "google_spanner_instance",
      "name": "spanner-instance",
      "provider_name": "registry.terraform.io/hashicorp/google",
      "change": {
        "actions": [
          "create"
        ],
        "before": null,
        "after": {
          "config": "regional-us-central1",
          "display_name": "spanner-instance",
          "effective_labels": {
            "label1": "value1",
            "label2": "value2",
            "label3": "value3"
          },
          "force_destroy": false,
          "labels": {
            "label1": "value1",
            "label2": "value2",
            "label3": "value3"
          },
          "name": "spanner-instance",
          "num_nodes": 1,
          "terraform_labels": {
            "label1": "value1",
            "label2": "value2",
            "label3": "value3"
          },
          "timeouts": null
        },
        "after_unknown": {
          "effective_labels": {},
          "id": true,
          "labels": {},
          "project": true,
          "state": true,
          "terraform_labels": {}
        }
      }
    }
  ],
  "configuration": {
    "root_module": {
      "resources": [
        {
          "address": "google_spanner_instance.spanner-instance",
          "mode": "managed",
          "type": "google_spanner_instance",
          "name": "spanner-instance",
          "provider_config_key": "google",
          "expressions": {
            "config": {
              "constant_value": "regional-us-central1"
            },
            "display_name": {
              "constant_value": "spanner-instance"
            },
            "labels": {
              "constant_value": {
                "label1": "value1",
                "label2": "value2",
                "label3": "value3"
              }
            },
            "name": {
              "constant_value": "spanner-instance"
            },
            "num_nodes": {
              "constant_value": 1
            }
          },
          "schema_version": 0
        }
      ]
    }
  }
}
